// !$*UTF8*$!
{
	archiveVersion = 1;
	classes = {
	};
	objectVersion = 46;
	objects = {

/* Begin PBXAggregateTarget section */
		1717815D6FBB4CF39CA304DA /* ZERO_CHECK */ = {
			isa = PBXAggregateTarget;
			buildConfigurationList = DA4D81052BEC4641A36FD8DE /* Build configuration list for PBXAggregateTarget "ZERO_CHECK" */;
			buildPhases = (
				2A581C23F61F43C8A7E70BC4 /* CMake Rules */,
			);
			dependencies = (
			);
			name = ZERO_CHECK;
			productName = ZERO_CHECK;
		};
		5B272F6DAC784339BC9AA11C /* ALL_BUILD */ = {
			isa = PBXAggregateTarget;
			buildConfigurationList = E125BDC107714C4B9D44C2A4 /* Build configuration list for PBXAggregateTarget "ALL_BUILD" */;
			buildPhases = (
				1AEE9C4BA03B4C569AD70F26 /* CMake Rules */,
			);
			dependencies = (
				C3D809E5A73C4602B28E1EFB /* PBXTargetDependency */,
				F84CE91F15634DB0AFA68686 /* PBXTargetDependency */,
				9A83685687A743F887BCC6A3 /* PBXTargetDependency */,
				15617D60C9FD4CCCA6D4F81B /* PBXTargetDependency */,
				1D960EA89BB346C3BF48F473 /* PBXTargetDependency */,
				0E73C1245052493A8C63F919 /* PBXTargetDependency */,
				A9750D24A9094043BD8ADEF1 /* PBXTargetDependency */,
				11A520E05ABC42A4B88DAA63 /* PBXTargetDependency */,
			);
			name = ALL_BUILD;
			productName = ALL_BUILD;
		};
/* End PBXAggregateTarget section */

/* Begin PBXBuildFile section */
		3B73D758049F45F599A77E3B /* /Users/Rozen_mac/code/opencv/project/cmake_test/CMakeLists.txt */ = {isa = PBXBuildFile; fileRef = 2F54487B36AC4144ADE622C4 /* /Users/Rozen_mac/code/opencv/project/cmake_test/CMakeLists.txt */; };
		4542F4B42AAB49BF831ADCC2 /* /Users/Rozen_mac/code/opencv/project/cmake_test/image_track.cpp */ = {isa = PBXBuildFile; fileRef = 86957658905145C3B0D0AA28 /* /Users/Rozen_mac/code/opencv/project/cmake_test/image_track.cpp */; };
		5A57F3F877C14B35AAC2CE57 /* /Users/Rozen_mac/code/opencv/project/cmake_test/CMakeLists.txt */ = {isa = PBXBuildFile; fileRef = 7D22A84DB8474D71AA290602 /* /Users/Rozen_mac/code/opencv/project/cmake_test/CMakeLists.txt */; };
		6712264874154FCD8CA3CBD6 /* /Users/Rozen_mac/code/opencv/project/cmake_test/Control.cpp */ = {isa = PBXBuildFile; fileRef = 65AC42D458AE4BC2AF0002C7 /* /Users/Rozen_mac/code/opencv/project/cmake_test/Control.cpp */; };
		823040F343D7445E859CC389 /* /Users/Rozen_mac/code/opencv/project/cmake_test/trackFilteredObject.cpp */ = {isa = PBXBuildFile; fileRef = ED554E9B4E08499EB977B2F4 /* /Users/Rozen_mac/code/opencv/project/cmake_test/trackFilteredObject.cpp */; };
		86C92A1AE79B44F4ACCF2763 /* /Users/Rozen_mac/code/opencv/project/cmake_test/CMakeLists.txt */ = {isa = PBXBuildFile; fileRef = 82459FCA69A84731BA8AD3BE /* /Users/Rozen_mac/code/opencv/project/cmake_test/CMakeLists.txt */; };
		94C4378A2F3845EBA5C5D60D /* /Users/Rozen_mac/code/opencv/project/cmake_test/image_add.cpp */ = {isa = PBXBuildFile; fileRef = BC71EC8A0FE243B0A1A8A40E /* /Users/Rozen_mac/code/opencv/project/cmake_test/image_add.cpp */; };
		A886B5EFD54F4858BF291760 /* /Users/Rozen_mac/code/opencv/project/cmake_test/Process.cpp */ = {isa = PBXBuildFile; fileRef = F72080C3D7EB4E2CB65D49DA /* /Users/Rozen_mac/code/opencv/project/cmake_test/Process.cpp */; };
		AEEC712ACD494C91B063D3D0 /* /Users/Rozen_mac/code/opencv/project/cmake_test/Serial.cpp */ = {isa = PBXBuildFile; fileRef = 4B9C91BC02484F8C944C2DE0 /* /Users/Rozen_mac/code/opencv/project/cmake_test/Serial.cpp */; };
		D24A72262B4647E397FB52F3 /* /Users/Rozen_mac/code/opencv/project/cmake_test/CMakeLists.txt */ = {isa = PBXBuildFile; fileRef = 2B55487362454FF4A519AB73 /* /Users/Rozen_mac/code/opencv/project/cmake_test/CMakeLists.txt */; };
		DA45C6AE3E934C268B61CF67 /* /Users/Rozen_mac/code/opencv/project/cmake_test/main.cpp */ = {isa = PBXBuildFile; fileRef = 6F71C1EBB6814C91897F45E9 /* /Users/Rozen_mac/code/opencv/project/cmake_test/main.cpp */; };
		E6DED9253A8D441AAD233C0F /* /Users/Rozen_mac/code/opencv/project/cmake_test/CMakeLists.txt */ = {isa = PBXBuildFile; fileRef = 6BF837A5B55E41589734BDF3 /* /Users/Rozen_mac/code/opencv/project/cmake_test/CMakeLists.txt */; };
		E8B1C17C09A74E84B63CAB1F /* /Users/Rozen_mac/code/opencv/project/cmake_test/CMakeLists.txt */ = {isa = PBXBuildFile; fileRef = 6CD57A3DD03C42BDB941C883 /* /Users/Rozen_mac/code/opencv/project/cmake_test/CMakeLists.txt */; };
		EDE388ABA6CA4E85AEF331BD /* /Users/Rozen_mac/code/opencv/project/cmake_test/CMakeLists.txt */ = {isa = PBXBuildFile; fileRef = 28268EA6F2DF4448915EE6F7 /* /Users/Rozen_mac/code/opencv/project/cmake_test/CMakeLists.txt */; };
/* End PBXBuildFile section */

/* Begin PBXBuildStyle section */
		14B1D84C54D3451C848202FE /* RelWithDebInfo */ = {
			isa = PBXBuildStyle;
			buildSettings = {
				COPY_PHASE_STRIP = NO;
			};
			name = RelWithDebInfo;
		};
		5E02DE3EB9334DE8828DA5DE /* MinSizeRel */ = {
			isa = PBXBuildStyle;
			buildSettings = {
				COPY_PHASE_STRIP = NO;
			};
			name = MinSizeRel;
		};
		C48BE653D90C4972802F6B96 /* Debug */ = {
			isa = PBXBuildStyle;
			buildSettings = {
				COPY_PHASE_STRIP = NO;
			};
			name = Debug;
		};
		D84382D496F74DCCA1CE67C2 /* Release */ = {
			isa = PBXBuildStyle;
			buildSettings = {
				COPY_PHASE_STRIP = NO;
			};
			name = Release;
		};
/* End PBXBuildStyle section */

/* Begin PBXContainerItemProxy section */
		03037E6CD3DB4266B57272DF /* PBXContainerItemProxy */ = {
			isa = PBXContainerItemProxy;
			containerPortal = 49079A34F54D4D47B188BE47 /* Project object */;
			proxyType = 1;
			remoteGlobalIDString = 1717815D6FBB4CF39CA304DA;
			remoteInfo = ZERO_CHECK;
		};
		0AA67790B18B415EB6DF6846 /* PBXContainerItemProxy */ = {
			isa = PBXContainerItemProxy;
			containerPortal = 49079A34F54D4D47B188BE47 /* Project object */;
			proxyType = 1;
			remoteGlobalIDString = E12490C945BB4A14965677A5;
			remoteInfo = image_track;
		};
		2279E1C8F0BD4AB7A58EB503 /* PBXContainerItemProxy */ = {
			isa = PBXContainerItemProxy;
			containerPortal = 49079A34F54D4D47B188BE47 /* Project object */;
			proxyType = 1;
			remoteGlobalIDString = 1717815D6FBB4CF39CA304DA;
			remoteInfo = ZERO_CHECK;
		};
		41D07BE99D1A4EA19DA3C934 /* PBXContainerItemProxy */ = {
			isa = PBXContainerItemProxy;
			containerPortal = 49079A34F54D4D47B188BE47 /* Project object */;
			proxyType = 1;
			remoteGlobalIDString = 5F1EB75C6F134D3D825DB90A;
			remoteInfo = image_add;
		};
		45E4723D012947FE854443CC /* PBXContainerItemProxy */ = {
			isa = PBXContainerItemProxy;
			containerPortal = 49079A34F54D4D47B188BE47 /* Project object */;
			proxyType = 1;
			remoteGlobalIDString = D6F99FCE77514B39961C32F2;
			remoteInfo = Control;
		};
		55B47EF383D7443A9BC23751 /* PBXContainerItemProxy */ = {
			isa = PBXContainerItemProxy;
			containerPortal = 49079A34F54D4D47B188BE47 /* Project object */;
			proxyType = 1;
			remoteGlobalIDString = F22E60D171E2453783BFA1E3;
			remoteInfo = trackFilteredObject;
		};
		73AA5B1BCD4648829212C939 /* PBXContainerItemProxy */ = {
			isa = PBXContainerItemProxy;
			containerPortal = 49079A34F54D4D47B188BE47 /* Project object */;
			proxyType = 1;
			remoteGlobalIDString = 1717815D6FBB4CF39CA304DA;
			remoteInfo = ZERO_CHECK;
		};
		76FDABD993834F3B87E45F36 /* PBXContainerItemProxy */ = {
			isa = PBXContainerItemProxy;
			containerPortal = 49079A34F54D4D47B188BE47 /* Project object */;
			proxyType = 1;
			remoteGlobalIDString = 6C9F65B8FE5B439D8F96BFEB;
			remoteInfo = Serial;
		};
		7E5F9BD5167844C0800E499F /* PBXContainerItemProxy */ = {
			isa = PBXContainerItemProxy;
			containerPortal = 49079A34F54D4D47B188BE47 /* Project object */;
			proxyType = 1;
			remoteGlobalIDString = 1717815D6FBB4CF39CA304DA;
			remoteInfo = ZERO_CHECK;
		};
		8529708FD1344127B2BD0D35 /* PBXContainerItemProxy */ = {
			isa = PBXContainerItemProxy;
			containerPortal = 49079A34F54D4D47B188BE47 /* Project object */;
			proxyType = 1;
			remoteGlobalIDString = E12490C945BB4A14965677A5;
			remoteInfo = image_track;
		};
		89B0091A39C94C12BD36A692 /* PBXContainerItemProxy */ = {
			isa = PBXContainerItemProxy;
			containerPortal = 49079A34F54D4D47B188BE47 /* Project object */;
			proxyType = 1;
			remoteGlobalIDString = 49DBA76A54914B0BA75257EA;
			remoteInfo = Process;
		};
		8DA096D979D0460D95865E87 /* PBXContainerItemProxy */ = {
			isa = PBXContainerItemProxy;
			containerPortal = 49079A34F54D4D47B188BE47 /* Project object */;
			proxyType = 1;
			remoteGlobalIDString = 1717815D6FBB4CF39CA304DA;
			remoteInfo = ZERO_CHECK;
		};
		9153FDC140D6471C93C79F2D /* PBXContainerItemProxy */ = {
			isa = PBXContainerItemProxy;
			containerPortal = 49079A34F54D4D47B188BE47 /* Project object */;
			proxyType = 1;
			remoteGlobalIDString = 1717815D6FBB4CF39CA304DA;
			remoteInfo = ZERO_CHECK;
		};
		93CB241346DB45AD8639B780 /* PBXContainerItemProxy */ = {
			isa = PBXContainerItemProxy;
			containerPortal = 49079A34F54D4D47B188BE47 /* Project object */;
			proxyType = 1;
			remoteGlobalIDString = 49DBA76A54914B0BA75257EA;
			remoteInfo = Process;
		};
		9CD551D0F7A4454BBA9B4E6A /* PBXContainerItemProxy */ = {
			isa = PBXContainerItemProxy;
			containerPortal = 49079A34F54D4D47B188BE47 /* Project object */;
			proxyType = 1;
			remoteGlobalIDString = D6F99FCE77514B39961C32F2;
			remoteInfo = Control;
		};
		9DA7E3A4B47741BCA556E263 /* PBXContainerItemProxy */ = {
			isa = PBXContainerItemProxy;
			containerPortal = 49079A34F54D4D47B188BE47 /* Project object */;
			proxyType = 1;
			remoteGlobalIDString = 1717815D6FBB4CF39CA304DA;
			remoteInfo = ZERO_CHECK;
		};
		B681EBB5C53543EAAE67D61A /* PBXContainerItemProxy */ = {
			isa = PBXContainerItemProxy;
			containerPortal = 49079A34F54D4D47B188BE47 /* Project object */;
			proxyType = 1;
			remoteGlobalIDString = F22E60D171E2453783BFA1E3;
			remoteInfo = trackFilteredObject;
		};
		BE54997468CE46DB890DB860 /* PBXContainerItemProxy */ = {
			isa = PBXContainerItemProxy;
			containerPortal = 49079A34F54D4D47B188BE47 /* Project object */;
			proxyType = 1;
			remoteGlobalIDString = 8E842086F4624E328016AA24;
			remoteInfo = main;
		};
		BF13D10A678C4B329F3C1428 /* PBXContainerItemProxy */ = {
			isa = PBXContainerItemProxy;
			containerPortal = 49079A34F54D4D47B188BE47 /* Project object */;
			proxyType = 1;
			remoteGlobalIDString = 5F1EB75C6F134D3D825DB90A;
			remoteInfo = image_add;
		};
		CDB182CD2E50432081D97EE7 /* PBXContainerItemProxy */ = {
			isa = PBXContainerItemProxy;
			containerPortal = 49079A34F54D4D47B188BE47 /* Project object */;
			proxyType = 1;
			remoteGlobalIDString = 6C9F65B8FE5B439D8F96BFEB;
			remoteInfo = Serial;
		};
		E02178402A214DECB5B4A1F7 /* PBXContainerItemProxy */ = {
			isa = PBXContainerItemProxy;
			containerPortal = 49079A34F54D4D47B188BE47 /* Project object */;
			proxyType = 1;
			remoteGlobalIDString = 1717815D6FBB4CF39CA304DA;
			remoteInfo = ZERO_CHECK;
		};
/* End PBXContainerItemProxy section */

/* Begin PBXFileReference section */
		2611FB65C0984158A2BA9AF0 /* /Users/Rozen_mac/code/opencv/project/cmake_test/CMakeLists.txt */ = {isa = PBXFileReference; explicitFileType = sourcecode.text; fileEncoding = 4; name = CMakeLists.txt; path = CMakeLists.txt; sourceTree = SOURCE_ROOT; };
		28268EA6F2DF4448915EE6F7 /* /Users/Rozen_mac/code/opencv/project/cmake_test/CMakeLists.txt */ = {isa = PBXFileReference; explicitFileType = sourcecode.text; fileEncoding = 4; name = CMakeLists.txt; path = CMakeLists.txt; sourceTree = SOURCE_ROOT; };
		2B55487362454FF4A519AB73 /* /Users/Rozen_mac/code/opencv/project/cmake_test/CMakeLists.txt */ = {isa = PBXFileReference; explicitFileType = sourcecode.text; fileEncoding = 4; name = CMakeLists.txt; path = CMakeLists.txt; sourceTree = SOURCE_ROOT; };
		2D63C71E94A446209B1D6B50 /* /Users/Rozen_mac/code/opencv/project/cmake_test/CMakeLists.txt */ = {isa = PBXFileReference; explicitFileType = sourcecode.text; fileEncoding = 4; name = CMakeLists.txt; path = CMakeLists.txt; sourceTree = SOURCE_ROOT; };
		2F54487B36AC4144ADE622C4 /* /Users/Rozen_mac/code/opencv/project/cmake_test/CMakeLists.txt */ = {isa = PBXFileReference; explicitFileType = sourcecode.text; fileEncoding = 4; name = CMakeLists.txt; path = CMakeLists.txt; sourceTree = SOURCE_ROOT; };
		4B9C91BC02484F8C944C2DE0 /* /Users/Rozen_mac/code/opencv/project/cmake_test/Serial.cpp */ = {isa = PBXFileReference; explicitFileType = sourcecode.cpp.cpp; fileEncoding = 4; name = Serial.cpp; path = Serial.cpp; sourceTree = SOURCE_ROOT; };
		6316BC5BB8254648BD0E5A29 /* Serial */ = {isa = PBXFileReference; explicitFileType = archive.ar; path = libSerial.a; sourceTree = BUILT_PRODUCTS_DIR; };
		65AC42D458AE4BC2AF0002C7 /* /Users/Rozen_mac/code/opencv/project/cmake_test/Control.cpp */ = {isa = PBXFileReference; explicitFileType = sourcecode.cpp.cpp; fileEncoding = 4; name = Control.cpp; path = Control.cpp; sourceTree = SOURCE_ROOT; };
		6BF837A5B55E41589734BDF3 /* /Users/Rozen_mac/code/opencv/project/cmake_test/CMakeLists.txt */ = {isa = PBXFileReference; explicitFileType = sourcecode.text; fileEncoding = 4; name = CMakeLists.txt; path = CMakeLists.txt; sourceTree = SOURCE_ROOT; };
		6CD57A3DD03C42BDB941C883 /* /Users/Rozen_mac/code/opencv/project/cmake_test/CMakeLists.txt */ = {isa = PBXFileReference; explicitFileType = sourcecode.text; fileEncoding = 4; name = CMakeLists.txt; path = CMakeLists.txt; sourceTree = SOURCE_ROOT; };
		6F71C1EBB6814C91897F45E9 /* /Users/Rozen_mac/code/opencv/project/cmake_test/main.cpp */ = {isa = PBXFileReference; explicitFileType = sourcecode.cpp.cpp; fileEncoding = 4; name = main.cpp; path = main.cpp; sourceTree = SOURCE_ROOT; };
		7D22A84DB8474D71AA290602 /* /Users/Rozen_mac/code/opencv/project/cmake_test/CMakeLists.txt */ = {isa = PBXFileReference; explicitFileType = sourcecode.text; fileEncoding = 4; name = CMakeLists.txt; path = CMakeLists.txt; sourceTree = SOURCE_ROOT; };
		82459FCA69A84731BA8AD3BE /* /Users/Rozen_mac/code/opencv/project/cmake_test/CMakeLists.txt */ = {isa = PBXFileReference; explicitFileType = sourcecode.text; fileEncoding = 4; name = CMakeLists.txt; path = CMakeLists.txt; sourceTree = SOURCE_ROOT; };
		86957658905145C3B0D0AA28 /* /Users/Rozen_mac/code/opencv/project/cmake_test/image_track.cpp */ = {isa = PBXFileReference; explicitFileType = sourcecode.cpp.cpp; fileEncoding = 4; name = image_track.cpp; path = image_track.cpp; sourceTree = SOURCE_ROOT; };
		9BF015FDBF944FC8AEE18B02 /* image_track */ = {isa = PBXFileReference; explicitFileType = archive.ar; path = libimage_track.a; sourceTree = BUILT_PRODUCTS_DIR; };
		9F680EF3CAC14907A8A00488 /* Control */ = {isa = PBXFileReference; explicitFileType = archive.ar; path = libControl.a; sourceTree = BUILT_PRODUCTS_DIR; };
		B98034E74E3E4EAF88F1E313 /* image_add */ = {isa = PBXFileReference; explicitFileType = archive.ar; path = libimage_add.a; sourceTree = BUILT_PRODUCTS_DIR; };
		BC71EC8A0FE243B0A1A8A40E /* /Users/Rozen_mac/code/opencv/project/cmake_test/image_add.cpp */ = {isa = PBXFileReference; explicitFileType = sourcecode.cpp.cpp; fileEncoding = 4; name = image_add.cpp; path = image_add.cpp; sourceTree = SOURCE_ROOT; };
		ED554E9B4E08499EB977B2F4 /* /Users/Rozen_mac/code/opencv/project/cmake_test/trackFilteredObject.cpp */ = {isa = PBXFileReference; explicitFileType = sourcecode.cpp.cpp; fileEncoding = 4; name = trackFilteredObject.cpp; path = trackFilteredObject.cpp; sourceTree = SOURCE_ROOT; };
		ED7F5908A9A140349A5DCE61 /* Process */ = {isa = PBXFileReference; explicitFileType = archive.ar; path = libProcess.a; sourceTree = BUILT_PRODUCTS_DIR; };
		EFCEE90BA9544A53A51C4517 /* trackFilteredObject */ = {isa = PBXFileReference; explicitFileType = archive.ar; path = libtrackFilteredObject.a; sourceTree = BUILT_PRODUCTS_DIR; };
		F72080C3D7EB4E2CB65D49DA /* /Users/Rozen_mac/code/opencv/project/cmake_test/Process.cpp */ = {isa = PBXFileReference; explicitFileType = sourcecode.cpp.cpp; fileEncoding = 4; name = Process.cpp; path = Process.cpp; sourceTree = SOURCE_ROOT; };
		FABDA872C3BF4D0B95E4E12C /* main */ = {isa = PBXFileReference; explicitFileType = "compiled.mach-o.executable"; path = main; sourceTree = BUILT_PRODUCTS_DIR; };
/* End PBXFileReference section */

/* Begin PBXGroup section */
		0BFDA6F7FCAA4833BE1C50CA /* Source Files */ = {
			isa = PBXGroup;
			children = (
				ED554E9B4E08499EB977B2F4 /* /Users/Rozen_mac/code/opencv/project/cmake_test/trackFilteredObject.cpp */,
			);
			name = "Source Files";
			sourceTree = "<group>";
		};
		0E72C3D476C24B7C82D8FBDB /* ALL_BUILD */ = {
			isa = PBXGroup;
			children = (
				ACE94959002D4BAF8012BCFF /* CMake Rules */,
				2611FB65C0984158A2BA9AF0 /* /Users/Rozen_mac/code/opencv/project/cmake_test/CMakeLists.txt */,
			);
			name = ALL_BUILD;
			sourceTree = "<group>";
		};
		240F54C447104E0DA4469409 /* image_track */ = {
			isa = PBXGroup;
			children = (
				367A26B7FAF44CCE975CB513 /* Source Files */,
				82459FCA69A84731BA8AD3BE /* /Users/Rozen_mac/code/opencv/project/cmake_test/CMakeLists.txt */,
			);
			name = image_track;
			sourceTree = "<group>";
		};
		297D81C8121C401D899FE1FD /* ZERO_CHECK */ = {
			isa = PBXGroup;
			children = (
				6E6C6F07225D468EB09D0CF4 /* CMake Rules */,
				2D63C71E94A446209B1D6B50 /* /Users/Rozen_mac/code/opencv/project/cmake_test/CMakeLists.txt */,
			);
			name = ZERO_CHECK;
			sourceTree = "<group>";
		};
		2C1681FA49BC4CA2936F97AE /* Source Files */ = {
			isa = PBXGroup;
			children = (
				65AC42D458AE4BC2AF0002C7 /* /Users/Rozen_mac/code/opencv/project/cmake_test/Control.cpp */,
			);
			name = "Source Files";
			sourceTree = "<group>";
		};
		367A26B7FAF44CCE975CB513 /* Source Files */ = {
			isa = PBXGroup;
			children = (
				86957658905145C3B0D0AA28 /* /Users/Rozen_mac/code/opencv/project/cmake_test/image_track.cpp */,
			);
			name = "Source Files";
			sourceTree = "<group>";
		};
		4AC98D98EFB744439D0AA915 /* Control */ = {
			isa = PBXGroup;
			children = (
				2C1681FA49BC4CA2936F97AE /* Source Files */,
				6CD57A3DD03C42BDB941C883 /* /Users/Rozen_mac/code/opencv/project/cmake_test/CMakeLists.txt */,
			);
			name = Control;
			sourceTree = "<group>";
		};
		5AE89F9FAD1B4940B7C4199C /* main */ = {
			isa = PBXGroup;
			children = (
				69E573098AA446B783CE5D63 /* Source Files */,
				2B55487362454FF4A519AB73 /* /Users/Rozen_mac/code/opencv/project/cmake_test/CMakeLists.txt */,
			);
			name = main;
			sourceTree = "<group>";
		};
		60E93DED7A0D4F869C8ACE76 /* Products */ = {
			isa = PBXGroup;
			children = (
				9F680EF3CAC14907A8A00488 /* Control */,
				ED7F5908A9A140349A5DCE61 /* Process */,
				6316BC5BB8254648BD0E5A29 /* Serial */,
				B98034E74E3E4EAF88F1E313 /* image_add */,
				9BF015FDBF944FC8AEE18B02 /* image_track */,
				FABDA872C3BF4D0B95E4E12C /* main */,
				EFCEE90BA9544A53A51C4517 /* trackFilteredObject */,
			);
			name = Products;
			sourceTree = "<group>";
		};
		69E573098AA446B783CE5D63 /* Source Files */ = {
			isa = PBXGroup;
			children = (
				6F71C1EBB6814C91897F45E9 /* /Users/Rozen_mac/code/opencv/project/cmake_test/main.cpp */,
			);
			name = "Source Files";
			sourceTree = "<group>";
		};
		6E6C6F07225D468EB09D0CF4 /* CMake Rules */ = {
			isa = PBXGroup;
			children = (
			);
			name = "CMake Rules";
			sourceTree = "<group>";
		};
		70B7343D4E4249A3885979FC /* Source Files */ = {
			isa = PBXGroup;
			children = (
				F72080C3D7EB4E2CB65D49DA /* /Users/Rozen_mac/code/opencv/project/cmake_test/Process.cpp */,
			);
			name = "Source Files";
			sourceTree = "<group>";
		};
		8EB6883F55C941FBA0549E41 /* trackFilteredObject */ = {
			isa = PBXGroup;
			children = (
				0BFDA6F7FCAA4833BE1C50CA /* Source Files */,
				6BF837A5B55E41589734BDF3 /* /Users/Rozen_mac/code/opencv/project/cmake_test/CMakeLists.txt */,
			);
			name = trackFilteredObject;
			sourceTree = "<group>";
		};
		AA1347250AC74BFEB9FE9A60 /* Serial */ = {
			isa = PBXGroup;
			children = (
				DC78D73E97924AF2816C266D /* Source Files */,
				28268EA6F2DF4448915EE6F7 /* /Users/Rozen_mac/code/opencv/project/cmake_test/CMakeLists.txt */,
			);
			name = Serial;
			sourceTree = "<group>";
		};
		ACE94959002D4BAF8012BCFF /* CMake Rules */ = {
			isa = PBXGroup;
			children = (
			);
			name = "CMake Rules";
			sourceTree = "<group>";
		};
		AD5FCFE970C94415B2700A14 = {
			isa = PBXGroup;
			children = (
				C0F6E372BE2A4095A57C5453 /* Process */,
				4AC98D98EFB744439D0AA915 /* Control */,
				AA1347250AC74BFEB9FE9A60 /* Serial */,
				5AE89F9FAD1B4940B7C4199C /* main */,
				8EB6883F55C941FBA0549E41 /* trackFilteredObject */,
				240F54C447104E0DA4469409 /* image_track */,
				C4739209ACEB4D97B2F09CC1 /* image_add */,
				0E72C3D476C24B7C82D8FBDB /* ALL_BUILD */,
				297D81C8121C401D899FE1FD /* ZERO_CHECK */,
				60E93DED7A0D4F869C8ACE76 /* Products */,
			);
			sourceTree = "<group>";
		};
		C0F6E372BE2A4095A57C5453 /* Process */ = {
			isa = PBXGroup;
			children = (
				70B7343D4E4249A3885979FC /* Source Files */,
				2F54487B36AC4144ADE622C4 /* /Users/Rozen_mac/code/opencv/project/cmake_test/CMakeLists.txt */,
			);
			name = Process;
			sourceTree = "<group>";
		};
		C4739209ACEB4D97B2F09CC1 /* image_add */ = {
			isa = PBXGroup;
			children = (
				CBA7423CE1B54A2193C027F8 /* Source Files */,
				7D22A84DB8474D71AA290602 /* /Users/Rozen_mac/code/opencv/project/cmake_test/CMakeLists.txt */,
			);
			name = image_add;
			sourceTree = "<group>";
		};
		CBA7423CE1B54A2193C027F8 /* Source Files */ = {
			isa = PBXGroup;
			children = (
				BC71EC8A0FE243B0A1A8A40E /* /Users/Rozen_mac/code/opencv/project/cmake_test/image_add.cpp */,
			);
			name = "Source Files";
			sourceTree = "<group>";
		};
		DC78D73E97924AF2816C266D /* Source Files */ = {
			isa = PBXGroup;
			children = (
				4B9C91BC02484F8C944C2DE0 /* /Users/Rozen_mac/code/opencv/project/cmake_test/Serial.cpp */,
			);
			name = "Source Files";
			sourceTree = "<group>";
		};
/* End PBXGroup section */

/* Begin PBXNativeTarget section */
		49DBA76A54914B0BA75257EA /* Process */ = {
			isa = PBXNativeTarget;
			buildConfigurationList = 497F612A71A94713AAA1C5AE /* Build configuration list for PBXNativeTarget "Process" */;
			buildPhases = (
				E87BEA9C133E4879AAD746F3 /* Sources */,
			);
			buildRules = (
			);
			dependencies = (
				C3C8520071E04695BFD11DEA /* PBXTargetDependency */,
			);
			name = Process;
			productName = Process;
			productReference = ED7F5908A9A140349A5DCE61 /* Process */;
			productType = "com.apple.product-type.library.static";
		};
		5F1EB75C6F134D3D825DB90A /* image_add */ = {
			isa = PBXNativeTarget;
			buildConfigurationList = 6B3185A1AFF94A3098D115E6 /* Build configuration list for PBXNativeTarget "image_add" */;
			buildPhases = (
				034628144D39494A95ADA5B2 /* Sources */,
			);
			buildRules = (
			);
			dependencies = (
				193E12CD124A47D299D81522 /* PBXTargetDependency */,
			);
			name = image_add;
			productName = image_add;
			productReference = B98034E74E3E4EAF88F1E313 /* image_add */;
			productType = "com.apple.product-type.library.static";
		};
		6C9F65B8FE5B439D8F96BFEB /* Serial */ = {
			isa = PBXNativeTarget;
			buildConfigurationList = CB734FD00B3A4B528781A426 /* Build configuration list for PBXNativeTarget "Serial" */;
			buildPhases = (
				AECBA918C45042E39518B8BD /* Sources */,
			);
			buildRules = (
			);
			dependencies = (
				F42E4751941F43249E46EDF6 /* PBXTargetDependency */,
			);
			name = Serial;
			productName = Serial;
			productReference = 6316BC5BB8254648BD0E5A29 /* Serial */;
			productType = "com.apple.product-type.library.static";
		};
		8E842086F4624E328016AA24 /* main */ = {
			isa = PBXNativeTarget;
			buildConfigurationList = 933D5BB8D3724D258569CDD6 /* Build configuration list for PBXNativeTarget "main" */;
			buildPhases = (
				558C45A2475C475AA9B2FC09 /* Sources */,
			);
			buildRules = (
			);
			dependencies = (
				3DA64BAF9B0E42B9AA87D19E /* PBXTargetDependency */,
				4B20549C13C342C19E268419 /* PBXTargetDependency */,
				E1F937C467B74DF0B98A7610 /* PBXTargetDependency */,
				69D3EF99E467421E9FE45643 /* PBXTargetDependency */,
				8824B30B7C884776AF480B3D /* PBXTargetDependency */,
				00EBBDECCD224D7AB2C1238C /* PBXTargetDependency */,
				7849810A3CE84B6680AF9D8F /* PBXTargetDependency */,
			);
			name = main;
			productName = main;
			productReference = FABDA872C3BF4D0B95E4E12C /* main */;
			productType = "com.apple.product-type.tool";
		};
		D6F99FCE77514B39961C32F2 /* Control */ = {
			isa = PBXNativeTarget;
			buildConfigurationList = 691D0EB5C490453ABB253605 /* Build configuration list for PBXNativeTarget "Control" */;
			buildPhases = (
				2A05B9E1634C4933B9F17AE8 /* Sources */,
			);
			buildRules = (
			);
			dependencies = (
				E0D782B8209B4457BEF389A4 /* PBXTargetDependency */,
			);
			name = Control;
			productName = Control;
			productReference = 9F680EF3CAC14907A8A00488 /* Control */;
			productType = "com.apple.product-type.library.static";
		};
		E12490C945BB4A14965677A5 /* image_track */ = {
			isa = PBXNativeTarget;
			buildConfigurationList = 9E215B069DE54985A293A415 /* Build configuration list for PBXNativeTarget "image_track" */;
			buildPhases = (
				B44B5D41163745DCB06CBA5C /* Sources */,
			);
			buildRules = (
			);
			dependencies = (
				6E725F55D76C4C1FAE266440 /* PBXTargetDependency */,
			);
			name = image_track;
			productName = image_track;
			productReference = 9BF015FDBF944FC8AEE18B02 /* image_track */;
			productType = "com.apple.product-type.library.static";
		};
		F22E60D171E2453783BFA1E3 /* trackFilteredObject */ = {
			isa = PBXNativeTarget;
			buildConfigurationList = A64BBD1E708E4719958A8742 /* Build configuration list for PBXNativeTarget "trackFilteredObject" */;
			buildPhases = (
				32859E6A3A284F4982D183E7 /* Sources */,
			);
			buildRules = (
			);
			dependencies = (
				A2E6A1DB5ACD414EA3D7313C /* PBXTargetDependency */,
			);
			name = trackFilteredObject;
			productName = trackFilteredObject;
			productReference = EFCEE90BA9544A53A51C4517 /* trackFilteredObject */;
			productType = "com.apple.product-type.library.static";
		};
/* End PBXNativeTarget section */

/* Begin PBXProject section */
		49079A34F54D4D47B188BE47 /* Project object */ = {
			isa = PBXProject;
			attributes = {
				BuildIndependentTargetsInParallel = YES;
				LastUpgradeCheck = 0830;
			};
			buildConfigurationList = 20D8DB72D44B421F884F7BCA /* Build configuration list for PBXProject "main" */;
			buildSettings = {
			};
			buildStyles = (
				C48BE653D90C4972802F6B96 /* Debug */,
				D84382D496F74DCCA1CE67C2 /* Release */,
				5E02DE3EB9334DE8828DA5DE /* MinSizeRel */,
				14B1D84C54D3451C848202FE /* RelWithDebInfo */,
			);
			compatibilityVersion = "Xcode 3.2";
			hasScannedForEncodings = 0;
			mainGroup = AD5FCFE970C94415B2700A14;
			projectDirPath = ../;
			projectRoot = "";
			targets = (
				5B272F6DAC784339BC9AA11C /* ALL_BUILD */,
				D6F99FCE77514B39961C32F2 /* Control */,
				49DBA76A54914B0BA75257EA /* Process */,
				6C9F65B8FE5B439D8F96BFEB /* Serial */,
				1717815D6FBB4CF39CA304DA /* ZERO_CHECK */,
				5F1EB75C6F134D3D825DB90A /* image_add */,
				E12490C945BB4A14965677A5 /* image_track */,
				8E842086F4624E328016AA24 /* main */,
				F22E60D171E2453783BFA1E3 /* trackFilteredObject */,
			);
		};
/* End PBXProject section */

/* Begin PBXShellScriptBuildPhase section */
		1AEE9C4BA03B4C569AD70F26 /* CMake Rules */ = {
			isa = PBXShellScriptBuildPhase;
			buildActionMask = 2147483647;
			files = (
			);
			name = "CMake Rules";
			outputPaths = (
/Users/Rozen_mac/code/opencv/project/cmake_test/build_mac/CMakeFiles/ALL_BUILD			);
			runOnlyForDeploymentPostprocessing = 0;
			shellPath = /bin/sh;
			shellScript = "make -C /Users/Rozen_mac/code/opencv/project/cmake_test/build_mac -f /Users/Rozen_mac/code/opencv/project/cmake_test/build_mac/CMakeScripts/ALL_BUILD_cmakeRulesBuildPhase.make$CONFIGURATION all";
			showEnvVarsInLog = 0;
		};
		2A581C23F61F43C8A7E70BC4 /* CMake Rules */ = {
			isa = PBXShellScriptBuildPhase;
			buildActionMask = 2147483647;
			files = (
			);
			name = "CMake Rules";
			outputPaths = (
/Users/Rozen_mac/code/opencv/project/cmake_test/build_mac/CMakeFiles/ZERO_CHECK			);
			runOnlyForDeploymentPostprocessing = 0;
			shellPath = /bin/sh;
			shellScript = "make -C /Users/Rozen_mac/code/opencv/project/cmake_test/build_mac -f /Users/Rozen_mac/code/opencv/project/cmake_test/build_mac/CMakeScripts/ZERO_CHECK_cmakeRulesBuildPhase.make$CONFIGURATION all";
			showEnvVarsInLog = 0;
		};
		AB94F0AA35124B9D827B9377 = {
			isa = PBXShellScriptBuildPhase;
			buildActionMask = 2147483647;
			files = (
			);
			inputPaths = (
			);
			outputPaths = (
			);
			runOnlyForDeploymentPostprocessing = 0;
			shellPath = /bin/sh;
			shellScript = "# shell script goes here
exit 0";
			showEnvVarsInLog = 0;
		};
		F162E56034D74AF0BA260D36 = {
			isa = PBXShellScriptBuildPhase;
			buildActionMask = 2147483647;
			files = (
			);
			inputPaths = (
			);
			outputPaths = (
			);
			runOnlyForDeploymentPostprocessing = 0;
			shellPath = /bin/sh;
			shellScript = "# shell script goes here
exit 0";
			showEnvVarsInLog = 0;
		};
/* End PBXShellScriptBuildPhase section */

/* Begin PBXSourcesBuildPhase section */
		034628144D39494A95ADA5B2 /* Sources */ = {
			isa = PBXSourcesBuildPhase;
			buildActionMask = 2147483647;
			files = (
				94C4378A2F3845EBA5C5D60D /* /Users/Rozen_mac/code/opencv/project/cmake_test/image_add.cpp */,
			);
			runOnlyForDeploymentPostprocessing = 0;
		};
		2A05B9E1634C4933B9F17AE8 /* Sources */ = {
			isa = PBXSourcesBuildPhase;
			buildActionMask = 2147483647;
			files = (
				6712264874154FCD8CA3CBD6 /* /Users/Rozen_mac/code/opencv/project/cmake_test/Control.cpp */,
			);
			runOnlyForDeploymentPostprocessing = 0;
		};
		32859E6A3A284F4982D183E7 /* Sources */ = {
			isa = PBXSourcesBuildPhase;
			buildActionMask = 2147483647;
			files = (
				823040F343D7445E859CC389 /* /Users/Rozen_mac/code/opencv/project/cmake_test/trackFilteredObject.cpp */,
			);
			runOnlyForDeploymentPostprocessing = 0;
		};
		558C45A2475C475AA9B2FC09 /* Sources */ = {
			isa = PBXSourcesBuildPhase;
			buildActionMask = 2147483647;
			files = (
				DA45C6AE3E934C268B61CF67 /* /Users/Rozen_mac/code/opencv/project/cmake_test/main.cpp */,
			);
			runOnlyForDeploymentPostprocessing = 0;
		};
		AECBA918C45042E39518B8BD /* Sources */ = {
			isa = PBXSourcesBuildPhase;
			buildActionMask = 2147483647;
			files = (
				AEEC712ACD494C91B063D3D0 /* /Users/Rozen_mac/code/opencv/project/cmake_test/Serial.cpp */,
			);
			runOnlyForDeploymentPostprocessing = 0;
		};
		B44B5D41163745DCB06CBA5C /* Sources */ = {
			isa = PBXSourcesBuildPhase;
			buildActionMask = 2147483647;
			files = (
				4542F4B42AAB49BF831ADCC2 /* /Users/Rozen_mac/code/opencv/project/cmake_test/image_track.cpp */,
			);
			runOnlyForDeploymentPostprocessing = 0;
		};
		E87BEA9C133E4879AAD746F3 /* Sources */ = {
			isa = PBXSourcesBuildPhase;
			buildActionMask = 2147483647;
			files = (
				A886B5EFD54F4858BF291760 /* /Users/Rozen_mac/code/opencv/project/cmake_test/Process.cpp */,
			);
			runOnlyForDeploymentPostprocessing = 0;
		};
/* End PBXSourcesBuildPhase section */

/* Begin PBXTargetDependency section */
		00EBBDECCD224D7AB2C1238C /* PBXTargetDependency */ = {
			isa = PBXTargetDependency;
			target = 5F1EB75C6F134D3D825DB90A /* image_add */;
			targetProxy = 41D07BE99D1A4EA19DA3C934 /* PBXContainerItemProxy */;
		};
		0E73C1245052493A8C63F919 /* PBXTargetDependency */ = {
			isa = PBXTargetDependency;
			target = E12490C945BB4A14965677A5 /* image_track */;
			targetProxy = 8529708FD1344127B2BD0D35 /* PBXContainerItemProxy */;
		};
		11A520E05ABC42A4B88DAA63 /* PBXTargetDependency */ = {
			isa = PBXTargetDependency;
			target = 1717815D6FBB4CF39CA304DA /* ZERO_CHECK */;
			targetProxy = 03037E6CD3DB4266B57272DF /* PBXContainerItemProxy */;
		};
		15617D60C9FD4CCCA6D4F81B /* PBXTargetDependency */ = {
			isa = PBXTargetDependency;
			target = 8E842086F4624E328016AA24 /* main */;
			targetProxy = BE54997468CE46DB890DB860 /* PBXContainerItemProxy */;
		};
		193E12CD124A47D299D81522 /* PBXTargetDependency */ = {
			isa = PBXTargetDependency;
			target = 1717815D6FBB4CF39CA304DA /* ZERO_CHECK */;
			targetProxy = 73AA5B1BCD4648829212C939 /* PBXContainerItemProxy */;
		};
		1D960EA89BB346C3BF48F473 /* PBXTargetDependency */ = {
			isa = PBXTargetDependency;
			target = F22E60D171E2453783BFA1E3 /* trackFilteredObject */;
			targetProxy = 55B47EF383D7443A9BC23751 /* PBXContainerItemProxy */;
		};
		3DA64BAF9B0E42B9AA87D19E /* PBXTargetDependency */ = {
			isa = PBXTargetDependency;
			target = 49DBA76A54914B0BA75257EA /* Process */;
			targetProxy = 89B0091A39C94C12BD36A692 /* PBXContainerItemProxy */;
		};
		4B20549C13C342C19E268419 /* PBXTargetDependency */ = {
			isa = PBXTargetDependency;
			target = D6F99FCE77514B39961C32F2 /* Control */;
			targetProxy = 45E4723D012947FE854443CC /* PBXContainerItemProxy */;
		};
		69D3EF99E467421E9FE45643 /* PBXTargetDependency */ = {
			isa = PBXTargetDependency;
			target = F22E60D171E2453783BFA1E3 /* trackFilteredObject */;
			targetProxy = B681EBB5C53543EAAE67D61A /* PBXContainerItemProxy */;
		};
		6E725F55D76C4C1FAE266440 /* PBXTargetDependency */ = {
			isa = PBXTargetDependency;
			target = 1717815D6FBB4CF39CA304DA /* ZERO_CHECK */;
			targetProxy = 8DA096D979D0460D95865E87 /* PBXContainerItemProxy */;
		};
		7849810A3CE84B6680AF9D8F /* PBXTargetDependency */ = {
			isa = PBXTargetDependency;
			target = 1717815D6FBB4CF39CA304DA /* ZERO_CHECK */;
			targetProxy = 7E5F9BD5167844C0800E499F /* PBXContainerItemProxy */;
		};
		8824B30B7C884776AF480B3D /* PBXTargetDependency */ = {
			isa = PBXTargetDependency;
			target = E12490C945BB4A14965677A5 /* image_track */;
			targetProxy = 0AA67790B18B415EB6DF6846 /* PBXContainerItemProxy */;
		};
		9A83685687A743F887BCC6A3 /* PBXTargetDependency */ = {
			isa = PBXTargetDependency;
			target = 6C9F65B8FE5B439D8F96BFEB /* Serial */;
			targetProxy = CDB182CD2E50432081D97EE7 /* PBXContainerItemProxy */;
		};
		A2E6A1DB5ACD414EA3D7313C /* PBXTargetDependency */ = {
			isa = PBXTargetDependency;
			target = 1717815D6FBB4CF39CA304DA /* ZERO_CHECK */;
			targetProxy = E02178402A214DECB5B4A1F7 /* PBXContainerItemProxy */;
		};
		A9750D24A9094043BD8ADEF1 /* PBXTargetDependency */ = {
			isa = PBXTargetDependency;
			target = 5F1EB75C6F134D3D825DB90A /* image_add */;
			targetProxy = BF13D10A678C4B329F3C1428 /* PBXContainerItemProxy */;
		};
		C3C8520071E04695BFD11DEA /* PBXTargetDependency */ = {
			isa = PBXTargetDependency;
			target = 1717815D6FBB4CF39CA304DA /* ZERO_CHECK */;
			targetProxy = 9153FDC140D6471C93C79F2D /* PBXContainerItemProxy */;
		};
		C3D809E5A73C4602B28E1EFB /* PBXTargetDependency */ = {
			isa = PBXTargetDependency;
			target = 49DBA76A54914B0BA75257EA /* Process */;
			targetProxy = 93CB241346DB45AD8639B780 /* PBXContainerItemProxy */;
		};
		E0D782B8209B4457BEF389A4 /* PBXTargetDependency */ = {
			isa = PBXTargetDependency;
			target = 1717815D6FBB4CF39CA304DA /* ZERO_CHECK */;
			targetProxy = 9DA7E3A4B47741BCA556E263 /* PBXContainerItemProxy */;
		};
		E1F937C467B74DF0B98A7610 /* PBXTargetDependency */ = {
			isa = PBXTargetDependency;
			target = 6C9F65B8FE5B439D8F96BFEB /* Serial */;
			targetProxy = 76FDABD993834F3B87E45F36 /* PBXContainerItemProxy */;
		};
		F42E4751941F43249E46EDF6 /* PBXTargetDependency */ = {
			isa = PBXTargetDependency;
			target = 1717815D6FBB4CF39CA304DA /* ZERO_CHECK */;
			targetProxy = 2279E1C8F0BD4AB7A58EB503 /* PBXContainerItemProxy */;
		};
		F84CE91F15634DB0AFA68686 /* PBXTargetDependency */ = {
			isa = PBXTargetDependency;
			target = D6F99FCE77514B39961C32F2 /* Control */;
			targetProxy = 9CD551D0F7A4454BBA9B4E6A /* PBXContainerItemProxy */;
		};
/* End PBXTargetDependency section */

/* Begin XCBuildConfiguration section */
		0316A585B743483CB7776A19 /* RelWithDebInfo */ = {
			isa = XCBuildConfiguration;
			buildSettings = {
				COMBINE_HIDPI_IMAGES = YES;
				EXECUTABLE_PREFIX = lib;
				EXECUTABLE_SUFFIX = .a;
				GCC_GENERATE_DEBUGGING_SYMBOLS = YES;
				GCC_INLINES_ARE_PRIVATE_EXTERN = NO;
				GCC_OPTIMIZATION_LEVEL = 2;
				GCC_PREPROCESSOR_DEFINITIONS = ("'CMAKE_INTDIR=\"$(CONFIGURATION)$(EFFECTIVE_PLATFORM_NAME)\"'");
				GCC_SYMBOLS_PRIVATE_EXTERN = NO;
				HEADER_SEARCH_PATHS = (/opt/local/include,/opt/local/include/opencv);
				INSTALL_PATH = "";
				LIBRARY_STYLE = STATIC;
				OTHER_CPLUSPLUSFLAGS = " -Wall -pedantic -pthread        -fprofile-arcs -ftest-coverage        -DNDEBUG '-std=gnu++11'  ";
				OTHER_LIBTOOLFLAGS = " ";
				OTHER_REZFLAGS = "";
				PRODUCT_NAME = image_track;
				SECTORDER_FLAGS = "";
				SYMROOT = /Users/Rozen_mac/code/opencv/project/cmake_test/build_mac;
				USE_HEADERMAP = NO;
				WARNING_CFLAGS = ("-Wmost","-Wno-four-char-constants","-Wno-unknown-pragmas","$(inherited)");
			};
			name = RelWithDebInfo;
		};
		034875D366E1466DB53D0EF2 /* MinSizeRel */ = {
			isa = XCBuildConfiguration;
			buildSettings = {
				COMBINE_HIDPI_IMAGES = YES;
				EXECUTABLE_PREFIX = "";
				EXECUTABLE_SUFFIX = "";
				GCC_GENERATE_DEBUGGING_SYMBOLS = YES;
				GCC_INLINES_ARE_PRIVATE_EXTERN = NO;
				GCC_OPTIMIZATION_LEVEL = s;
				GCC_PREPROCESSOR_DEFINITIONS = ("'CMAKE_INTDIR=\"$(CONFIGURATION)$(EFFECTIVE_PLATFORM_NAME)\"'");
				GCC_SYMBOLS_PRIVATE_EXTERN = NO;
				INSTALL_PATH = "";
				LIBRARY_SEARCH_PATHS = "";
				OTHER_CPLUSPLUSFLAGS = " -Wall -pedantic -pthread        -fprofile-arcs -ftest-coverage     -DNDEBUG '-std=gnu++11'  ";
				OTHER_LDFLAGS = " -Wl,-search_paths_first -Wl,-headerpad_max_install_names  /opt/local/lib/libopencv_shape.3.2.0.dylib /opt/local/lib/libopencv_stitching.3.2.0.dylib /opt/local/lib/libopencv_superres.3.2.0.dylib /opt/local/lib/libopencv_videostab.3.2.0.dylib /Users/Rozen_mac/code/opencv/project/cmake_test/build_mac/MinSizeRel/libimage_add.a /Users/Rozen_mac/code/opencv/project/cmake_test/build_mac/MinSizeRel/libimage_track.a /Users/Rozen_mac/code/opencv/project/cmake_test/build_mac/MinSizeRel/libtrackFilteredObject.a /Users/Rozen_mac/code/opencv/project/cmake_test/build_mac/MinSizeRel/libSerial.a /Users/Rozen_mac/code/opencv/project/cmake_test/build_mac/MinSizeRel/libControl.a /Users/Rozen_mac/code/opencv/project/cmake_test/build_mac/MinSizeRel/libProcess.a /opt/local/lib/libopencv_objdetect.3.2.0.dylib /opt/local/lib/libopencv_calib3d.3.2.0.dylib /opt/local/lib/libopencv_features2d.3.2.0.dylib /opt/local/lib/libopencv_flann.3.2.0.dylib /opt/local/lib/libopencv_highgui.3.2.0.dylib /opt/local/lib/libopencv_ml.3.2.0.dylib /opt/local/lib/libopencv_photo.3.2.0.dylib /opt/local/lib/libopencv_video.3.2.0.dylib /opt/local/lib/libopencv_videoio.3.2.0.dylib /opt/local/lib/libopencv_imgcodecs.3.2.0.dylib /opt/local/lib/libopencv_imgproc.3.2.0.dylib /opt/local/lib/libopencv_core.3.2.0.dylib";
				OTHER_REZFLAGS = "";
				PRODUCT_NAME = main;
				SECTORDER_FLAGS = "";
				SYMROOT = /Users/Rozen_mac/code/opencv/project/cmake_test/build_mac;
				SYSTEM_HEADER_SEARCH_PATHS = (/opt/local/include,/opt/local/include/opencv);
				USE_HEADERMAP = NO;
				WARNING_CFLAGS = ("-Wmost","-Wno-four-char-constants","-Wno-unknown-pragmas","$(inherited)");
			};
			name = MinSizeRel;
		};
		03AE0B8C9AF647B48F178F17 /* MinSizeRel */ = {
			isa = XCBuildConfiguration;
			buildSettings = {
				COMBINE_HIDPI_IMAGES = YES;
				EXECUTABLE_PREFIX = lib;
				EXECUTABLE_SUFFIX = .a;
				GCC_GENERATE_DEBUGGING_SYMBOLS = YES;
				GCC_INLINES_ARE_PRIVATE_EXTERN = NO;
				GCC_OPTIMIZATION_LEVEL = s;
				GCC_PREPROCESSOR_DEFINITIONS = ("'CMAKE_INTDIR=\"$(CONFIGURATION)$(EFFECTIVE_PLATFORM_NAME)\"'");
				GCC_SYMBOLS_PRIVATE_EXTERN = NO;
				HEADER_SEARCH_PATHS = (/opt/local/include,/opt/local/include/opencv);
				INSTALL_PATH = "";
				LIBRARY_STYLE = STATIC;
				OTHER_CPLUSPLUSFLAGS = " -Wall -pedantic -pthread        -fprofile-arcs -ftest-coverage     -DNDEBUG '-std=gnu++11'  ";
				OTHER_LIBTOOLFLAGS = " ";
				OTHER_REZFLAGS = "";
				PRODUCT_NAME = Control;
				SECTORDER_FLAGS = "";
				SYMROOT = /Users/Rozen_mac/code/opencv/project/cmake_test/build_mac;
				USE_HEADERMAP = NO;
				WARNING_CFLAGS = ("-Wmost","-Wno-four-char-constants","-Wno-unknown-pragmas","$(inherited)");
			};
			name = MinSizeRel;
		};
		045FE196DB8D44EDBE2DEA1B /* Debug */ = {
			isa = XCBuildConfiguration;
			buildSettings = {
				COMBINE_HIDPI_IMAGES = YES;
				EXECUTABLE_PREFIX = lib;
				EXECUTABLE_SUFFIX = .a;
				GCC_GENERATE_DEBUGGING_SYMBOLS = YES;
				GCC_INLINES_ARE_PRIVATE_EXTERN = NO;
				GCC_OPTIMIZATION_LEVEL = 0;
				GCC_PREPROCESSOR_DEFINITIONS = ("'CMAKE_INTDIR=\"$(CONFIGURATION)$(EFFECTIVE_PLATFORM_NAME)\"'");
				GCC_SYMBOLS_PRIVATE_EXTERN = NO;
				HEADER_SEARCH_PATHS = (/opt/local/include,/opt/local/include/opencv);
				INSTALL_PATH = "";
				LIBRARY_STYLE = STATIC;
				OTHER_CPLUSPLUSFLAGS = " -Wall -pedantic -pthread        -fprofile-arcs -ftest-coverage    '-std=gnu++11'  ";
				OTHER_LIBTOOLFLAGS = " ";
				OTHER_REZFLAGS = "";
				PRODUCT_NAME = image_track;
				SECTORDER_FLAGS = "";
				SYMROOT = /Users/Rozen_mac/code/opencv/project/cmake_test/build_mac;
				USE_HEADERMAP = NO;
				WARNING_CFLAGS = ("-Wmost","-Wno-four-char-constants","-Wno-unknown-pragmas","$(inherited)");
			};
			name = Debug;
		};
		064EEFE9DF3142559388FB7C /* Debug */ = {
			isa = XCBuildConfiguration;
			buildSettings = {
				COMBINE_HIDPI_IMAGES = YES;
				GCC_GENERATE_DEBUGGING_SYMBOLS = YES;
				GCC_INLINES_ARE_PRIVATE_EXTERN = NO;
				GCC_OPTIMIZATION_LEVEL = 0;
				GCC_PREPROCESSOR_DEFINITIONS = ("'CMAKE_INTDIR=\"$(CONFIGURATION)$(EFFECTIVE_PLATFORM_NAME)\"'");
				GCC_SYMBOLS_PRIVATE_EXTERN = NO;
				HEADER_SEARCH_PATHS = (/opt/local/include,/opt/local/include/opencv);
				INSTALL_PATH = "";
				OTHER_LDFLAGS = " ";
				OTHER_REZFLAGS = "";
				PRODUCT_NAME = ZERO_CHECK;
				SECTORDER_FLAGS = "";
				SYMROOT = /Users/Rozen_mac/code/opencv/project/cmake_test/build_mac;
				USE_HEADERMAP = NO;
				WARNING_CFLAGS = ("-Wmost","-Wno-four-char-constants","-Wno-unknown-pragmas","$(inherited)");
			};
			name = Debug;
		};
		117BF0AA11534CAD98BE5735 /* RelWithDebInfo */ = {
			isa = XCBuildConfiguration;
			buildSettings = {
				COMBINE_HIDPI_IMAGES = YES;
				EXECUTABLE_PREFIX = lib;
				EXECUTABLE_SUFFIX = .a;
				GCC_GENERATE_DEBUGGING_SYMBOLS = YES;
				GCC_INLINES_ARE_PRIVATE_EXTERN = NO;
				GCC_OPTIMIZATION_LEVEL = 2;
				GCC_PREPROCESSOR_DEFINITIONS = ("'CMAKE_INTDIR=\"$(CONFIGURATION)$(EFFECTIVE_PLATFORM_NAME)\"'");
				GCC_SYMBOLS_PRIVATE_EXTERN = NO;
				HEADER_SEARCH_PATHS = (/opt/local/include,/opt/local/include/opencv);
				INSTALL_PATH = "";
				LIBRARY_STYLE = STATIC;
				OTHER_CPLUSPLUSFLAGS = " -Wall -pedantic -pthread        -fprofile-arcs -ftest-coverage        -DNDEBUG '-std=gnu++11'  ";
				OTHER_LIBTOOLFLAGS = " ";
				OTHER_REZFLAGS = "";
				PRODUCT_NAME = Control;
				SECTORDER_FLAGS = "";
				SYMROOT = /Users/Rozen_mac/code/opencv/project/cmake_test/build_mac;
				USE_HEADERMAP = NO;
				WARNING_CFLAGS = ("-Wmost","-Wno-four-char-constants","-Wno-unknown-pragmas","$(inherited)");
			};
			name = RelWithDebInfo;
		};
		2416356EB09D41A3A3C2ADB0 /* MinSizeRel */ = {
			isa = XCBuildConfiguration;
			buildSettings = {
				COMBINE_HIDPI_IMAGES = YES;
				GCC_GENERATE_DEBUGGING_SYMBOLS = YES;
				GCC_INLINES_ARE_PRIVATE_EXTERN = NO;
				GCC_OPTIMIZATION_LEVEL = 0;
				GCC_PREPROCESSOR_DEFINITIONS = ("'CMAKE_INTDIR=\"$(CONFIGURATION)$(EFFECTIVE_PLATFORM_NAME)\"'");
				GCC_SYMBOLS_PRIVATE_EXTERN = NO;
				HEADER_SEARCH_PATHS = (/opt/local/include,/opt/local/include/opencv);
				INSTALL_PATH = "";
				OTHER_LDFLAGS = " ";
				OTHER_REZFLAGS = "";
				PRODUCT_NAME = ZERO_CHECK;
				SECTORDER_FLAGS = "";
				SYMROOT = /Users/Rozen_mac/code/opencv/project/cmake_test/build_mac;
				USE_HEADERMAP = NO;
				WARNING_CFLAGS = ("-Wmost","-Wno-four-char-constants","-Wno-unknown-pragmas","$(inherited)");
			};
			name = MinSizeRel;
		};
		2CE10756B399418DB379510C /* MinSizeRel */ = {
			isa = XCBuildConfiguration;
			buildSettings = {
				COMBINE_HIDPI_IMAGES = YES;
				EXECUTABLE_PREFIX = lib;
				EXECUTABLE_SUFFIX = .a;
				GCC_GENERATE_DEBUGGING_SYMBOLS = YES;
				GCC_INLINES_ARE_PRIVATE_EXTERN = NO;
				GCC_OPTIMIZATION_LEVEL = s;
				GCC_PREPROCESSOR_DEFINITIONS = ("'CMAKE_INTDIR=\"$(CONFIGURATION)$(EFFECTIVE_PLATFORM_NAME)\"'");
				GCC_SYMBOLS_PRIVATE_EXTERN = NO;
				HEADER_SEARCH_PATHS = (/opt/local/include,/opt/local/include/opencv);
				INSTALL_PATH = "";
				LIBRARY_STYLE = STATIC;
				OTHER_CPLUSPLUSFLAGS = " -Wall -pedantic -pthread        -fprofile-arcs -ftest-coverage     -DNDEBUG '-std=gnu++11'  ";
				OTHER_LIBTOOLFLAGS = " ";
				OTHER_REZFLAGS = "";
				PRODUCT_NAME = Process;
				SECTORDER_FLAGS = "";
				SYMROOT = /Users/Rozen_mac/code/opencv/project/cmake_test/build_mac;
				USE_HEADERMAP = NO;
				WARNING_CFLAGS = ("-Wmost","-Wno-four-char-constants","-Wno-unknown-pragmas","$(inherited)");
			};
			name = MinSizeRel;
		};
		2E4A9E111687420192C793FB /* Release */ = {
			isa = XCBuildConfiguration;
			buildSettings = {
				COMBINE_HIDPI_IMAGES = YES;
				EXECUTABLE_PREFIX = "";
				EXECUTABLE_SUFFIX = "";
				GCC_GENERATE_DEBUGGING_SYMBOLS = YES;
				GCC_INLINES_ARE_PRIVATE_EXTERN = NO;
				GCC_OPTIMIZATION_LEVEL = 3;
				GCC_PREPROCESSOR_DEFINITIONS = ("'CMAKE_INTDIR=\"$(CONFIGURATION)$(EFFECTIVE_PLATFORM_NAME)\"'");
				GCC_SYMBOLS_PRIVATE_EXTERN = NO;
				INSTALL_PATH = "";
				LIBRARY_SEARCH_PATHS = "";
				OTHER_CPLUSPLUSFLAGS = " -Wall -pedantic -pthread        -fprofile-arcs -ftest-coverage     -DNDEBUG '-std=gnu++11'  ";
				OTHER_LDFLAGS = " -Wl,-search_paths_first -Wl,-headerpad_max_install_names  /opt/local/lib/libopencv_shape.3.2.0.dylib /opt/local/lib/libopencv_stitching.3.2.0.dylib /opt/local/lib/libopencv_superres.3.2.0.dylib /opt/local/lib/libopencv_videostab.3.2.0.dylib /Users/Rozen_mac/code/opencv/project/cmake_test/build_mac/Release/libimage_add.a /Users/Rozen_mac/code/opencv/project/cmake_test/build_mac/Release/libimage_track.a /Users/Rozen_mac/code/opencv/project/cmake_test/build_mac/Release/libtrackFilteredObject.a /Users/Rozen_mac/code/opencv/project/cmake_test/build_mac/Release/libSerial.a /Users/Rozen_mac/code/opencv/project/cmake_test/build_mac/Release/libControl.a /Users/Rozen_mac/code/opencv/project/cmake_test/build_mac/Release/libProcess.a /opt/local/lib/libopencv_objdetect.3.2.0.dylib /opt/local/lib/libopencv_calib3d.3.2.0.dylib /opt/local/lib/libopencv_features2d.3.2.0.dylib /opt/local/lib/libopencv_flann.3.2.0.dylib /opt/local/lib/libopencv_highgui.3.2.0.dylib /opt/local/lib/libopencv_ml.3.2.0.dylib /opt/local/lib/libopencv_photo.3.2.0.dylib /opt/local/lib/libopencv_video.3.2.0.dylib /opt/local/lib/libopencv_videoio.3.2.0.dylib /opt/local/lib/libopencv_imgcodecs.3.2.0.dylib /opt/local/lib/libopencv_imgproc.3.2.0.dylib /opt/local/lib/libopencv_core.3.2.0.dylib";
				OTHER_REZFLAGS = "";
				PRODUCT_NAME = main;
				SECTORDER_FLAGS = "";
				SYMROOT = /Users/Rozen_mac/code/opencv/project/cmake_test/build_mac;
				SYSTEM_HEADER_SEARCH_PATHS = (/opt/local/include,/opt/local/include/opencv);
				USE_HEADERMAP = NO;
				WARNING_CFLAGS = ("-Wmost","-Wno-four-char-constants","-Wno-unknown-pragmas","$(inherited)");
			};
			name = Release;
		};
		3B77896122014D23AE56F3AD /* RelWithDebInfo */ = {
			isa = XCBuildConfiguration;
			buildSettings = {
				COMBINE_HIDPI_IMAGES = YES;
				EXECUTABLE_PREFIX = lib;
				EXECUTABLE_SUFFIX = .a;
				GCC_GENERATE_DEBUGGING_SYMBOLS = YES;
				GCC_INLINES_ARE_PRIVATE_EXTERN = NO;
				GCC_OPTIMIZATION_LEVEL = 2;
				GCC_PREPROCESSOR_DEFINITIONS = ("'CMAKE_INTDIR=\"$(CONFIGURATION)$(EFFECTIVE_PLATFORM_NAME)\"'");
				GCC_SYMBOLS_PRIVATE_EXTERN = NO;
				HEADER_SEARCH_PATHS = (/opt/local/include,/opt/local/include/opencv);
				INSTALL_PATH = "";
				LIBRARY_STYLE = STATIC;
				OTHER_CPLUSPLUSFLAGS = " -Wall -pedantic -pthread        -fprofile-arcs -ftest-coverage        -DNDEBUG '-std=gnu++11'  ";
				OTHER_LIBTOOLFLAGS = " ";
				OTHER_REZFLAGS = "";
				PRODUCT_NAME = image_add;
				SECTORDER_FLAGS = "";
				SYMROOT = /Users/Rozen_mac/code/opencv/project/cmake_test/build_mac;
				USE_HEADERMAP = NO;
				WARNING_CFLAGS = ("-Wmost","-Wno-four-char-constants","-Wno-unknown-pragmas","$(inherited)");
			};
			name = RelWithDebInfo;
		};
		4566C00D03F445AFB3FA217A /* Release */ = {
			isa = XCBuildConfiguration;
			buildSettings = {
				COMBINE_HIDPI_IMAGES = YES;
				GCC_GENERATE_DEBUGGING_SYMBOLS = YES;
				GCC_INLINES_ARE_PRIVATE_EXTERN = NO;
				GCC_OPTIMIZATION_LEVEL = 0;
				GCC_PREPROCESSOR_DEFINITIONS = ("'CMAKE_INTDIR=\"$(CONFIGURATION)$(EFFECTIVE_PLATFORM_NAME)\"'");
				GCC_SYMBOLS_PRIVATE_EXTERN = NO;
				HEADER_SEARCH_PATHS = (/opt/local/include,/opt/local/include/opencv);
				INSTALL_PATH = "";
				OTHER_LDFLAGS = " ";
				OTHER_REZFLAGS = "";
				PRODUCT_NAME = ZERO_CHECK;
				SECTORDER_FLAGS = "";
				SYMROOT = /Users/Rozen_mac/code/opencv/project/cmake_test/build_mac;
				USE_HEADERMAP = NO;
				WARNING_CFLAGS = ("-Wmost","-Wno-four-char-constants","-Wno-unknown-pragmas","$(inherited)");
			};
			name = Release;
		};
		4DE514646FFA4B7AA281CDCF /* RelWithDebInfo */ = {
			isa = XCBuildConfiguration;
			buildSettings = {
				ONLY_ACTIVE_ARCH = YES;
				SDKROOT = /Applications/Xcode.app/Contents/Developer/Platforms/MacOSX.platform/Developer/SDKs/MacOSX10.12.sdk;
				SYMROOT = /Users/Rozen_mac/code/opencv/project/cmake_test/build_mac/build;
			};
			name = RelWithDebInfo;
		};
		5070B3A2A673417E935CFBF4 /* Release */ = {
			isa = XCBuildConfiguration;
			buildSettings = {
				COMBINE_HIDPI_IMAGES = YES;
				EXECUTABLE_PREFIX = lib;
				EXECUTABLE_SUFFIX = .a;
				GCC_GENERATE_DEBUGGING_SYMBOLS = YES;
				GCC_INLINES_ARE_PRIVATE_EXTERN = NO;
				GCC_OPTIMIZATION_LEVEL = 3;
				GCC_PREPROCESSOR_DEFINITIONS = ("'CMAKE_INTDIR=\"$(CONFIGURATION)$(EFFECTIVE_PLATFORM_NAME)\"'");
				GCC_SYMBOLS_PRIVATE_EXTERN = NO;
				HEADER_SEARCH_PATHS = (/opt/local/include,/opt/local/include/opencv);
				INSTALL_PATH = "";
				LIBRARY_STYLE = STATIC;
				OTHER_CPLUSPLUSFLAGS = " -Wall -pedantic -pthread        -fprofile-arcs -ftest-coverage     -DNDEBUG '-std=gnu++11'  ";
				OTHER_LIBTOOLFLAGS = " ";
				OTHER_REZFLAGS = "";
				PRODUCT_NAME = image_track;
				SECTORDER_FLAGS = "";
				SYMROOT = /Users/Rozen_mac/code/opencv/project/cmake_test/build_mac;
				USE_HEADERMAP = NO;
				WARNING_CFLAGS = ("-Wmost","-Wno-four-char-constants","-Wno-unknown-pragmas","$(inherited)");
			};
			name = Release;
		};
		5246E763EE734CA6A9CEA0DF /* Debug */ = {
			isa = XCBuildConfiguration;
			buildSettings = {
				ONLY_ACTIVE_ARCH = YES;
				SDKROOT = /Applications/Xcode.app/Contents/Developer/Platforms/MacOSX.platform/Developer/SDKs/MacOSX10.12.sdk;
				SYMROOT = /Users/Rozen_mac/code/opencv/project/cmake_test/build_mac/build;
			};
			name = Debug;
		};
		55127B8D96774132A33EC3FE /* Release */ = {
			isa = XCBuildConfiguration;
			buildSettings = {
				ONLY_ACTIVE_ARCH = YES;
				SDKROOT = /Applications/Xcode.app/Contents/Developer/Platforms/MacOSX.platform/Developer/SDKs/MacOSX10.12.sdk;
				SYMROOT = /Users/Rozen_mac/code/opencv/project/cmake_test/build_mac/build;
			};
			name = Release;
		};
		675C63EF674A4A3F8BA27782 /* MinSizeRel */ = {
			isa = XCBuildConfiguration;
			buildSettings = {
				COMBINE_HIDPI_IMAGES = YES;
				EXECUTABLE_PREFIX = lib;
				EXECUTABLE_SUFFIX = .a;
				GCC_GENERATE_DEBUGGING_SYMBOLS = YES;
				GCC_INLINES_ARE_PRIVATE_EXTERN = NO;
				GCC_OPTIMIZATION_LEVEL = s;
				GCC_PREPROCESSOR_DEFINITIONS = ("'CMAKE_INTDIR=\"$(CONFIGURATION)$(EFFECTIVE_PLATFORM_NAME)\"'");
				GCC_SYMBOLS_PRIVATE_EXTERN = NO;
				HEADER_SEARCH_PATHS = (/opt/local/include,/opt/local/include/opencv);
				INSTALL_PATH = "";
				LIBRARY_STYLE = STATIC;
				OTHER_CPLUSPLUSFLAGS = " -Wall -pedantic -pthread        -fprofile-arcs -ftest-coverage     -DNDEBUG '-std=gnu++11'  ";
				OTHER_LIBTOOLFLAGS = " ";
				OTHER_REZFLAGS = "";
				PRODUCT_NAME = trackFilteredObject;
				SECTORDER_FLAGS = "";
				SYMROOT = /Users/Rozen_mac/code/opencv/project/cmake_test/build_mac;
				USE_HEADERMAP = NO;
				WARNING_CFLAGS = ("-Wmost","-Wno-four-char-constants","-Wno-unknown-pragmas","$(inherited)");
			};
			name = MinSizeRel;
		};
		6F8EEF9A8C4A47FF9C7A0655 /* MinSizeRel */ = {
			isa = XCBuildConfiguration;
			buildSettings = {
				COMBINE_HIDPI_IMAGES = YES;
				GCC_GENERATE_DEBUGGING_SYMBOLS = YES;
				GCC_INLINES_ARE_PRIVATE_EXTERN = NO;
				GCC_OPTIMIZATION_LEVEL = 0;
				GCC_PREPROCESSOR_DEFINITIONS = ("'CMAKE_INTDIR=\"$(CONFIGURATION)$(EFFECTIVE_PLATFORM_NAME)\"'");
				GCC_SYMBOLS_PRIVATE_EXTERN = NO;
				HEADER_SEARCH_PATHS = (/opt/local/include,/opt/local/include/opencv);
				INSTALL_PATH = "";
				OTHER_LDFLAGS = " ";
				OTHER_REZFLAGS = "";
				PRODUCT_NAME = ALL_BUILD;
				SECTORDER_FLAGS = "";
				SYMROOT = /Users/Rozen_mac/code/opencv/project/cmake_test/build_mac;
				USE_HEADERMAP = NO;
				WARNING_CFLAGS = ("-Wmost","-Wno-four-char-constants","-Wno-unknown-pragmas","$(inherited)");
			};
			name = MinSizeRel;
		};
		7025AE8AAF2B4318B1107DA1 /* Release */ = {
			isa = XCBuildConfiguration;
			buildSettings = {
				COMBINE_HIDPI_IMAGES = YES;
				EXECUTABLE_PREFIX = lib;
				EXECUTABLE_SUFFIX = .a;
				GCC_GENERATE_DEBUGGING_SYMBOLS = YES;
				GCC_INLINES_ARE_PRIVATE_EXTERN = NO;
				GCC_OPTIMIZATION_LEVEL = 3;
				GCC_PREPROCESSOR_DEFINITIONS = ("'CMAKE_INTDIR=\"$(CONFIGURATION)$(EFFECTIVE_PLATFORM_NAME)\"'");
				GCC_SYMBOLS_PRIVATE_EXTERN = NO;
				HEADER_SEARCH_PATHS = (/opt/local/include,/opt/local/include/opencv);
				INSTALL_PATH = "";
				LIBRARY_STYLE = STATIC;
				OTHER_CPLUSPLUSFLAGS = " -Wall -pedantic -pthread        -fprofile-arcs -ftest-coverage     -DNDEBUG '-std=gnu++11'  ";
				OTHER_LIBTOOLFLAGS = " ";
				OTHER_REZFLAGS = "";
				PRODUCT_NAME = image_add;
				SECTORDER_FLAGS = "";
				SYMROOT = /Users/Rozen_mac/code/opencv/project/cmake_test/build_mac;
				USE_HEADERMAP = NO;
				WARNING_CFLAGS = ("-Wmost","-Wno-four-char-constants","-Wno-unknown-pragmas","$(inherited)");
			};
			name = Release;
		};
		78A1D092F40A471BA4BB4FDC /* Release */ = {
			isa = XCBuildConfiguration;
			buildSettings = {
				COMBINE_HIDPI_IMAGES = YES;
				EXECUTABLE_PREFIX = lib;
				EXECUTABLE_SUFFIX = .a;
				GCC_GENERATE_DEBUGGING_SYMBOLS = YES;
				GCC_INLINES_ARE_PRIVATE_EXTERN = NO;
				GCC_OPTIMIZATION_LEVEL = 3;
				GCC_PREPROCESSOR_DEFINITIONS = ("'CMAKE_INTDIR=\"$(CONFIGURATION)$(EFFECTIVE_PLATFORM_NAME)\"'");
				GCC_SYMBOLS_PRIVATE_EXTERN = NO;
				HEADER_SEARCH_PATHS = (/opt/local/include,/opt/local/include/opencv);
				INSTALL_PATH = "";
				LIBRARY_STYLE = STATIC;
				OTHER_CPLUSPLUSFLAGS = " -Wall -pedantic -pthread        -fprofile-arcs -ftest-coverage     -DNDEBUG '-std=gnu++11'  ";
				OTHER_LIBTOOLFLAGS = " ";
				OTHER_REZFLAGS = "";
				PRODUCT_NAME = Process;
				SECTORDER_FLAGS = "";
				SYMROOT = /Users/Rozen_mac/code/opencv/project/cmake_test/build_mac;
				USE_HEADERMAP = NO;
				WARNING_CFLAGS = ("-Wmost","-Wno-four-char-constants","-Wno-unknown-pragmas","$(inherited)");
			};
			name = Release;
		};
		78A8A61973D54F869CBA22F4 /* Release */ = {
			isa = XCBuildConfiguration;
			buildSettings = {
				COMBINE_HIDPI_IMAGES = YES;
				GCC_GENERATE_DEBUGGING_SYMBOLS = YES;
				GCC_INLINES_ARE_PRIVATE_EXTERN = NO;
				GCC_OPTIMIZATION_LEVEL = 0;
				GCC_PREPROCESSOR_DEFINITIONS = ("'CMAKE_INTDIR=\"$(CONFIGURATION)$(EFFECTIVE_PLATFORM_NAME)\"'");
				GCC_SYMBOLS_PRIVATE_EXTERN = NO;
				HEADER_SEARCH_PATHS = (/opt/local/include,/opt/local/include/opencv);
				INSTALL_PATH = "";
				OTHER_LDFLAGS = " ";
				OTHER_REZFLAGS = "";
				PRODUCT_NAME = ALL_BUILD;
				SECTORDER_FLAGS = "";
				SYMROOT = /Users/Rozen_mac/code/opencv/project/cmake_test/build_mac;
				USE_HEADERMAP = NO;
				WARNING_CFLAGS = ("-Wmost","-Wno-four-char-constants","-Wno-unknown-pragmas","$(inherited)");
			};
			name = Release;
		};
		7A9BC83BB0E44FB6AAC1A285 /* Debug */ = {
			isa = XCBuildConfiguration;
			buildSettings = {
				COMBINE_HIDPI_IMAGES = YES;
				GCC_GENERATE_DEBUGGING_SYMBOLS = YES;
				GCC_INLINES_ARE_PRIVATE_EXTERN = NO;
				GCC_OPTIMIZATION_LEVEL = 0;
				GCC_PREPROCESSOR_DEFINITIONS = ("'CMAKE_INTDIR=\"$(CONFIGURATION)$(EFFECTIVE_PLATFORM_NAME)\"'");
				GCC_SYMBOLS_PRIVATE_EXTERN = NO;
				HEADER_SEARCH_PATHS = (/opt/local/include,/opt/local/include/opencv);
				INSTALL_PATH = "";
				OTHER_LDFLAGS = " ";
				OTHER_REZFLAGS = "";
				PRODUCT_NAME = ALL_BUILD;
				SECTORDER_FLAGS = "";
				SYMROOT = /Users/Rozen_mac/code/opencv/project/cmake_test/build_mac;
				USE_HEADERMAP = NO;
				WARNING_CFLAGS = ("-Wmost","-Wno-four-char-constants","-Wno-unknown-pragmas","$(inherited)");
			};
			name = Debug;
		};
		815B4A74B4194974B37D3B31 /* MinSizeRel */ = {
			isa = XCBuildConfiguration;
			buildSettings = {
				COMBINE_HIDPI_IMAGES = YES;
				EXECUTABLE_PREFIX = lib;
				EXECUTABLE_SUFFIX = .a;
				GCC_GENERATE_DEBUGGING_SYMBOLS = YES;
				GCC_INLINES_ARE_PRIVATE_EXTERN = NO;
				GCC_OPTIMIZATION_LEVEL = s;
				GCC_PREPROCESSOR_DEFINITIONS = ("'CMAKE_INTDIR=\"$(CONFIGURATION)$(EFFECTIVE_PLATFORM_NAME)\"'");
				GCC_SYMBOLS_PRIVATE_EXTERN = NO;
				HEADER_SEARCH_PATHS = (/opt/local/include,/opt/local/include/opencv);
				INSTALL_PATH = "";
				LIBRARY_STYLE = STATIC;
				OTHER_CPLUSPLUSFLAGS = " -Wall -pedantic -pthread        -fprofile-arcs -ftest-coverage     -DNDEBUG '-std=gnu++11'  ";
				OTHER_LIBTOOLFLAGS = " ";
				OTHER_REZFLAGS = "";
				PRODUCT_NAME = image_track;
				SECTORDER_FLAGS = "";
				SYMROOT = /Users/Rozen_mac/code/opencv/project/cmake_test/build_mac;
				USE_HEADERMAP = NO;
				WARNING_CFLAGS = ("-Wmost","-Wno-four-char-constants","-Wno-unknown-pragmas","$(inherited)");
			};
			name = MinSizeRel;
		};
		9344706B341A4D6DA91B6AFF /* RelWithDebInfo */ = {
			isa = XCBuildConfiguration;
			buildSettings = {
				COMBINE_HIDPI_IMAGES = YES;
				EXECUTABLE_PREFIX = lib;
				EXECUTABLE_SUFFIX = .a;
				GCC_GENERATE_DEBUGGING_SYMBOLS = YES;
				GCC_INLINES_ARE_PRIVATE_EXTERN = NO;
				GCC_OPTIMIZATION_LEVEL = 2;
				GCC_PREPROCESSOR_DEFINITIONS = ("'CMAKE_INTDIR=\"$(CONFIGURATION)$(EFFECTIVE_PLATFORM_NAME)\"'");
				GCC_SYMBOLS_PRIVATE_EXTERN = NO;
				HEADER_SEARCH_PATHS = (/opt/local/include,/opt/local/include/opencv);
				INSTALL_PATH = "";
				LIBRARY_STYLE = STATIC;
				OTHER_CPLUSPLUSFLAGS = " -Wall -pedantic -pthread        -fprofile-arcs -ftest-coverage        -DNDEBUG '-std=gnu++11'  ";
				OTHER_LIBTOOLFLAGS = " ";
				OTHER_REZFLAGS = "";
				PRODUCT_NAME = Process;
				SECTORDER_FLAGS = "";
				SYMROOT = /Users/Rozen_mac/code/opencv/project/cmake_test/build_mac;
				USE_HEADERMAP = NO;
				WARNING_CFLAGS = ("-Wmost","-Wno-four-char-constants","-Wno-unknown-pragmas","$(inherited)");
			};
			name = RelWithDebInfo;
		};
		9EE19D4C88F24AE98EBB02B2 /* Debug */ = {
			isa = XCBuildConfiguration;
			buildSettings = {
				COMBINE_HIDPI_IMAGES = YES;
				EXECUTABLE_PREFIX = lib;
				EXECUTABLE_SUFFIX = .a;
				GCC_GENERATE_DEBUGGING_SYMBOLS = YES;
				GCC_INLINES_ARE_PRIVATE_EXTERN = NO;
				GCC_OPTIMIZATION_LEVEL = 0;
				GCC_PREPROCESSOR_DEFINITIONS = ("'CMAKE_INTDIR=\"$(CONFIGURATION)$(EFFECTIVE_PLATFORM_NAME)\"'");
				GCC_SYMBOLS_PRIVATE_EXTERN = NO;
				HEADER_SEARCH_PATHS = (/opt/local/include,/opt/local/include/opencv);
				INSTALL_PATH = "";
				LIBRARY_STYLE = STATIC;
				OTHER_CPLUSPLUSFLAGS = " -Wall -pedantic -pthread        -fprofile-arcs -ftest-coverage    '-std=gnu++11'  ";
				OTHER_LIBTOOLFLAGS = " ";
				OTHER_REZFLAGS = "";
				PRODUCT_NAME = trackFilteredObject;
				SECTORDER_FLAGS = "";
				SYMROOT = /Users/Rozen_mac/code/opencv/project/cmake_test/build_mac;
				USE_HEADERMAP = NO;
				WARNING_CFLAGS = ("-Wmost","-Wno-four-char-constants","-Wno-unknown-pragmas","$(inherited)");
			};
			name = Debug;
		};
		A41EB8FB04144C44804F78B0 /* RelWithDebInfo */ = {
			isa = XCBuildConfiguration;
			buildSettings = {
				COMBINE_HIDPI_IMAGES = YES;
				EXECUTABLE_PREFIX = lib;
				EXECUTABLE_SUFFIX = .a;
				GCC_GENERATE_DEBUGGING_SYMBOLS = YES;
				GCC_INLINES_ARE_PRIVATE_EXTERN = NO;
				GCC_OPTIMIZATION_LEVEL = 2;
				GCC_PREPROCESSOR_DEFINITIONS = ("'CMAKE_INTDIR=\"$(CONFIGURATION)$(EFFECTIVE_PLATFORM_NAME)\"'");
				GCC_SYMBOLS_PRIVATE_EXTERN = NO;
				HEADER_SEARCH_PATHS = (/opt/local/include,/opt/local/include/opencv);
				INSTALL_PATH = "";
				LIBRARY_STYLE = STATIC;
				OTHER_CPLUSPLUSFLAGS = " -Wall -pedantic -pthread        -fprofile-arcs -ftest-coverage        -DNDEBUG '-std=gnu++11'  ";
				OTHER_LIBTOOLFLAGS = " ";
				OTHER_REZFLAGS = "";
				PRODUCT_NAME = Serial;
				SECTORDER_FLAGS = "";
				SYMROOT = /Users/Rozen_mac/code/opencv/project/cmake_test/build_mac;
				USE_HEADERMAP = NO;
				WARNING_CFLAGS = ("-Wmost","-Wno-four-char-constants","-Wno-unknown-pragmas","$(inherited)");
			};
			name = RelWithDebInfo;
		};
		A663FAF3ED2643179C71ECBE /* Debug */ = {
			isa = XCBuildConfiguration;
			buildSettings = {
				COMBINE_HIDPI_IMAGES = YES;
				EXECUTABLE_PREFIX = lib;
				EXECUTABLE_SUFFIX = .a;
				GCC_GENERATE_DEBUGGING_SYMBOLS = YES;
				GCC_INLINES_ARE_PRIVATE_EXTERN = NO;
				GCC_OPTIMIZATION_LEVEL = 0;
				GCC_PREPROCESSOR_DEFINITIONS = ("'CMAKE_INTDIR=\"$(CONFIGURATION)$(EFFECTIVE_PLATFORM_NAME)\"'");
				GCC_SYMBOLS_PRIVATE_EXTERN = NO;
				HEADER_SEARCH_PATHS = (/opt/local/include,/opt/local/include/opencv);
				INSTALL_PATH = "";
				LIBRARY_STYLE = STATIC;
				OTHER_CPLUSPLUSFLAGS = " -Wall -pedantic -pthread        -fprofile-arcs -ftest-coverage    '-std=gnu++11'  ";
				OTHER_LIBTOOLFLAGS = " ";
				OTHER_REZFLAGS = "";
				PRODUCT_NAME = Process;
				SECTORDER_FLAGS = "";
				SYMROOT = /Users/Rozen_mac/code/opencv/project/cmake_test/build_mac;
				USE_HEADERMAP = NO;
				WARNING_CFLAGS = ("-Wmost","-Wno-four-char-constants","-Wno-unknown-pragmas","$(inherited)");
			};
			name = Debug;
		};
		A6AD7822171A4FA7AF14B6D8 /* RelWithDebInfo */ = {
			isa = XCBuildConfiguration;
			buildSettings = {
				COMBINE_HIDPI_IMAGES = YES;
				GCC_GENERATE_DEBUGGING_SYMBOLS = YES;
				GCC_INLINES_ARE_PRIVATE_EXTERN = NO;
				GCC_OPTIMIZATION_LEVEL = 0;
				GCC_PREPROCESSOR_DEFINITIONS = ("'CMAKE_INTDIR=\"$(CONFIGURATION)$(EFFECTIVE_PLATFORM_NAME)\"'");
				GCC_SYMBOLS_PRIVATE_EXTERN = NO;
				HEADER_SEARCH_PATHS = (/opt/local/include,/opt/local/include/opencv);
				INSTALL_PATH = "";
				OTHER_LDFLAGS = " ";
				OTHER_REZFLAGS = "";
				PRODUCT_NAME = ZERO_CHECK;
				SECTORDER_FLAGS = "";
				SYMROOT = /Users/Rozen_mac/code/opencv/project/cmake_test/build_mac;
				USE_HEADERMAP = NO;
				WARNING_CFLAGS = ("-Wmost","-Wno-four-char-constants","-Wno-unknown-pragmas","$(inherited)");
			};
			name = RelWithDebInfo;
		};
		AF0E3BE81E054A44A976995C /* Debug */ = {
			isa = XCBuildConfiguration;
			buildSettings = {
				COMBINE_HIDPI_IMAGES = YES;
				EXECUTABLE_PREFIX = lib;
				EXECUTABLE_SUFFIX = .a;
				GCC_GENERATE_DEBUGGING_SYMBOLS = YES;
				GCC_INLINES_ARE_PRIVATE_EXTERN = NO;
				GCC_OPTIMIZATION_LEVEL = 0;
				GCC_PREPROCESSOR_DEFINITIONS = ("'CMAKE_INTDIR=\"$(CONFIGURATION)$(EFFECTIVE_PLATFORM_NAME)\"'");
				GCC_SYMBOLS_PRIVATE_EXTERN = NO;
				HEADER_SEARCH_PATHS = (/opt/local/include,/opt/local/include/opencv);
				INSTALL_PATH = "";
				LIBRARY_STYLE = STATIC;
				OTHER_CPLUSPLUSFLAGS = " -Wall -pedantic -pthread        -fprofile-arcs -ftest-coverage    '-std=gnu++11'  ";
				OTHER_LIBTOOLFLAGS = " ";
				OTHER_REZFLAGS = "";
				PRODUCT_NAME = Control;
				SECTORDER_FLAGS = "";
				SYMROOT = /Users/Rozen_mac/code/opencv/project/cmake_test/build_mac;
				USE_HEADERMAP = NO;
				WARNING_CFLAGS = ("-Wmost","-Wno-four-char-constants","-Wno-unknown-pragmas","$(inherited)");
			};
			name = Debug;
		};
		B655788BE11F4B8BB992EAC6 /* RelWithDebInfo */ = {
			isa = XCBuildConfiguration;
			buildSettings = {
				COMBINE_HIDPI_IMAGES = YES;
				GCC_GENERATE_DEBUGGING_SYMBOLS = YES;
				GCC_INLINES_ARE_PRIVATE_EXTERN = NO;
				GCC_OPTIMIZATION_LEVEL = 0;
				GCC_PREPROCESSOR_DEFINITIONS = ("'CMAKE_INTDIR=\"$(CONFIGURATION)$(EFFECTIVE_PLATFORM_NAME)\"'");
				GCC_SYMBOLS_PRIVATE_EXTERN = NO;
				HEADER_SEARCH_PATHS = (/opt/local/include,/opt/local/include/opencv);
				INSTALL_PATH = "";
				OTHER_LDFLAGS = " ";
				OTHER_REZFLAGS = "";
				PRODUCT_NAME = ALL_BUILD;
				SECTORDER_FLAGS = "";
				SYMROOT = /Users/Rozen_mac/code/opencv/project/cmake_test/build_mac;
				USE_HEADERMAP = NO;
				WARNING_CFLAGS = ("-Wmost","-Wno-four-char-constants","-Wno-unknown-pragmas","$(inherited)");
			};
			name = RelWithDebInfo;
		};
		BA27A84FCA8D4FAE95C9DAF0 /* RelWithDebInfo */ = {
			isa = XCBuildConfiguration;
			buildSettings = {
				COMBINE_HIDPI_IMAGES = YES;
				EXECUTABLE_PREFIX = "";
				EXECUTABLE_SUFFIX = "";
				GCC_GENERATE_DEBUGGING_SYMBOLS = YES;
				GCC_INLINES_ARE_PRIVATE_EXTERN = NO;
				GCC_OPTIMIZATION_LEVEL = 2;
				GCC_PREPROCESSOR_DEFINITIONS = ("'CMAKE_INTDIR=\"$(CONFIGURATION)$(EFFECTIVE_PLATFORM_NAME)\"'");
				GCC_SYMBOLS_PRIVATE_EXTERN = NO;
				INSTALL_PATH = "";
				LIBRARY_SEARCH_PATHS = "";
				OTHER_CPLUSPLUSFLAGS = " -Wall -pedantic -pthread        -fprofile-arcs -ftest-coverage        -DNDEBUG '-std=gnu++11'  ";
				OTHER_LDFLAGS = " -Wl,-search_paths_first -Wl,-headerpad_max_install_names  /opt/local/lib/libopencv_shape.3.2.0.dylib /opt/local/lib/libopencv_stitching.3.2.0.dylib /opt/local/lib/libopencv_superres.3.2.0.dylib /opt/local/lib/libopencv_videostab.3.2.0.dylib /Users/Rozen_mac/code/opencv/project/cmake_test/build_mac/RelWithDebInfo/libimage_add.a /Users/Rozen_mac/code/opencv/project/cmake_test/build_mac/RelWithDebInfo/libimage_track.a /Users/Rozen_mac/code/opencv/project/cmake_test/build_mac/RelWithDebInfo/libtrackFilteredObject.a /Users/Rozen_mac/code/opencv/project/cmake_test/build_mac/RelWithDebInfo/libSerial.a /Users/Rozen_mac/code/opencv/project/cmake_test/build_mac/RelWithDebInfo/libControl.a /Users/Rozen_mac/code/opencv/project/cmake_test/build_mac/RelWithDebInfo/libProcess.a /opt/local/lib/libopencv_objdetect.3.2.0.dylib /opt/local/lib/libopencv_calib3d.3.2.0.dylib /opt/local/lib/libopencv_features2d.3.2.0.dylib /opt/local/lib/libopencv_flann.3.2.0.dylib /opt/local/lib/libopencv_highgui.3.2.0.dylib /opt/local/lib/libopencv_ml.3.2.0.dylib /opt/local/lib/libopencv_photo.3.2.0.dylib /opt/local/lib/libopencv_video.3.2.0.dylib /opt/local/lib/libopencv_videoio.3.2.0.dylib /opt/local/lib/libopencv_imgcodecs.3.2.0.dylib /opt/local/lib/libopencv_imgproc.3.2.0.dylib /opt/local/lib/libopencv_core.3.2.0.dylib";
				OTHER_REZFLAGS = "";
				PRODUCT_NAME = main;
				SECTORDER_FLAGS = "";
				SYMROOT = /Users/Rozen_mac/code/opencv/project/cmake_test/build_mac;
				SYSTEM_HEADER_SEARCH_PATHS = (/opt/local/include,/opt/local/include/opencv);
				USE_HEADERMAP = NO;
				WARNING_CFLAGS = ("-Wmost","-Wno-four-char-constants","-Wno-unknown-pragmas","$(inherited)");
			};
			name = RelWithDebInfo;
		};
		BBBD93B5C1E346978B5D0529 /* RelWithDebInfo */ = {
			isa = XCBuildConfiguration;
			buildSettings = {
				COMBINE_HIDPI_IMAGES = YES;
				EXECUTABLE_PREFIX = lib;
				EXECUTABLE_SUFFIX = .a;
				GCC_GENERATE_DEBUGGING_SYMBOLS = YES;
				GCC_INLINES_ARE_PRIVATE_EXTERN = NO;
				GCC_OPTIMIZATION_LEVEL = 2;
				GCC_PREPROCESSOR_DEFINITIONS = ("'CMAKE_INTDIR=\"$(CONFIGURATION)$(EFFECTIVE_PLATFORM_NAME)\"'");
				GCC_SYMBOLS_PRIVATE_EXTERN = NO;
				HEADER_SEARCH_PATHS = (/opt/local/include,/opt/local/include/opencv);
				INSTALL_PATH = "";
				LIBRARY_STYLE = STATIC;
				OTHER_CPLUSPLUSFLAGS = " -Wall -pedantic -pthread        -fprofile-arcs -ftest-coverage        -DNDEBUG '-std=gnu++11'  ";
				OTHER_LIBTOOLFLAGS = " ";
				OTHER_REZFLAGS = "";
				PRODUCT_NAME = trackFilteredObject;
				SECTORDER_FLAGS = "";
				SYMROOT = /Users/Rozen_mac/code/opencv/project/cmake_test/build_mac;
				USE_HEADERMAP = NO;
				WARNING_CFLAGS = ("-Wmost","-Wno-four-char-constants","-Wno-unknown-pragmas","$(inherited)");
			};
			name = RelWithDebInfo;
		};
		BD164EDC810B4C7F8EA0E9EE /* Release */ = {
			isa = XCBuildConfiguration;
			buildSettings = {
				COMBINE_HIDPI_IMAGES = YES;
				EXECUTABLE_PREFIX = lib;
				EXECUTABLE_SUFFIX = .a;
				GCC_GENERATE_DEBUGGING_SYMBOLS = YES;
				GCC_INLINES_ARE_PRIVATE_EXTERN = NO;
				GCC_OPTIMIZATION_LEVEL = 3;
				GCC_PREPROCESSOR_DEFINITIONS = ("'CMAKE_INTDIR=\"$(CONFIGURATION)$(EFFECTIVE_PLATFORM_NAME)\"'");
				GCC_SYMBOLS_PRIVATE_EXTERN = NO;
				HEADER_SEARCH_PATHS = (/opt/local/include,/opt/local/include/opencv);
				INSTALL_PATH = "";
				LIBRARY_STYLE = STATIC;
				OTHER_CPLUSPLUSFLAGS = " -Wall -pedantic -pthread        -fprofile-arcs -ftest-coverage     -DNDEBUG '-std=gnu++11'  ";
				OTHER_LIBTOOLFLAGS = " ";
				OTHER_REZFLAGS = "";
				PRODUCT_NAME = Control;
				SECTORDER_FLAGS = "";
				SYMROOT = /Users/Rozen_mac/code/opencv/project/cmake_test/build_mac;
				USE_HEADERMAP = NO;
				WARNING_CFLAGS = ("-Wmost","-Wno-four-char-constants","-Wno-unknown-pragmas","$(inherited)");
			};
			name = Release;
		};
		C1D7434B11974E5CA5E78AD6 /* MinSizeRel */ = {
			isa = XCBuildConfiguration;
			buildSettings = {
				ONLY_ACTIVE_ARCH = YES;
				SDKROOT = /Applications/Xcode.app/Contents/Developer/Platforms/MacOSX.platform/Developer/SDKs/MacOSX10.12.sdk;
				SYMROOT = /Users/Rozen_mac/code/opencv/project/cmake_test/build_mac/build;
			};
			name = MinSizeRel;
		};
		C54B159E449C421695F9BA09 /* MinSizeRel */ = {
			isa = XCBuildConfiguration;
			buildSettings = {
				COMBINE_HIDPI_IMAGES = YES;
				EXECUTABLE_PREFIX = lib;
				EXECUTABLE_SUFFIX = .a;
				GCC_GENERATE_DEBUGGING_SYMBOLS = YES;
				GCC_INLINES_ARE_PRIVATE_EXTERN = NO;
				GCC_OPTIMIZATION_LEVEL = s;
				GCC_PREPROCESSOR_DEFINITIONS = ("'CMAKE_INTDIR=\"$(CONFIGURATION)$(EFFECTIVE_PLATFORM_NAME)\"'");
				GCC_SYMBOLS_PRIVATE_EXTERN = NO;
				HEADER_SEARCH_PATHS = (/opt/local/include,/opt/local/include/opencv);
				INSTALL_PATH = "";
				LIBRARY_STYLE = STATIC;
				OTHER_CPLUSPLUSFLAGS = " -Wall -pedantic -pthread        -fprofile-arcs -ftest-coverage     -DNDEBUG '-std=gnu++11'  ";
				OTHER_LIBTOOLFLAGS = " ";
				OTHER_REZFLAGS = "";
				PRODUCT_NAME = Serial;
				SECTORDER_FLAGS = "";
				SYMROOT = /Users/Rozen_mac/code/opencv/project/cmake_test/build_mac;
				USE_HEADERMAP = NO;
				WARNING_CFLAGS = ("-Wmost","-Wno-four-char-constants","-Wno-unknown-pragmas","$(inherited)");
			};
			name = MinSizeRel;
		};
		C7E57D8E5D334E6DB5668AAC /* Debug */ = {
			isa = XCBuildConfiguration;
			buildSettings = {
				COMBINE_HIDPI_IMAGES = YES;
				EXECUTABLE_PREFIX = lib;
				EXECUTABLE_SUFFIX = .a;
				GCC_GENERATE_DEBUGGING_SYMBOLS = YES;
				GCC_INLINES_ARE_PRIVATE_EXTERN = NO;
				GCC_OPTIMIZATION_LEVEL = 0;
				GCC_PREPROCESSOR_DEFINITIONS = ("'CMAKE_INTDIR=\"$(CONFIGURATION)$(EFFECTIVE_PLATFORM_NAME)\"'");
				GCC_SYMBOLS_PRIVATE_EXTERN = NO;
				HEADER_SEARCH_PATHS = (/opt/local/include,/opt/local/include/opencv);
				INSTALL_PATH = "";
				LIBRARY_STYLE = STATIC;
				OTHER_CPLUSPLUSFLAGS = " -Wall -pedantic -pthread        -fprofile-arcs -ftest-coverage    '-std=gnu++11'  ";
				OTHER_LIBTOOLFLAGS = " ";
				OTHER_REZFLAGS = "";
				PRODUCT_NAME = image_add;
				SECTORDER_FLAGS = "";
				SYMROOT = /Users/Rozen_mac/code/opencv/project/cmake_test/build_mac;
				USE_HEADERMAP = NO;
				WARNING_CFLAGS = ("-Wmost","-Wno-four-char-constants","-Wno-unknown-pragmas","$(inherited)");
			};
			name = Debug;
		};
		D17BAD41AE834B1784763AB5 /* Release */ = {
			isa = XCBuildConfiguration;
			buildSettings = {
				COMBINE_HIDPI_IMAGES = YES;
				EXECUTABLE_PREFIX = lib;
				EXECUTABLE_SUFFIX = .a;
				GCC_GENERATE_DEBUGGING_SYMBOLS = YES;
				GCC_INLINES_ARE_PRIVATE_EXTERN = NO;
				GCC_OPTIMIZATION_LEVEL = 3;
				GCC_PREPROCESSOR_DEFINITIONS = ("'CMAKE_INTDIR=\"$(CONFIGURATION)$(EFFECTIVE_PLATFORM_NAME)\"'");
				GCC_SYMBOLS_PRIVATE_EXTERN = NO;
				HEADER_SEARCH_PATHS = (/opt/local/include,/opt/local/include/opencv);
				INSTALL_PATH = "";
				LIBRARY_STYLE = STATIC;
				OTHER_CPLUSPLUSFLAGS = " -Wall -pedantic -pthread        -fprofile-arcs -ftest-coverage     -DNDEBUG '-std=gnu++11'  ";
				OTHER_LIBTOOLFLAGS = " ";
				OTHER_REZFLAGS = "";
				PRODUCT_NAME = trackFilteredObject;
				SECTORDER_FLAGS = "";
				SYMROOT = /Users/Rozen_mac/code/opencv/project/cmake_test/build_mac;
				USE_HEADERMAP = NO;
				WARNING_CFLAGS = ("-Wmost","-Wno-four-char-constants","-Wno-unknown-pragmas","$(inherited)");
			};
			name = Release;
		};
		DC2B20A5D7924F74879DA153 /* MinSizeRel */ = {
			isa = XCBuildConfiguration;
			buildSettings = {
				COMBINE_HIDPI_IMAGES = YES;
				EXECUTABLE_PREFIX = lib;
				EXECUTABLE_SUFFIX = .a;
				GCC_GENERATE_DEBUGGING_SYMBOLS = YES;
				GCC_INLINES_ARE_PRIVATE_EXTERN = NO;
				GCC_OPTIMIZATION_LEVEL = s;
				GCC_PREPROCESSOR_DEFINITIONS = ("'CMAKE_INTDIR=\"$(CONFIGURATION)$(EFFECTIVE_PLATFORM_NAME)\"'");
				GCC_SYMBOLS_PRIVATE_EXTERN = NO;
				HEADER_SEARCH_PATHS = (/opt/local/include,/opt/local/include/opencv);
				INSTALL_PATH = "";
				LIBRARY_STYLE = STATIC;
				OTHER_CPLUSPLUSFLAGS = " -Wall -pedantic -pthread        -fprofile-arcs -ftest-coverage     -DNDEBUG '-std=gnu++11'  ";
				OTHER_LIBTOOLFLAGS = " ";
				OTHER_REZFLAGS = "";
				PRODUCT_NAME = image_add;
				SECTORDER_FLAGS = "";
				SYMROOT = /Users/Rozen_mac/code/opencv/project/cmake_test/build_mac;
				USE_HEADERMAP = NO;
				WARNING_CFLAGS = ("-Wmost","-Wno-four-char-constants","-Wno-unknown-pragmas","$(inherited)");
			};
			name = MinSizeRel;
		};
		DDFB2B3AE2BB4EA2916092DF /* Debug */ = {
			isa = XCBuildConfiguration;
			buildSettings = {
				COMBINE_HIDPI_IMAGES = YES;
				EXECUTABLE_PREFIX = lib;
				EXECUTABLE_SUFFIX = .a;
				GCC_GENERATE_DEBUGGING_SYMBOLS = YES;
				GCC_INLINES_ARE_PRIVATE_EXTERN = NO;
				GCC_OPTIMIZATION_LEVEL = 0;
				GCC_PREPROCESSOR_DEFINITIONS = ("'CMAKE_INTDIR=\"$(CONFIGURATION)$(EFFECTIVE_PLATFORM_NAME)\"'");
				GCC_SYMBOLS_PRIVATE_EXTERN = NO;
				HEADER_SEARCH_PATHS = (/opt/local/include,/opt/local/include/opencv);
				INSTALL_PATH = "";
				LIBRARY_STYLE = STATIC;
				OTHER_CPLUSPLUSFLAGS = " -Wall -pedantic -pthread        -fprofile-arcs -ftest-coverage    '-std=gnu++11'  ";
				OTHER_LIBTOOLFLAGS = " ";
				OTHER_REZFLAGS = "";
				PRODUCT_NAME = Serial;
				SECTORDER_FLAGS = "";
				SYMROOT = /Users/Rozen_mac/code/opencv/project/cmake_test/build_mac;
				USE_HEADERMAP = NO;
				WARNING_CFLAGS = ("-Wmost","-Wno-four-char-constants","-Wno-unknown-pragmas","$(inherited)");
			};
			name = Debug;
		};
		EA790D26095D4404B5BAA2ED /* Debug */ = {
			isa = XCBuildConfiguration;
			buildSettings = {
				COMBINE_HIDPI_IMAGES = YES;
				EXECUTABLE_PREFIX = "";
				EXECUTABLE_SUFFIX = "";
				GCC_GENERATE_DEBUGGING_SYMBOLS = YES;
				GCC_INLINES_ARE_PRIVATE_EXTERN = NO;
				GCC_OPTIMIZATION_LEVEL = 0;
				GCC_PREPROCESSOR_DEFINITIONS = ("'CMAKE_INTDIR=\"$(CONFIGURATION)$(EFFECTIVE_PLATFORM_NAME)\"'");
				GCC_SYMBOLS_PRIVATE_EXTERN = NO;
				INSTALL_PATH = "";
				LIBRARY_SEARCH_PATHS = "";
				OTHER_CPLUSPLUSFLAGS = " -Wall -pedantic -pthread        -fprofile-arcs -ftest-coverage    '-std=gnu++11'  ";
				OTHER_LDFLAGS = " -Wl,-search_paths_first -Wl,-headerpad_max_install_names  /opt/local/lib/libopencv_shape.3.2.0.dylib /opt/local/lib/libopencv_stitching.3.2.0.dylib /opt/local/lib/libopencv_superres.3.2.0.dylib /opt/local/lib/libopencv_videostab.3.2.0.dylib /Users/Rozen_mac/code/opencv/project/cmake_test/build_mac/Debug/libimage_add.a /Users/Rozen_mac/code/opencv/project/cmake_test/build_mac/Debug/libimage_track.a /Users/Rozen_mac/code/opencv/project/cmake_test/build_mac/Debug/libtrackFilteredObject.a /Users/Rozen_mac/code/opencv/project/cmake_test/build_mac/Debug/libSerial.a /Users/Rozen_mac/code/opencv/project/cmake_test/build_mac/Debug/libControl.a /Users/Rozen_mac/code/opencv/project/cmake_test/build_mac/Debug/libProcess.a /opt/local/lib/libopencv_objdetect.3.2.0.dylib /opt/local/lib/libopencv_calib3d.3.2.0.dylib /opt/local/lib/libopencv_features2d.3.2.0.dylib /opt/local/lib/libopencv_flann.3.2.0.dylib /opt/local/lib/libopencv_highgui.3.2.0.dylib /opt/local/lib/libopencv_ml.3.2.0.dylib /opt/local/lib/libopencv_photo.3.2.0.dylib /opt/local/lib/libopencv_video.3.2.0.dylib /opt/local/lib/libopencv_videoio.3.2.0.dylib /opt/local/lib/libopencv_imgcodecs.3.2.0.dylib /opt/local/lib/libopencv_imgproc.3.2.0.dylib /opt/local/lib/libopencv_core.3.2.0.dylib";
				OTHER_REZFLAGS = "";
				PRODUCT_NAME = main;
				SECTORDER_FLAGS = "";
				SYMROOT = /Users/Rozen_mac/code/opencv/project/cmake_test/build_mac;
				SYSTEM_HEADER_SEARCH_PATHS = (/opt/local/include,/opt/local/include/opencv);
				USE_HEADERMAP = NO;
				WARNING_CFLAGS = ("-Wmost","-Wno-four-char-constants","-Wno-unknown-pragmas","$(inherited)");
			};
			name = Debug;
		};
		FE0EE651A2D24BB5B1C20F81 /* Release */ = {
			isa = XCBuildConfiguration;
			buildSettings = {
				COMBINE_HIDPI_IMAGES = YES;
				EXECUTABLE_PREFIX = lib;
				EXECUTABLE_SUFFIX = .a;
				GCC_GENERATE_DEBUGGING_SYMBOLS = YES;
				GCC_INLINES_ARE_PRIVATE_EXTERN = NO;
				GCC_OPTIMIZATION_LEVEL = 3;
				GCC_PREPROCESSOR_DEFINITIONS = ("'CMAKE_INTDIR=\"$(CONFIGURATION)$(EFFECTIVE_PLATFORM_NAME)\"'");
				GCC_SYMBOLS_PRIVATE_EXTERN = NO;
				HEADER_SEARCH_PATHS = (/opt/local/include,/opt/local/include/opencv);
				INSTALL_PATH = "";
				LIBRARY_STYLE = STATIC;
				OTHER_CPLUSPLUSFLAGS = " -Wall -pedantic -pthread        -fprofile-arcs -ftest-coverage     -DNDEBUG '-std=gnu++11'  ";
				OTHER_LIBTOOLFLAGS = " ";
				OTHER_REZFLAGS = "";
				PRODUCT_NAME = Serial;
				SECTORDER_FLAGS = "";
				SYMROOT = /Users/Rozen_mac/code/opencv/project/cmake_test/build_mac;
				USE_HEADERMAP = NO;
				WARNING_CFLAGS = ("-Wmost","-Wno-four-char-constants","-Wno-unknown-pragmas","$(inherited)");
			};
			name = Release;
		};
/* End XCBuildConfiguration section */

/* Begin XCConfigurationList section */
		20D8DB72D44B421F884F7BCA /* Build configuration list for PBXProject "main" */ = {
			isa = XCConfigurationList;
			buildConfigurations = (
				5246E763EE734CA6A9CEA0DF /* Debug */,
				55127B8D96774132A33EC3FE /* Release */,
				C1D7434B11974E5CA5E78AD6 /* MinSizeRel */,
				4DE514646FFA4B7AA281CDCF /* RelWithDebInfo */,
			);
			defaultConfigurationIsVisible = 0;
			defaultConfigurationName = Debug;
		};
		497F612A71A94713AAA1C5AE /* Build configuration list for PBXNativeTarget "Process" */ = {
			isa = XCConfigurationList;
			buildConfigurations = (
				A663FAF3ED2643179C71ECBE /* Debug */,
				78A1D092F40A471BA4BB4FDC /* Release */,
				2CE10756B399418DB379510C /* MinSizeRel */,
				9344706B341A4D6DA91B6AFF /* RelWithDebInfo */,
			);
			defaultConfigurationIsVisible = 0;
			defaultConfigurationName = Debug;
		};
		691D0EB5C490453ABB253605 /* Build configuration list for PBXNativeTarget "Control" */ = {
			isa = XCConfigurationList;
			buildConfigurations = (
				AF0E3BE81E054A44A976995C /* Debug */,
				BD164EDC810B4C7F8EA0E9EE /* Release */,
				03AE0B8C9AF647B48F178F17 /* MinSizeRel */,
				117BF0AA11534CAD98BE5735 /* RelWithDebInfo */,
			);
			defaultConfigurationIsVisible = 0;
			defaultConfigurationName = Debug;
		};
		6B3185A1AFF94A3098D115E6 /* Build configuration list for PBXNativeTarget "image_add" */ = {
			isa = XCConfigurationList;
			buildConfigurations = (
				C7E57D8E5D334E6DB5668AAC /* Debug */,
				7025AE8AAF2B4318B1107DA1 /* Release */,
				DC2B20A5D7924F74879DA153 /* MinSizeRel */,
				3B77896122014D23AE56F3AD /* RelWithDebInfo */,
			);
			defaultConfigurationIsVisible = 0;
			defaultConfigurationName = Debug;
		};
		933D5BB8D3724D258569CDD6 /* Build configuration list for PBXNativeTarget "main" */ = {
			isa = XCConfigurationList;
			buildConfigurations = (
				EA790D26095D4404B5BAA2ED /* Debug */,
				2E4A9E111687420192C793FB /* Release */,
				034875D366E1466DB53D0EF2 /* MinSizeRel */,
				BA27A84FCA8D4FAE95C9DAF0 /* RelWithDebInfo */,
			);
			defaultConfigurationIsVisible = 0;
			defaultConfigurationName = Debug;
		};
		9E215B069DE54985A293A415 /* Build configuration list for PBXNativeTarget "image_track" */ = {
			isa = XCConfigurationList;
			buildConfigurations = (
				045FE196DB8D44EDBE2DEA1B /* Debug */,
				5070B3A2A673417E935CFBF4 /* Release */,
				815B4A74B4194974B37D3B31 /* MinSizeRel */,
				0316A585B743483CB7776A19 /* RelWithDebInfo */,
			);
			defaultConfigurationIsVisible = 0;
			defaultConfigurationName = Debug;
		};
		A64BBD1E708E4719958A8742 /* Build configuration list for PBXNativeTarget "trackFilteredObject" */ = {
			isa = XCConfigurationList;
			buildConfigurations = (
				9EE19D4C88F24AE98EBB02B2 /* Debug */,
				D17BAD41AE834B1784763AB5 /* Release */,
				675C63EF674A4A3F8BA27782 /* MinSizeRel */,
				BBBD93B5C1E346978B5D0529 /* RelWithDebInfo */,
			);
			defaultConfigurationIsVisible = 0;
			defaultConfigurationName = Debug;
		};
		CB734FD00B3A4B528781A426 /* Build configuration list for PBXNativeTarget "Serial" */ = {
			isa = XCConfigurationList;
			buildConfigurations = (
				DDFB2B3AE2BB4EA2916092DF /* Debug */,
				FE0EE651A2D24BB5B1C20F81 /* Release */,
				C54B159E449C421695F9BA09 /* MinSizeRel */,
				A41EB8FB04144C44804F78B0 /* RelWithDebInfo */,
			);
			defaultConfigurationIsVisible = 0;
			defaultConfigurationName = Debug;
		};
		DA4D81052BEC4641A36FD8DE /* Build configuration list for PBXAggregateTarget "ZERO_CHECK" */ = {
			isa = XCConfigurationList;
			buildConfigurations = (
				064EEFE9DF3142559388FB7C /* Debug */,
				4566C00D03F445AFB3FA217A /* Release */,
				2416356EB09D41A3A3C2ADB0 /* MinSizeRel */,
				A6AD7822171A4FA7AF14B6D8 /* RelWithDebInfo */,
			);
			defaultConfigurationIsVisible = 0;
			defaultConfigurationName = Debug;
		};
		E125BDC107714C4B9D44C2A4 /* Build configuration list for PBXAggregateTarget "ALL_BUILD" */ = {
			isa = XCConfigurationList;
			buildConfigurations = (
				7A9BC83BB0E44FB6AAC1A285 /* Debug */,
				78A8A61973D54F869CBA22F4 /* Release */,
				6F8EEF9A8C4A47FF9C7A0655 /* MinSizeRel */,
				B655788BE11F4B8BB992EAC6 /* RelWithDebInfo */,
			);
			defaultConfigurationIsVisible = 0;
			defaultConfigurationName = Debug;
		};
/* End XCConfigurationList section */
	};
	rootObject = 49079A34F54D4D47B188BE47 /* Project object */;
}
