// !$*UTF8*$!
{
	archiveVersion = 1;
	classes = {
	};
	objectVersion = 46;
	objects = {

/* Begin PBXAggregateTarget section */
		90AF375517CD40B7AC16F30C /* ALL_BUILD */ = {
			isa = PBXAggregateTarget;
			buildConfigurationList = C47858C7F12746ADB1686213 /* Build configuration list for PBXAggregateTarget "ALL_BUILD" */;
			buildPhases = (
				18B9D2A0B224475ABB729BD0 /* CMake Rules */,
			);
			dependencies = (
				B398A7A9B9AD433EA7176E52 /* PBXTargetDependency */,
				81D8D37CB2CE44EEA649CE9E /* PBXTargetDependency */,
				64763B6A5FC44014AC0D80CF /* PBXTargetDependency */,
				8542A51108D44D588EA94779 /* PBXTargetDependency */,
				CB93DEEBDDC341BB95971F2D /* PBXTargetDependency */,
				163403B2E45B458C823BB577 /* PBXTargetDependency */,
				B4C1F18C6CD146629CAECF3A /* PBXTargetDependency */,
			);
			name = ALL_BUILD;
			productName = ALL_BUILD;
		};
		BF53A60402014A1BB2D56922 /* ZERO_CHECK */ = {
			isa = PBXAggregateTarget;
			buildConfigurationList = E52798C2349545FC81BE3923 /* Build configuration list for PBXAggregateTarget "ZERO_CHECK" */;
			buildPhases = (
				664C9DFFE124437AA5BEE4E8 /* CMake Rules */,
			);
			dependencies = (
			);
			name = ZERO_CHECK;
			productName = ZERO_CHECK;
		};
/* End PBXAggregateTarget section */

/* Begin PBXBuildFile section */
		681C501148914DDC8DD70E53 /* trackFilteredObject.cpp in Sources */ = {isa = PBXBuildFile; fileRef = 36B56668C9974873A48A69BB /* trackFilteredObject.cpp */; };
		725ABE7AD5994406B1678D85 /* Serial.cpp in Sources */ = {isa = PBXBuildFile; fileRef = 257E442BF3734256AED9C96E /* Serial.cpp */; };
		77C5D68A19A246B8B7AD54BC /* image_track.cpp in Sources */ = {isa = PBXBuildFile; fileRef = B0E337DB66F94352A4E146A2 /* image_track.cpp */; };
		BCBBAAF9A02441FCA863D386 /* image_add.cpp in Sources */ = {isa = PBXBuildFile; fileRef = 16698EE43A8E44FC85426678 /* image_add.cpp */; };
		C5182A29A2BF462A85C7414C /* Process.cpp in Sources */ = {isa = PBXBuildFile; fileRef = C30CDB207FFD49FD9270D252 /* Process.cpp */; };
		FED1155C67F0478D8B589EB1 /* main.cpp in Sources */ = {isa = PBXBuildFile; fileRef = 25E86166D83143F886407D1F /* main.cpp */; };
/* End PBXBuildFile section */

/* Begin PBXContainerItemProxy section */
		014E53F6F7164F358AA9BF87 /* PBXContainerItemProxy */ = {
			isa = PBXContainerItemProxy;
			containerPortal = 73DB3309E3B84E7398313E57 /* Project object */;
			proxyType = 1;
			remoteGlobalIDString = 4CEC2A5267C34A518A5159D0;
			remoteInfo = image_add;
		};
		1654119B65B94CD28D96F571 /* PBXContainerItemProxy */ = {
			isa = PBXContainerItemProxy;
			containerPortal = 73DB3309E3B84E7398313E57 /* Project object */;
			proxyType = 1;
			remoteGlobalIDString = 4CEC2A5267C34A518A5159D0;
			remoteInfo = image_add;
		};
		34058A2D89944EED971DCCB5 /* PBXContainerItemProxy */ = {
			isa = PBXContainerItemProxy;
			containerPortal = 73DB3309E3B84E7398313E57 /* Project object */;
			proxyType = 1;
			remoteGlobalIDString = BF53A60402014A1BB2D56922;
			remoteInfo = ZERO_CHECK;
		};
		47648C210A894404B9D62E46 /* PBXContainerItemProxy */ = {
			isa = PBXContainerItemProxy;
			containerPortal = 73DB3309E3B84E7398313E57 /* Project object */;
			proxyType = 1;
			remoteGlobalIDString = BF53A60402014A1BB2D56922;
			remoteInfo = ZERO_CHECK;
		};
		524A3D6328EE429B983DCCEC /* PBXContainerItemProxy */ = {
			isa = PBXContainerItemProxy;
			containerPortal = 73DB3309E3B84E7398313E57 /* Project object */;
			proxyType = 1;
			remoteGlobalIDString = BF53A60402014A1BB2D56922;
			remoteInfo = ZERO_CHECK;
		};
		56CB4E67F30347C6B97E0EFE /* PBXContainerItemProxy */ = {
			isa = PBXContainerItemProxy;
			containerPortal = 73DB3309E3B84E7398313E57 /* Project object */;
			proxyType = 1;
			remoteGlobalIDString = FEB197851A524880AC53F4E2;
			remoteInfo = trackFilteredObject;
		};
		5A7F8D2C16D84AA192877F37 /* PBXContainerItemProxy */ = {
			isa = PBXContainerItemProxy;
			containerPortal = 73DB3309E3B84E7398313E57 /* Project object */;
			proxyType = 1;
			remoteGlobalIDString = AF509369DA844BCC897045F7;
			remoteInfo = Process;
		};
		609A2D82F1BD45FCAFF954EB /* PBXContainerItemProxy */ = {
			isa = PBXContainerItemProxy;
			containerPortal = 73DB3309E3B84E7398313E57 /* Project object */;
			proxyType = 1;
			remoteGlobalIDString = B39EB40BB0BB4B219DD26AD9;
			remoteInfo = image_track;
		};
		62BF7158801A41698FAE774C /* PBXContainerItemProxy */ = {
			isa = PBXContainerItemProxy;
			containerPortal = 73DB3309E3B84E7398313E57 /* Project object */;
			proxyType = 1;
			remoteGlobalIDString = AF509369DA844BCC897045F7;
			remoteInfo = Process;
		};
		7F9E85CC0A1F4537B9221D94 /* PBXContainerItemProxy */ = {
			isa = PBXContainerItemProxy;
			containerPortal = 73DB3309E3B84E7398313E57 /* Project object */;
			proxyType = 1;
			remoteGlobalIDString = 87E82F4635B24F7EA0275A4F;
			remoteInfo = main;
		};
		81DA077708434CAF9F2DE0FC /* PBXContainerItemProxy */ = {
			isa = PBXContainerItemProxy;
			containerPortal = 73DB3309E3B84E7398313E57 /* Project object */;
			proxyType = 1;
			remoteGlobalIDString = BF53A60402014A1BB2D56922;
			remoteInfo = ZERO_CHECK;
		};
		87228BA397D74DE09C213132 /* PBXContainerItemProxy */ = {
			isa = PBXContainerItemProxy;
			containerPortal = 73DB3309E3B84E7398313E57 /* Project object */;
			proxyType = 1;
			remoteGlobalIDString = BF53A60402014A1BB2D56922;
			remoteInfo = ZERO_CHECK;
		};
		A17C0B4491B04F069B146C7C /* PBXContainerItemProxy */ = {
			isa = PBXContainerItemProxy;
			containerPortal = 73DB3309E3B84E7398313E57 /* Project object */;
			proxyType = 1;
			remoteGlobalIDString = AECBA491792449EFBC891176;
			remoteInfo = Serial;
		};
		B3F5274960AD4BA392ABCE1A /* PBXContainerItemProxy */ = {
			isa = PBXContainerItemProxy;
			containerPortal = 73DB3309E3B84E7398313E57 /* Project object */;
			proxyType = 1;
			remoteGlobalIDString = BF53A60402014A1BB2D56922;
			remoteInfo = ZERO_CHECK;
		};
		BD060A6581A544AE82DC7040 /* PBXContainerItemProxy */ = {
			isa = PBXContainerItemProxy;
			containerPortal = 73DB3309E3B84E7398313E57 /* Project object */;
			proxyType = 1;
			remoteGlobalIDString = AECBA491792449EFBC891176;
			remoteInfo = Serial;
		};
		CA5FB42FC7D94F7596B1BBBC /* PBXContainerItemProxy */ = {
			isa = PBXContainerItemProxy;
			containerPortal = 73DB3309E3B84E7398313E57 /* Project object */;
			proxyType = 1;
			remoteGlobalIDString = B39EB40BB0BB4B219DD26AD9;
			remoteInfo = image_track;
		};
		D89BE76408434A6E9D3A9141 /* PBXContainerItemProxy */ = {
			isa = PBXContainerItemProxy;
			containerPortal = 73DB3309E3B84E7398313E57 /* Project object */;
			proxyType = 1;
			remoteGlobalIDString = BF53A60402014A1BB2D56922;
			remoteInfo = ZERO_CHECK;
		};
		DC32F80FAB1C40CE88557071 /* PBXContainerItemProxy */ = {
			isa = PBXContainerItemProxy;
			containerPortal = 73DB3309E3B84E7398313E57 /* Project object */;
			proxyType = 1;
			remoteGlobalIDString = FEB197851A524880AC53F4E2;
			remoteInfo = trackFilteredObject;
		};
/* End PBXContainerItemProxy section */

/* Begin PBXFileReference section */
		16698EE43A8E44FC85426678 /* image_add.cpp */ = {isa = PBXFileReference; explicitFileType = sourcecode.cpp.cpp; fileEncoding = 4; path = image_add.cpp; sourceTree = SOURCE_ROOT; };
		257E442BF3734256AED9C96E /* Serial.cpp */ = {isa = PBXFileReference; explicitFileType = sourcecode.cpp.cpp; fileEncoding = 4; path = Serial.cpp; sourceTree = SOURCE_ROOT; };
		25E86166D83143F886407D1F /* main.cpp */ = {isa = PBXFileReference; explicitFileType = sourcecode.cpp.cpp; fileEncoding = 4; path = main.cpp; sourceTree = SOURCE_ROOT; };
		348E52513B324024B2200FB1 /* libProcess.a */ = {isa = PBXFileReference; explicitFileType = archive.ar; path = libProcess.a; sourceTree = BUILT_PRODUCTS_DIR; };
		36B56668C9974873A48A69BB /* trackFilteredObject.cpp */ = {isa = PBXFileReference; explicitFileType = sourcecode.cpp.cpp; fileEncoding = 4; path = trackFilteredObject.cpp; sourceTree = SOURCE_ROOT; };
		4011AC2BB0F743EABDBABA0B /* CMakeLists.txt */ = {isa = PBXFileReference; explicitFileType = sourcecode.text; fileEncoding = 4; lastKnownFileType = text; path = CMakeLists.txt; sourceTree = SOURCE_ROOT; };
		566D23CA083540AEBF6EBC93 /* CMakeLists.txt */ = {isa = PBXFileReference; explicitFileType = sourcecode.text; fileEncoding = 4; lastKnownFileType = text; path = CMakeLists.txt; sourceTree = SOURCE_ROOT; };
		923A447199D543C797CBC659 /* CMakeLists.txt */ = {isa = PBXFileReference; explicitFileType = sourcecode.text; fileEncoding = 4; lastKnownFileType = text; path = CMakeLists.txt; sourceTree = SOURCE_ROOT; };
		9DFD797B65C244BB9A319EBA /* libtrackFilteredObject.a */ = {isa = PBXFileReference; explicitFileType = archive.ar; path = libtrackFilteredObject.a; sourceTree = BUILT_PRODUCTS_DIR; };
		9EA3284303BE40AE8F885E65 /* libimage_track.a */ = {isa = PBXFileReference; explicitFileType = archive.ar; path = libimage_track.a; sourceTree = BUILT_PRODUCTS_DIR; };
		AA219BEA1AB4491BA0585F72 /* CMakeLists.txt */ = {isa = PBXFileReference; explicitFileType = sourcecode.text; fileEncoding = 4; lastKnownFileType = text; path = CMakeLists.txt; sourceTree = SOURCE_ROOT; };
		AAA8457D510141E693A1F6DD /* CMakeLists.txt */ = {isa = PBXFileReference; explicitFileType = sourcecode.text; fileEncoding = 4; lastKnownFileType = text; path = CMakeLists.txt; sourceTree = SOURCE_ROOT; };
		AEFDCD31907142E6B3F636B6 /* CMakeLists.txt */ = {isa = PBXFileReference; explicitFileType = sourcecode.text; fileEncoding = 4; lastKnownFileType = text; path = CMakeLists.txt; sourceTree = SOURCE_ROOT; };
		B0E337DB66F94352A4E146A2 /* image_track.cpp */ = {isa = PBXFileReference; explicitFileType = sourcecode.cpp.cpp; fileEncoding = 4; path = image_track.cpp; sourceTree = SOURCE_ROOT; };
		C30CDB207FFD49FD9270D252 /* Process.cpp */ = {isa = PBXFileReference; explicitFileType = sourcecode.cpp.cpp; fileEncoding = 4; path = Process.cpp; sourceTree = SOURCE_ROOT; };
		E474FE629836442E82E084DC /* libSerial.a */ = {isa = PBXFileReference; explicitFileType = archive.ar; path = libSerial.a; sourceTree = BUILT_PRODUCTS_DIR; };
		E979CA0222B146C6940296DF /* CMakeLists.txt */ = {isa = PBXFileReference; explicitFileType = sourcecode.text; fileEncoding = 4; lastKnownFileType = text; path = CMakeLists.txt; sourceTree = SOURCE_ROOT; };
		ECD2172811EC4A82BB8B3265 /* CMakeLists.txt */ = {isa = PBXFileReference; explicitFileType = sourcecode.text; fileEncoding = 4; lastKnownFileType = text; path = CMakeLists.txt; sourceTree = SOURCE_ROOT; };
		ED87F1CE39244879B23D3946 /* main */ = {isa = PBXFileReference; explicitFileType = "compiled.mach-o.executable"; path = main; sourceTree = BUILT_PRODUCTS_DIR; };
		FDF9C5D3659549EBA40D735E /* libimage_add.a */ = {isa = PBXFileReference; explicitFileType = archive.ar; path = libimage_add.a; sourceTree = BUILT_PRODUCTS_DIR; };
/* End PBXFileReference section */

/* Begin PBXGroup section */
		16B56D2FFD4E4926AFBF2680 /* Source Files */ = {
			isa = PBXGroup;
			children = (
				C30CDB207FFD49FD9270D252 /* Process.cpp */,
			);
			name = "Source Files";
			sourceTree = "<group>";
		};
		286AE707F0774487B37F8069 /* trackFilteredObject */ = {
			isa = PBXGroup;
			children = (
				6502F2839C8B451C946D6CBA /* Source Files */,
				E979CA0222B146C6940296DF /* CMakeLists.txt */,
			);
			name = trackFilteredObject;
			sourceTree = "<group>";
		};
		2DB4B3432AB74529B0A2E4F0 /* ALL_BUILD */ = {
			isa = PBXGroup;
			children = (
				8B23EE43A4344F7993A43263 /* CMake Rules */,
				566D23CA083540AEBF6EBC93 /* CMakeLists.txt */,
			);
			name = ALL_BUILD;
			sourceTree = "<group>";
		};
		482D8AEAF06A45BEAA902ED7 /* Source Files */ = {
			isa = PBXGroup;
			children = (
				257E442BF3734256AED9C96E /* Serial.cpp */,
			);
			name = "Source Files";
			sourceTree = "<group>";
		};
		537DCDA53C2744B28E372F65 /* Serial */ = {
			isa = PBXGroup;
			children = (
				482D8AEAF06A45BEAA902ED7 /* Source Files */,
				AEFDCD31907142E6B3F636B6 /* CMakeLists.txt */,
			);
			name = Serial;
			sourceTree = "<group>";
		};
		6502F2839C8B451C946D6CBA /* Source Files */ = {
			isa = PBXGroup;
			children = (
				36B56668C9974873A48A69BB /* trackFilteredObject.cpp */,
			);
			name = "Source Files";
			sourceTree = "<group>";
		};
		758B7C46B58B437F9F3B7AE5 /* main */ = {
			isa = PBXGroup;
			children = (
				C5C63DE601074A02AA9AA297 /* Source Files */,
				AAA8457D510141E693A1F6DD /* CMakeLists.txt */,
			);
			name = main;
			sourceTree = "<group>";
		};
		8B23EE43A4344F7993A43263 /* CMake Rules */ = {
			isa = PBXGroup;
			children = (
			);
			name = "CMake Rules";
			sourceTree = "<group>";
		};
		B54E4F9276294805930DDB29 /* Source Files */ = {
			isa = PBXGroup;
			children = (
				B0E337DB66F94352A4E146A2 /* image_track.cpp */,
			);
			name = "Source Files";
			sourceTree = "<group>";
		};
		B70FCD8DBC874424B4FD2008 /* image_add */ = {
			isa = PBXGroup;
			children = (
				F3E8B23CD5414DC6AE2BC1E4 /* Source Files */,
				AA219BEA1AB4491BA0585F72 /* CMakeLists.txt */,
			);
			name = image_add;
			sourceTree = "<group>";
		};
		C29A0C5CF12C41009E39AF96 = {
			isa = PBXGroup;
			children = (
				E8943C241C894DFD82ED4C58 /* Process */,
				537DCDA53C2744B28E372F65 /* Serial */,
				758B7C46B58B437F9F3B7AE5 /* main */,
				286AE707F0774487B37F8069 /* trackFilteredObject */,
				E28F704B89CD4581B0C12393 /* image_track */,
				B70FCD8DBC874424B4FD2008 /* image_add */,
				2DB4B3432AB74529B0A2E4F0 /* ALL_BUILD */,
				E9EAAF0E2ECD4FDBB8642782 /* ZERO_CHECK */,
				E63AB3A0622743E8B4B2655D /* Products */,
			);
			sourceTree = "<group>";
		};
		C5C63DE601074A02AA9AA297 /* Source Files */ = {
			isa = PBXGroup;
			children = (
				25E86166D83143F886407D1F /* main.cpp */,
			);
			name = "Source Files";
			sourceTree = "<group>";
		};
		E28F704B89CD4581B0C12393 /* image_track */ = {
			isa = PBXGroup;
			children = (
				B54E4F9276294805930DDB29 /* Source Files */,
				4011AC2BB0F743EABDBABA0B /* CMakeLists.txt */,
			);
			name = image_track;
			sourceTree = "<group>";
		};
		E63AB3A0622743E8B4B2655D /* Products */ = {
			isa = PBXGroup;
			children = (
				348E52513B324024B2200FB1 /* libProcess.a */,
				E474FE629836442E82E084DC /* libSerial.a */,
				FDF9C5D3659549EBA40D735E /* libimage_add.a */,
				9EA3284303BE40AE8F885E65 /* libimage_track.a */,
				ED87F1CE39244879B23D3946 /* main */,
				9DFD797B65C244BB9A319EBA /* libtrackFilteredObject.a */,
			);
			name = Products;
			sourceTree = "<group>";
		};
		E8943C241C894DFD82ED4C58 /* Process */ = {
			isa = PBXGroup;
			children = (
				16B56D2FFD4E4926AFBF2680 /* Source Files */,
				ECD2172811EC4A82BB8B3265 /* CMakeLists.txt */,
			);
			name = Process;
			sourceTree = "<group>";
		};
		E9EAAF0E2ECD4FDBB8642782 /* ZERO_CHECK */ = {
			isa = PBXGroup;
			children = (
				F4C612E14DC24830BF31DA8C /* CMake Rules */,
				923A447199D543C797CBC659 /* CMakeLists.txt */,
			);
			name = ZERO_CHECK;
			sourceTree = "<group>";
		};
		F3E8B23CD5414DC6AE2BC1E4 /* Source Files */ = {
			isa = PBXGroup;
			children = (
				16698EE43A8E44FC85426678 /* image_add.cpp */,
			);
			name = "Source Files";
			sourceTree = "<group>";
		};
		F4C612E14DC24830BF31DA8C /* CMake Rules */ = {
			isa = PBXGroup;
			children = (
			);
			name = "CMake Rules";
			sourceTree = "<group>";
		};
/* End PBXGroup section */

/* Begin PBXNativeTarget section */
		4CEC2A5267C34A518A5159D0 /* image_add */ = {
			isa = PBXNativeTarget;
			buildConfigurationList = 373C3B1CFC284808B80E6399 /* Build configuration list for PBXNativeTarget "image_add" */;
			buildPhases = (
				8D84A6A63B5244BA87A98AD6 /* Sources */,
			);
			buildRules = (
			);
			dependencies = (
				4803652438E4452AB04A419F /* PBXTargetDependency */,
			);
			name = image_add;
			productName = image_add;
			productReference = FDF9C5D3659549EBA40D735E /* libimage_add.a */;
			productType = "com.apple.product-type.library.static";
		};
		87E82F4635B24F7EA0275A4F /* main */ = {
			isa = PBXNativeTarget;
			buildConfigurationList = 774E19548A6A4C39AF4A4C35 /* Build configuration list for PBXNativeTarget "main" */;
			buildPhases = (
				F510E30CE16B4347B40BB816 /* Sources */,
			);
			buildRules = (
			);
			dependencies = (
				96B0F795F00E410DB168926D /* PBXTargetDependency */,
				10796B672F1F400CA9B6BA42 /* PBXTargetDependency */,
				9713BB3E4424422285270143 /* PBXTargetDependency */,
				B415211876724A34AA2564DD /* PBXTargetDependency */,
				757E6A3161BC4F90A87E0866 /* PBXTargetDependency */,
				27C8A7DA48E04CC595AF1466 /* PBXTargetDependency */,
			);
			name = main;
			productName = main;
			productReference = ED87F1CE39244879B23D3946 /* main */;
			productType = "com.apple.product-type.tool";
		};
		AECBA491792449EFBC891176 /* Serial */ = {
			isa = PBXNativeTarget;
			buildConfigurationList = 3254F68335974F0B83BAB433 /* Build configuration list for PBXNativeTarget "Serial" */;
			buildPhases = (
				21C22EC3EDF0430EB3C821F8 /* Sources */,
			);
			buildRules = (
			);
			dependencies = (
				F0D7C63EED484A44A0721AA3 /* PBXTargetDependency */,
			);
			name = Serial;
			productName = Serial;
			productReference = E474FE629836442E82E084DC /* libSerial.a */;
			productType = "com.apple.product-type.library.static";
		};
		AF509369DA844BCC897045F7 /* Process */ = {
			isa = PBXNativeTarget;
			buildConfigurationList = DC8C2F17A61440CC915EA565 /* Build configuration list for PBXNativeTarget "Process" */;
			buildPhases = (
				7B4345D2F8344D8BADEC87CD /* Sources */,
			);
			buildRules = (
			);
			dependencies = (
				7A8FDCC7A0A9463DB2DDA852 /* PBXTargetDependency */,
			);
			name = Process;
			productName = Process;
			productReference = 348E52513B324024B2200FB1 /* libProcess.a */;
			productType = "com.apple.product-type.library.static";
		};
		B39EB40BB0BB4B219DD26AD9 /* image_track */ = {
			isa = PBXNativeTarget;
			buildConfigurationList = A61AC6DA01AC43E59DFC8B4E /* Build configuration list for PBXNativeTarget "image_track" */;
			buildPhases = (
				B7C3D536EAF54C8EAA7DA8B2 /* Sources */,
			);
			buildRules = (
			);
			dependencies = (
				E5DCBE7A78DD487CA5819FB1 /* PBXTargetDependency */,
			);
			name = image_track;
			productName = image_track;
			productReference = 9EA3284303BE40AE8F885E65 /* libimage_track.a */;
			productType = "com.apple.product-type.library.static";
		};
		FEB197851A524880AC53F4E2 /* trackFilteredObject */ = {
			isa = PBXNativeTarget;
			buildConfigurationList = A4BD7D2E906E449AA05C529A /* Build configuration list for PBXNativeTarget "trackFilteredObject" */;
			buildPhases = (
				AFB72F3428FF41B0BC8B8918 /* Sources */,
			);
			buildRules = (
			);
			dependencies = (
				D4F7DB03D87848F991A694BC /* PBXTargetDependency */,
			);
			name = trackFilteredObject;
			productName = trackFilteredObject;
			productReference = 9DFD797B65C244BB9A319EBA /* libtrackFilteredObject.a */;
			productType = "com.apple.product-type.library.static";
		};
/* End PBXNativeTarget section */

/* Begin PBXProject section */
		73DB3309E3B84E7398313E57 /* Project object */ = {
			isa = PBXProject;
			attributes = {
				BuildIndependentTargetsInParallel = YES;
				LastUpgradeCheck = 0830;
			};
			buildConfigurationList = FE620179C31F4E5F9F57BE38 /* Build configuration list for PBXProject "main" */;
			compatibilityVersion = "Xcode 3.2";
			developmentRegion = English;
			hasScannedForEncodings = 0;
			knownRegions = (
				en,
			);
			mainGroup = C29A0C5CF12C41009E39AF96;
			projectDirPath = ../;
			projectRoot = "";
			targets = (
				90AF375517CD40B7AC16F30C /* ALL_BUILD */,
				AF509369DA844BCC897045F7 /* Process */,
				AECBA491792449EFBC891176 /* Serial */,
				BF53A60402014A1BB2D56922 /* ZERO_CHECK */,
				4CEC2A5267C34A518A5159D0 /* image_add */,
				B39EB40BB0BB4B219DD26AD9 /* image_track */,
				87E82F4635B24F7EA0275A4F /* main */,
				FEB197851A524880AC53F4E2 /* trackFilteredObject */,
			);
		};
/* End PBXProject section */

/* Begin PBXShellScriptBuildPhase section */
		18B9D2A0B224475ABB729BD0 /* CMake Rules */ = {
			isa = PBXShellScriptBuildPhase;
			buildActionMask = 2147483647;
			files = (
			);
			name = "CMake Rules";
			outputPaths = (
				/Users/Rozen_mac/code/opencv/project/RaspberryPI_OpenCV/build_mac/CMakeFiles/ALL_BUILD,
			);
			runOnlyForDeploymentPostprocessing = 0;
			shellPath = /bin/sh;
			shellScript = "make -C /Users/Rozen_mac/code/opencv/project/RaspberryPI_OpenCV/build_mac -f /Users/Rozen_mac/code/opencv/project/RaspberryPI_OpenCV/build_mac/CMakeScripts/ALL_BUILD_cmakeRulesBuildPhase.make$CONFIGURATION all";
			showEnvVarsInLog = 0;
		};
		664C9DFFE124437AA5BEE4E8 /* CMake Rules */ = {
			isa = PBXShellScriptBuildPhase;
			buildActionMask = 2147483647;
			files = (
			);
			name = "CMake Rules";
			outputPaths = (
				/Users/Rozen_mac/code/opencv/project/RaspberryPI_OpenCV/build_mac/CMakeFiles/ZERO_CHECK,
			);
			runOnlyForDeploymentPostprocessing = 0;
			shellPath = /bin/sh;
			shellScript = "make -C /Users/Rozen_mac/code/opencv/project/RaspberryPI_OpenCV/build_mac -f /Users/Rozen_mac/code/opencv/project/RaspberryPI_OpenCV/build_mac/CMakeScripts/ZERO_CHECK_cmakeRulesBuildPhase.make$CONFIGURATION all";
			showEnvVarsInLog = 0;
		};
/* End PBXShellScriptBuildPhase section */

/* Begin PBXSourcesBuildPhase section */
		21C22EC3EDF0430EB3C821F8 /* Sources */ = {
			isa = PBXSourcesBuildPhase;
			buildActionMask = 2147483647;
			files = (
				725ABE7AD5994406B1678D85 /* Serial.cpp in Sources */,
			);
			runOnlyForDeploymentPostprocessing = 0;
		};
		7B4345D2F8344D8BADEC87CD /* Sources */ = {
			isa = PBXSourcesBuildPhase;
			buildActionMask = 2147483647;
			files = (
				C5182A29A2BF462A85C7414C /* Process.cpp in Sources */,
			);
			runOnlyForDeploymentPostprocessing = 0;
		};
		8D84A6A63B5244BA87A98AD6 /* Sources */ = {
			isa = PBXSourcesBuildPhase;
			buildActionMask = 2147483647;
			files = (
				BCBBAAF9A02441FCA863D386 /* image_add.cpp in Sources */,
			);
			runOnlyForDeploymentPostprocessing = 0;
		};
		AFB72F3428FF41B0BC8B8918 /* Sources */ = {
			isa = PBXSourcesBuildPhase;
			buildActionMask = 2147483647;
			files = (
				681C501148914DDC8DD70E53 /* trackFilteredObject.cpp in Sources */,
			);
			runOnlyForDeploymentPostprocessing = 0;
		};
		B7C3D536EAF54C8EAA7DA8B2 /* Sources */ = {
			isa = PBXSourcesBuildPhase;
			buildActionMask = 2147483647;
			files = (
				77C5D68A19A246B8B7AD54BC /* image_track.cpp in Sources */,
			);
			runOnlyForDeploymentPostprocessing = 0;
		};
		F510E30CE16B4347B40BB816 /* Sources */ = {
			isa = PBXSourcesBuildPhase;
			buildActionMask = 2147483647;
			files = (
				FED1155C67F0478D8B589EB1 /* main.cpp in Sources */,
			);
			runOnlyForDeploymentPostprocessing = 0;
		};
/* End PBXSourcesBuildPhase section */

/* Begin PBXTargetDependency section */
		10796B672F1F400CA9B6BA42 /* PBXTargetDependency */ = {
			isa = PBXTargetDependency;
			target = AF509369DA844BCC897045F7 /* Process */;
			targetProxy = 62BF7158801A41698FAE774C /* PBXContainerItemProxy */;
		};
		163403B2E45B458C823BB577 /* PBXTargetDependency */ = {
			isa = PBXTargetDependency;
			target = B39EB40BB0BB4B219DD26AD9 /* image_track */;
			targetProxy = 609A2D82F1BD45FCAFF954EB /* PBXContainerItemProxy */;
		};
		27C8A7DA48E04CC595AF1466 /* PBXTargetDependency */ = {
			isa = PBXTargetDependency;
			target = 4CEC2A5267C34A518A5159D0 /* image_add */;
			targetProxy = 1654119B65B94CD28D96F571 /* PBXContainerItemProxy */;
		};
		4803652438E4452AB04A419F /* PBXTargetDependency */ = {
			isa = PBXTargetDependency;
			target = BF53A60402014A1BB2D56922 /* ZERO_CHECK */;
			targetProxy = B3F5274960AD4BA392ABCE1A /* PBXContainerItemProxy */;
		};
		64763B6A5FC44014AC0D80CF /* PBXTargetDependency */ = {
			isa = PBXTargetDependency;
			target = AECBA491792449EFBC891176 /* Serial */;
			targetProxy = A17C0B4491B04F069B146C7C /* PBXContainerItemProxy */;
		};
		757E6A3161BC4F90A87E0866 /* PBXTargetDependency */ = {
			isa = PBXTargetDependency;
			target = B39EB40BB0BB4B219DD26AD9 /* image_track */;
			targetProxy = CA5FB42FC7D94F7596B1BBBC /* PBXContainerItemProxy */;
		};
		7A8FDCC7A0A9463DB2DDA852 /* PBXTargetDependency */ = {
			isa = PBXTargetDependency;
			target = BF53A60402014A1BB2D56922 /* ZERO_CHECK */;
			targetProxy = 81DA077708434CAF9F2DE0FC /* PBXContainerItemProxy */;
		};
		81D8D37CB2CE44EEA649CE9E /* PBXTargetDependency */ = {
			isa = PBXTargetDependency;
			target = AF509369DA844BCC897045F7 /* Process */;
			targetProxy = 5A7F8D2C16D84AA192877F37 /* PBXContainerItemProxy */;
		};
		8542A51108D44D588EA94779 /* PBXTargetDependency */ = {
			isa = PBXTargetDependency;
			target = 87E82F4635B24F7EA0275A4F /* main */;
			targetProxy = 7F9E85CC0A1F4537B9221D94 /* PBXContainerItemProxy */;
		};
		96B0F795F00E410DB168926D /* PBXTargetDependency */ = {
			isa = PBXTargetDependency;
			target = BF53A60402014A1BB2D56922 /* ZERO_CHECK */;
			targetProxy = 87228BA397D74DE09C213132 /* PBXContainerItemProxy */;
		};
		9713BB3E4424422285270143 /* PBXTargetDependency */ = {
			isa = PBXTargetDependency;
			target = AECBA491792449EFBC891176 /* Serial */;
			targetProxy = BD060A6581A544AE82DC7040 /* PBXContainerItemProxy */;
		};
		B398A7A9B9AD433EA7176E52 /* PBXTargetDependency */ = {
			isa = PBXTargetDependency;
			target = BF53A60402014A1BB2D56922 /* ZERO_CHECK */;
			targetProxy = 34058A2D89944EED971DCCB5 /* PBXContainerItemProxy */;
		};
		B415211876724A34AA2564DD /* PBXTargetDependency */ = {
			isa = PBXTargetDependency;
			target = FEB197851A524880AC53F4E2 /* trackFilteredObject */;
			targetProxy = DC32F80FAB1C40CE88557071 /* PBXContainerItemProxy */;
		};
		B4C1F18C6CD146629CAECF3A /* PBXTargetDependency */ = {
			isa = PBXTargetDependency;
			target = 4CEC2A5267C34A518A5159D0 /* image_add */;
			targetProxy = 014E53F6F7164F358AA9BF87 /* PBXContainerItemProxy */;
		};
		CB93DEEBDDC341BB95971F2D /* PBXTargetDependency */ = {
			isa = PBXTargetDependency;
			target = FEB197851A524880AC53F4E2 /* trackFilteredObject */;
			targetProxy = 56CB4E67F30347C6B97E0EFE /* PBXContainerItemProxy */;
		};
		D4F7DB03D87848F991A694BC /* PBXTargetDependency */ = {
			isa = PBXTargetDependency;
			target = BF53A60402014A1BB2D56922 /* ZERO_CHECK */;
			targetProxy = 47648C210A894404B9D62E46 /* PBXContainerItemProxy */;
		};
		E5DCBE7A78DD487CA5819FB1 /* PBXTargetDependency */ = {
			isa = PBXTargetDependency;
			target = BF53A60402014A1BB2D56922 /* ZERO_CHECK */;
			targetProxy = 524A3D6328EE429B983DCCEC /* PBXContainerItemProxy */;
		};
		F0D7C63EED484A44A0721AA3 /* PBXTargetDependency */ = {
			isa = PBXTargetDependency;
			target = BF53A60402014A1BB2D56922 /* ZERO_CHECK */;
			targetProxy = D89BE76408434A6E9D3A9141 /* PBXContainerItemProxy */;
		};
/* End PBXTargetDependency section */

/* Begin XCBuildConfiguration section */
		022D0AD9E673479EA42B909F /* RelWithDebInfo */ = {
			isa = XCBuildConfiguration;
			buildSettings = {
				COMBINE_HIDPI_IMAGES = YES;
				EXECUTABLE_PREFIX = "";
				EXECUTABLE_SUFFIX = "";
				GCC_GENERATE_DEBUGGING_SYMBOLS = YES;
				GCC_INLINES_ARE_PRIVATE_EXTERN = NO;
				GCC_OPTIMIZATION_LEVEL = 2;
				GCC_PREPROCESSOR_DEFINITIONS = "'CMAKE_INTDIR=\"$(CONFIGURATION)$(EFFECTIVE_PLATFORM_NAME)\"'";
				GCC_SYMBOLS_PRIVATE_EXTERN = NO;
				INSTALL_PATH = "";
				LIBRARY_SEARCH_PATHS = "";
				OTHER_CPLUSPLUSFLAGS = (
					"-Wall",
					"-pedantic",
					"-pthread",
					"-fprofile-arcs",
					"-ftest-coverage",
					"-DNDEBUG",
					"'-std=gnu++11'",
				);
				OTHER_LDFLAGS = (
					"-Wl,-search_paths_first",
					"-Wl,-headerpad_max_install_names",
					/opt/local/lib/libopencv_shape.3.2.0.dylib,
					/opt/local/lib/libopencv_stitching.3.2.0.dylib,
					/opt/local/lib/libopencv_superres.3.2.0.dylib,
					/opt/local/lib/libopencv_videostab.3.2.0.dylib,
					/Users/Rozen_mac/code/opencv/project/RaspberryPI_OpenCV/build_mac/RelWithDebInfo/libimage_add.a,
					/Users/Rozen_mac/code/opencv/project/RaspberryPI_OpenCV/build_mac/RelWithDebInfo/libimage_track.a,
					/Users/Rozen_mac/code/opencv/project/RaspberryPI_OpenCV/build_mac/RelWithDebInfo/libtrackFilteredObject.a,
					/Users/Rozen_mac/code/opencv/project/RaspberryPI_OpenCV/build_mac/RelWithDebInfo/libSerial.a,
					/Users/Rozen_mac/code/opencv/project/RaspberryPI_OpenCV/build_mac/RelWithDebInfo/libProcess.a,
					/opt/local/lib/libopencv_objdetect.3.2.0.dylib,
					/opt/local/lib/libopencv_calib3d.3.2.0.dylib,
					/opt/local/lib/libopencv_features2d.3.2.0.dylib,
					/opt/local/lib/libopencv_flann.3.2.0.dylib,
					/opt/local/lib/libopencv_highgui.3.2.0.dylib,
					/opt/local/lib/libopencv_ml.3.2.0.dylib,
					/opt/local/lib/libopencv_photo.3.2.0.dylib,
					/opt/local/lib/libopencv_video.3.2.0.dylib,
					/opt/local/lib/libopencv_videoio.3.2.0.dylib,
					/opt/local/lib/libopencv_imgcodecs.3.2.0.dylib,
					/opt/local/lib/libopencv_imgproc.3.2.0.dylib,
					/opt/local/lib/libopencv_core.3.2.0.dylib,
				);
				OTHER_REZFLAGS = "";
				PRODUCT_NAME = main;
				SECTORDER_FLAGS = "";
				SYMROOT = /Users/Rozen_mac/code/opencv/project/RaspberryPI_OpenCV/build_mac;
				SYSTEM_HEADER_SEARCH_PATHS = "/opt/local/include /opt/local/include/opencv";
				USE_HEADERMAP = NO;
				WARNING_CFLAGS = (
					"-Wmost",
					"-Wno-four-char-constants",
					"-Wno-unknown-pragmas",
					"$(inherited)",
				);
			};
			name = RelWithDebInfo;
		};
		041EB87494E940D89747BC19 /* MinSizeRel */ = {
			isa = XCBuildConfiguration;
			buildSettings = {
				COMBINE_HIDPI_IMAGES = YES;
				EXECUTABLE_PREFIX = lib;
				EXECUTABLE_SUFFIX = .a;
				GCC_GENERATE_DEBUGGING_SYMBOLS = YES;
				GCC_INLINES_ARE_PRIVATE_EXTERN = NO;
				GCC_OPTIMIZATION_LEVEL = s;
				GCC_PREPROCESSOR_DEFINITIONS = "'CMAKE_INTDIR=\"$(CONFIGURATION)$(EFFECTIVE_PLATFORM_NAME)\"'";
				GCC_SYMBOLS_PRIVATE_EXTERN = NO;
				HEADER_SEARCH_PATHS = (
					/opt/local/include,
					/opt/local/include/opencv,
				);
				INSTALL_PATH = "";
				LIBRARY_STYLE = STATIC;
				OTHER_CPLUSPLUSFLAGS = (
					"-Wall",
					"-pedantic",
					"-pthread",
					"-fprofile-arcs",
					"-ftest-coverage",
					"-DNDEBUG",
					"'-std=gnu++11'",
				);
				OTHER_LIBTOOLFLAGS = " ";
				OTHER_REZFLAGS = "";
				PRODUCT_NAME = Serial;
				SECTORDER_FLAGS = "";
				SYMROOT = /Users/Rozen_mac/code/opencv/project/RaspberryPI_OpenCV/build_mac;
				USE_HEADERMAP = NO;
				WARNING_CFLAGS = (
					"-Wmost",
					"-Wno-four-char-constants",
					"-Wno-unknown-pragmas",
					"$(inherited)",
				);
			};
			name = MinSizeRel;
		};
		0CF4001D5D334E2EB6D6BD5B /* MinSizeRel */ = {
			isa = XCBuildConfiguration;
			buildSettings = {
				GCC_INSTRUMENT_PROGRAM_FLOW_ARCS = YES;
				ONLY_ACTIVE_ARCH = YES;
				SDKROOT = /Applications/Xcode.app/Contents/Developer/Platforms/MacOSX.platform/Developer/SDKs/MacOSX10.12.sdk;
				SYMROOT = /Users/Rozen_mac/code/opencv/project/RaspberryPI_OpenCV/build_mac/build;
			};
			name = MinSizeRel;
		};
		11C34194035B4DC9958EF485 /* RelWithDebInfo */ = {
			isa = XCBuildConfiguration;
			buildSettings = {
				COMBINE_HIDPI_IMAGES = YES;
				EXECUTABLE_PREFIX = lib;
				EXECUTABLE_SUFFIX = .a;
				GCC_GENERATE_DEBUGGING_SYMBOLS = YES;
				GCC_INLINES_ARE_PRIVATE_EXTERN = NO;
				GCC_OPTIMIZATION_LEVEL = 2;
				GCC_PREPROCESSOR_DEFINITIONS = "'CMAKE_INTDIR=\"$(CONFIGURATION)$(EFFECTIVE_PLATFORM_NAME)\"'";
				GCC_SYMBOLS_PRIVATE_EXTERN = NO;
				HEADER_SEARCH_PATHS = (
					/opt/local/include,
					/opt/local/include/opencv,
				);
				INSTALL_PATH = "";
				LIBRARY_STYLE = STATIC;
				OTHER_CPLUSPLUSFLAGS = (
					"-Wall",
					"-pedantic",
					"-pthread",
					"-fprofile-arcs",
					"-ftest-coverage",
					"-DNDEBUG",
					"'-std=gnu++11'",
				);
				OTHER_LIBTOOLFLAGS = " ";
				OTHER_REZFLAGS = "";
				PRODUCT_NAME = image_track;
				SECTORDER_FLAGS = "";
				SYMROOT = /Users/Rozen_mac/code/opencv/project/RaspberryPI_OpenCV/build_mac;
				USE_HEADERMAP = NO;
				WARNING_CFLAGS = (
					"-Wmost",
					"-Wno-four-char-constants",
					"-Wno-unknown-pragmas",
					"$(inherited)",
				);
			};
			name = RelWithDebInfo;
		};
		1779536148634C96A1B4E296 /* Debug */ = {
			isa = XCBuildConfiguration;
			buildSettings = {
				COMBINE_HIDPI_IMAGES = YES;
				EXECUTABLE_PREFIX = lib;
				EXECUTABLE_SUFFIX = .a;
				GCC_GENERATE_DEBUGGING_SYMBOLS = YES;
				GCC_INLINES_ARE_PRIVATE_EXTERN = NO;
				GCC_OPTIMIZATION_LEVEL = 0;
				GCC_PREPROCESSOR_DEFINITIONS = "'CMAKE_INTDIR=\"$(CONFIGURATION)$(EFFECTIVE_PLATFORM_NAME)\"'";
				GCC_SYMBOLS_PRIVATE_EXTERN = NO;
				HEADER_SEARCH_PATHS = (
					/opt/local/include,
					/opt/local/include/opencv,
				);
				INSTALL_PATH = "";
				LIBRARY_STYLE = STATIC;
				OTHER_CPLUSPLUSFLAGS = (
					"-Wall",
					"-pedantic",
					"-pthread",
					"-fprofile-arcs",
					"-ftest-coverage",
					"'-std=gnu++11'",
				);
				OTHER_LIBTOOLFLAGS = " ";
				OTHER_REZFLAGS = "";
				PRODUCT_NAME = Process;
				SECTORDER_FLAGS = "";
				SYMROOT = /Users/Rozen_mac/code/opencv/project/RaspberryPI_OpenCV/build_mac;
				USE_HEADERMAP = NO;
				WARNING_CFLAGS = (
					"-Wmost",
					"-Wno-four-char-constants",
					"-Wno-unknown-pragmas",
					"$(inherited)",
				);
			};
			name = Debug;
		};
		26FC2C43933243988144ADAD /* RelWithDebInfo */ = {
			isa = XCBuildConfiguration;
			buildSettings = {
				COMBINE_HIDPI_IMAGES = YES;
				EXECUTABLE_PREFIX = lib;
				EXECUTABLE_SUFFIX = .a;
				GCC_GENERATE_DEBUGGING_SYMBOLS = YES;
				GCC_INLINES_ARE_PRIVATE_EXTERN = NO;
				GCC_OPTIMIZATION_LEVEL = 2;
				GCC_PREPROCESSOR_DEFINITIONS = "'CMAKE_INTDIR=\"$(CONFIGURATION)$(EFFECTIVE_PLATFORM_NAME)\"'";
				GCC_SYMBOLS_PRIVATE_EXTERN = NO;
				HEADER_SEARCH_PATHS = (
					/opt/local/include,
					/opt/local/include/opencv,
				);
				INSTALL_PATH = "";
				LIBRARY_STYLE = STATIC;
				OTHER_CPLUSPLUSFLAGS = (
					"-Wall",
					"-pedantic",
					"-pthread",
					"-fprofile-arcs",
					"-ftest-coverage",
					"-DNDEBUG",
					"'-std=gnu++11'",
				);
				OTHER_LIBTOOLFLAGS = " ";
				OTHER_REZFLAGS = "";
				PRODUCT_NAME = image_add;
				SECTORDER_FLAGS = "";
				SYMROOT = /Users/Rozen_mac/code/opencv/project/RaspberryPI_OpenCV/build_mac;
				USE_HEADERMAP = NO;
				WARNING_CFLAGS = (
					"-Wmost",
					"-Wno-four-char-constants",
					"-Wno-unknown-pragmas",
					"$(inherited)",
				);
			};
			name = RelWithDebInfo;
		};
		28C3E4374E164C6BA7856131 /* Release */ = {
			isa = XCBuildConfiguration;
			buildSettings = {
				COMBINE_HIDPI_IMAGES = YES;
				EXECUTABLE_PREFIX = lib;
				EXECUTABLE_SUFFIX = .a;
				GCC_GENERATE_DEBUGGING_SYMBOLS = YES;
				GCC_INLINES_ARE_PRIVATE_EXTERN = NO;
				GCC_OPTIMIZATION_LEVEL = 3;
				GCC_PREPROCESSOR_DEFINITIONS = "'CMAKE_INTDIR=\"$(CONFIGURATION)$(EFFECTIVE_PLATFORM_NAME)\"'";
				GCC_SYMBOLS_PRIVATE_EXTERN = NO;
				HEADER_SEARCH_PATHS = (
					/opt/local/include,
					/opt/local/include/opencv,
				);
				INSTALL_PATH = "";
				LIBRARY_STYLE = STATIC;
				OTHER_CPLUSPLUSFLAGS = (
					"-Wall",
					"-pedantic",
					"-pthread",
					"-fprofile-arcs",
					"-ftest-coverage",
					"-DNDEBUG",
					"'-std=gnu++11'",
				);
				OTHER_LIBTOOLFLAGS = " ";
				OTHER_REZFLAGS = "";
				PRODUCT_NAME = trackFilteredObject;
				SECTORDER_FLAGS = "";
				SYMROOT = /Users/Rozen_mac/code/opencv/project/RaspberryPI_OpenCV/build_mac;
				USE_HEADERMAP = NO;
				WARNING_CFLAGS = (
					"-Wmost",
					"-Wno-four-char-constants",
					"-Wno-unknown-pragmas",
					"$(inherited)",
				);
			};
			name = Release;
		};
		2DB5AFBD346F4283B7AB592A /* MinSizeRel */ = {
			isa = XCBuildConfiguration;
			buildSettings = {
				COMBINE_HIDPI_IMAGES = YES;
				EXECUTABLE_PREFIX = lib;
				EXECUTABLE_SUFFIX = .a;
				GCC_GENERATE_DEBUGGING_SYMBOLS = YES;
				GCC_INLINES_ARE_PRIVATE_EXTERN = NO;
				GCC_OPTIMIZATION_LEVEL = s;
				GCC_PREPROCESSOR_DEFINITIONS = "'CMAKE_INTDIR=\"$(CONFIGURATION)$(EFFECTIVE_PLATFORM_NAME)\"'";
				GCC_SYMBOLS_PRIVATE_EXTERN = NO;
				HEADER_SEARCH_PATHS = (
					/opt/local/include,
					/opt/local/include/opencv,
				);
				INSTALL_PATH = "";
				LIBRARY_STYLE = STATIC;
				OTHER_CPLUSPLUSFLAGS = (
					"-Wall",
					"-pedantic",
					"-pthread",
					"-fprofile-arcs",
					"-ftest-coverage",
					"-DNDEBUG",
					"'-std=gnu++11'",
				);
				OTHER_LIBTOOLFLAGS = " ";
				OTHER_REZFLAGS = "";
				PRODUCT_NAME = Process;
				SECTORDER_FLAGS = "";
				SYMROOT = /Users/Rozen_mac/code/opencv/project/RaspberryPI_OpenCV/build_mac;
				USE_HEADERMAP = NO;
				WARNING_CFLAGS = (
					"-Wmost",
					"-Wno-four-char-constants",
					"-Wno-unknown-pragmas",
					"$(inherited)",
				);
			};
			name = MinSizeRel;
		};
		31563F103AEF43048D7330EC /* RelWithDebInfo */ = {
			isa = XCBuildConfiguration;
			buildSettings = {
				COMBINE_HIDPI_IMAGES = YES;
				EXECUTABLE_PREFIX = lib;
				EXECUTABLE_SUFFIX = .a;
				GCC_GENERATE_DEBUGGING_SYMBOLS = YES;
				GCC_INLINES_ARE_PRIVATE_EXTERN = NO;
				GCC_OPTIMIZATION_LEVEL = 2;
				GCC_PREPROCESSOR_DEFINITIONS = "'CMAKE_INTDIR=\"$(CONFIGURATION)$(EFFECTIVE_PLATFORM_NAME)\"'";
				GCC_SYMBOLS_PRIVATE_EXTERN = NO;
				HEADER_SEARCH_PATHS = (
					/opt/local/include,
					/opt/local/include/opencv,
				);
				INSTALL_PATH = "";
				LIBRARY_STYLE = STATIC;
				OTHER_CPLUSPLUSFLAGS = (
					"-Wall",
					"-pedantic",
					"-pthread",
					"-fprofile-arcs",
					"-ftest-coverage",
					"-DNDEBUG",
					"'-std=gnu++11'",
				);
				OTHER_LIBTOOLFLAGS = " ";
				OTHER_REZFLAGS = "";
				PRODUCT_NAME = Serial;
				SECTORDER_FLAGS = "";
				SYMROOT = /Users/Rozen_mac/code/opencv/project/RaspberryPI_OpenCV/build_mac;
				USE_HEADERMAP = NO;
				WARNING_CFLAGS = (
					"-Wmost",
					"-Wno-four-char-constants",
					"-Wno-unknown-pragmas",
					"$(inherited)",
				);
			};
			name = RelWithDebInfo;
		};
		353089B81C3E43BAB5EC30EA /* MinSizeRel */ = {
			isa = XCBuildConfiguration;
			buildSettings = {
				COMBINE_HIDPI_IMAGES = YES;
				GCC_GENERATE_DEBUGGING_SYMBOLS = YES;
				GCC_INLINES_ARE_PRIVATE_EXTERN = NO;
				GCC_OPTIMIZATION_LEVEL = 0;
				GCC_PREPROCESSOR_DEFINITIONS = "'CMAKE_INTDIR=\"$(CONFIGURATION)$(EFFECTIVE_PLATFORM_NAME)\"'";
				GCC_SYMBOLS_PRIVATE_EXTERN = NO;
				HEADER_SEARCH_PATHS = (
					/opt/local/include,
					/opt/local/include/opencv,
				);
				INSTALL_PATH = "";
				OTHER_LDFLAGS = " ";
				OTHER_REZFLAGS = "";
				PRODUCT_NAME = ALL_BUILD;
				SECTORDER_FLAGS = "";
				SYMROOT = /Users/Rozen_mac/code/opencv/project/RaspberryPI_OpenCV/build_mac;
				USE_HEADERMAP = NO;
				WARNING_CFLAGS = (
					"-Wmost",
					"-Wno-four-char-constants",
					"-Wno-unknown-pragmas",
					"$(inherited)",
				);
			};
			name = MinSizeRel;
		};
		3D7C274AE51E40FCB72D406F /* RelWithDebInfo */ = {
			isa = XCBuildConfiguration;
			buildSettings = {
				COMBINE_HIDPI_IMAGES = YES;
				GCC_GENERATE_DEBUGGING_SYMBOLS = YES;
				GCC_INLINES_ARE_PRIVATE_EXTERN = NO;
				GCC_OPTIMIZATION_LEVEL = 0;
				GCC_PREPROCESSOR_DEFINITIONS = "'CMAKE_INTDIR=\"$(CONFIGURATION)$(EFFECTIVE_PLATFORM_NAME)\"'";
				GCC_SYMBOLS_PRIVATE_EXTERN = NO;
				HEADER_SEARCH_PATHS = (
					/opt/local/include,
					/opt/local/include/opencv,
				);
				INSTALL_PATH = "";
				OTHER_LDFLAGS = " ";
				OTHER_REZFLAGS = "";
				PRODUCT_NAME = ZERO_CHECK;
				SECTORDER_FLAGS = "";
				SYMROOT = /Users/Rozen_mac/code/opencv/project/RaspberryPI_OpenCV/build_mac;
				USE_HEADERMAP = NO;
				WARNING_CFLAGS = (
					"-Wmost",
					"-Wno-four-char-constants",
					"-Wno-unknown-pragmas",
					"$(inherited)",
				);
			};
			name = RelWithDebInfo;
		};
		3FE0D79ABAEE463C8B1DC5E4 /* Release */ = {
			isa = XCBuildConfiguration;
			buildSettings = {
				COMBINE_HIDPI_IMAGES = YES;
				EXECUTABLE_PREFIX = "";
				EXECUTABLE_SUFFIX = "";
				GCC_GENERATE_DEBUGGING_SYMBOLS = YES;
				GCC_INLINES_ARE_PRIVATE_EXTERN = NO;
				GCC_OPTIMIZATION_LEVEL = 3;
				GCC_PREPROCESSOR_DEFINITIONS = "'CMAKE_INTDIR=\"$(CONFIGURATION)$(EFFECTIVE_PLATFORM_NAME)\"'";
				GCC_SYMBOLS_PRIVATE_EXTERN = NO;
				INSTALL_PATH = "";
				LIBRARY_SEARCH_PATHS = "";
				OTHER_CPLUSPLUSFLAGS = (
					"-Wall",
					"-pedantic",
					"-pthread",
					"-fprofile-arcs",
					"-ftest-coverage",
					"-DNDEBUG",
					"'-std=gnu++11'",
				);
				OTHER_LDFLAGS = (
					"-Wl,-search_paths_first",
					"-Wl,-headerpad_max_install_names",
					/opt/local/lib/libopencv_shape.3.2.0.dylib,
					/opt/local/lib/libopencv_stitching.3.2.0.dylib,
					/opt/local/lib/libopencv_superres.3.2.0.dylib,
					/opt/local/lib/libopencv_videostab.3.2.0.dylib,
					/Users/Rozen_mac/code/opencv/project/RaspberryPI_OpenCV/build_mac/Release/libimage_add.a,
					/Users/Rozen_mac/code/opencv/project/RaspberryPI_OpenCV/build_mac/Release/libimage_track.a,
					/Users/Rozen_mac/code/opencv/project/RaspberryPI_OpenCV/build_mac/Release/libtrackFilteredObject.a,
					/Users/Rozen_mac/code/opencv/project/RaspberryPI_OpenCV/build_mac/Release/libSerial.a,
					/Users/Rozen_mac/code/opencv/project/RaspberryPI_OpenCV/build_mac/Release/libProcess.a,
					/opt/local/lib/libopencv_objdetect.3.2.0.dylib,
					/opt/local/lib/libopencv_calib3d.3.2.0.dylib,
					/opt/local/lib/libopencv_features2d.3.2.0.dylib,
					/opt/local/lib/libopencv_flann.3.2.0.dylib,
					/opt/local/lib/libopencv_highgui.3.2.0.dylib,
					/opt/local/lib/libopencv_ml.3.2.0.dylib,
					/opt/local/lib/libopencv_photo.3.2.0.dylib,
					/opt/local/lib/libopencv_video.3.2.0.dylib,
					/opt/local/lib/libopencv_videoio.3.2.0.dylib,
					/opt/local/lib/libopencv_imgcodecs.3.2.0.dylib,
					/opt/local/lib/libopencv_imgproc.3.2.0.dylib,
					/opt/local/lib/libopencv_core.3.2.0.dylib,
				);
				OTHER_REZFLAGS = "";
				PRODUCT_NAME = main;
				SECTORDER_FLAGS = "";
				SYMROOT = /Users/Rozen_mac/code/opencv/project/RaspberryPI_OpenCV/build_mac;
				SYSTEM_HEADER_SEARCH_PATHS = "/opt/local/include /opt/local/include/opencv";
				USE_HEADERMAP = NO;
				WARNING_CFLAGS = (
					"-Wmost",
					"-Wno-four-char-constants",
					"-Wno-unknown-pragmas",
					"$(inherited)",
				);
			};
			name = Release;
		};
		484F462C9AD242B4AD3C0B63 /* Debug */ = {
			isa = XCBuildConfiguration;
			buildSettings = {
				COMBINE_HIDPI_IMAGES = YES;
				EXECUTABLE_PREFIX = lib;
				EXECUTABLE_SUFFIX = .a;
				GCC_GENERATE_DEBUGGING_SYMBOLS = YES;
				GCC_INLINES_ARE_PRIVATE_EXTERN = NO;
				GCC_OPTIMIZATION_LEVEL = 0;
				GCC_PREPROCESSOR_DEFINITIONS = "'CMAKE_INTDIR=\"$(CONFIGURATION)$(EFFECTIVE_PLATFORM_NAME)\"'";
				GCC_SYMBOLS_PRIVATE_EXTERN = NO;
				HEADER_SEARCH_PATHS = (
					/opt/local/include,
					/opt/local/include/opencv,
				);
				INSTALL_PATH = "";
				LIBRARY_STYLE = STATIC;
				OTHER_CPLUSPLUSFLAGS = (
					"-Wall",
					"-pedantic",
					"-pthread",
					"-fprofile-arcs",
					"-ftest-coverage",
					"'-std=gnu++11'",
				);
				OTHER_LIBTOOLFLAGS = " ";
				OTHER_REZFLAGS = "";
				PRODUCT_NAME = Serial;
				SECTORDER_FLAGS = "";
				SYMROOT = /Users/Rozen_mac/code/opencv/project/RaspberryPI_OpenCV/build_mac;
				USE_HEADERMAP = NO;
				WARNING_CFLAGS = (
					"-Wmost",
					"-Wno-four-char-constants",
					"-Wno-unknown-pragmas",
					"$(inherited)",
				);
			};
			name = Debug;
		};
		6BBF5E7DC10B46409281126B /* Debug */ = {
			isa = XCBuildConfiguration;
			buildSettings = {
				GCC_INSTRUMENT_PROGRAM_FLOW_ARCS = YES;
				ONLY_ACTIVE_ARCH = YES;
				SDKROOT = /Applications/Xcode.app/Contents/Developer/Platforms/MacOSX.platform/Developer/SDKs/MacOSX10.12.sdk;
				SYMROOT = /Users/Rozen_mac/code/opencv/project/RaspberryPI_OpenCV/build_mac/build;
			};
			name = Debug;
		};
		77F0D030AEC1430A837A1909 /* Release */ = {
			isa = XCBuildConfiguration;
			buildSettings = {
				COMBINE_HIDPI_IMAGES = YES;
				GCC_GENERATE_DEBUGGING_SYMBOLS = YES;
				GCC_INLINES_ARE_PRIVATE_EXTERN = NO;
				GCC_OPTIMIZATION_LEVEL = 0;
				GCC_PREPROCESSOR_DEFINITIONS = "'CMAKE_INTDIR=\"$(CONFIGURATION)$(EFFECTIVE_PLATFORM_NAME)\"'";
				GCC_SYMBOLS_PRIVATE_EXTERN = NO;
				HEADER_SEARCH_PATHS = (
					/opt/local/include,
					/opt/local/include/opencv,
				);
				INSTALL_PATH = "";
				OTHER_LDFLAGS = " ";
				OTHER_REZFLAGS = "";
				PRODUCT_NAME = ALL_BUILD;
				SECTORDER_FLAGS = "";
				SYMROOT = /Users/Rozen_mac/code/opencv/project/RaspberryPI_OpenCV/build_mac;
				USE_HEADERMAP = NO;
				WARNING_CFLAGS = (
					"-Wmost",
					"-Wno-four-char-constants",
					"-Wno-unknown-pragmas",
					"$(inherited)",
				);
			};
			name = Release;
		};
		78689724AC244B3D82E70F74 /* Debug */ = {
			isa = XCBuildConfiguration;
			buildSettings = {
				COMBINE_HIDPI_IMAGES = YES;
				EXECUTABLE_PREFIX = lib;
				EXECUTABLE_SUFFIX = .a;
				GCC_GENERATE_DEBUGGING_SYMBOLS = YES;
				GCC_INLINES_ARE_PRIVATE_EXTERN = NO;
				GCC_OPTIMIZATION_LEVEL = 0;
				GCC_PREPROCESSOR_DEFINITIONS = "'CMAKE_INTDIR=\"$(CONFIGURATION)$(EFFECTIVE_PLATFORM_NAME)\"'";
				GCC_SYMBOLS_PRIVATE_EXTERN = NO;
				HEADER_SEARCH_PATHS = (
					/opt/local/include,
					/opt/local/include/opencv,
				);
				INSTALL_PATH = "";
				LIBRARY_STYLE = STATIC;
				OTHER_CPLUSPLUSFLAGS = (
					"-Wall",
					"-pedantic",
					"-pthread",
					"-fprofile-arcs",
					"-ftest-coverage",
					"'-std=gnu++11'",
				);
				OTHER_LIBTOOLFLAGS = " ";
				OTHER_REZFLAGS = "";
				PRODUCT_NAME = image_track;
				SECTORDER_FLAGS = "";
				SYMROOT = /Users/Rozen_mac/code/opencv/project/RaspberryPI_OpenCV/build_mac;
				USE_HEADERMAP = NO;
				WARNING_CFLAGS = (
					"-Wmost",
					"-Wno-four-char-constants",
					"-Wno-unknown-pragmas",
					"$(inherited)",
				);
			};
			name = Debug;
		};
		8586053A3C4B4D38A92008E0 /* Release */ = {
			isa = XCBuildConfiguration;
			buildSettings = {
				COMBINE_HIDPI_IMAGES = YES;
				EXECUTABLE_PREFIX = lib;
				EXECUTABLE_SUFFIX = .a;
				GCC_GENERATE_DEBUGGING_SYMBOLS = YES;
				GCC_INLINES_ARE_PRIVATE_EXTERN = NO;
				GCC_OPTIMIZATION_LEVEL = 3;
				GCC_PREPROCESSOR_DEFINITIONS = "'CMAKE_INTDIR=\"$(CONFIGURATION)$(EFFECTIVE_PLATFORM_NAME)\"'";
				GCC_SYMBOLS_PRIVATE_EXTERN = NO;
				HEADER_SEARCH_PATHS = (
					/opt/local/include,
					/opt/local/include/opencv,
				);
				INSTALL_PATH = "";
				LIBRARY_STYLE = STATIC;
				OTHER_CPLUSPLUSFLAGS = (
					"-Wall",
					"-pedantic",
					"-pthread",
					"-fprofile-arcs",
					"-ftest-coverage",
					"-DNDEBUG",
					"'-std=gnu++11'",
				);
				OTHER_LIBTOOLFLAGS = " ";
				OTHER_REZFLAGS = "";
				PRODUCT_NAME = image_add;
				SECTORDER_FLAGS = "";
				SYMROOT = /Users/Rozen_mac/code/opencv/project/RaspberryPI_OpenCV/build_mac;
				USE_HEADERMAP = NO;
				WARNING_CFLAGS = (
					"-Wmost",
					"-Wno-four-char-constants",
					"-Wno-unknown-pragmas",
					"$(inherited)",
				);
			};
			name = Release;
		};
		87973EBC47D84EEAB2DE53C0 /* Release */ = {
			isa = XCBuildConfiguration;
			buildSettings = {
				COMBINE_HIDPI_IMAGES = YES;
				EXECUTABLE_PREFIX = lib;
				EXECUTABLE_SUFFIX = .a;
				GCC_GENERATE_DEBUGGING_SYMBOLS = YES;
				GCC_INLINES_ARE_PRIVATE_EXTERN = NO;
				GCC_OPTIMIZATION_LEVEL = 3;
				GCC_PREPROCESSOR_DEFINITIONS = "'CMAKE_INTDIR=\"$(CONFIGURATION)$(EFFECTIVE_PLATFORM_NAME)\"'";
				GCC_SYMBOLS_PRIVATE_EXTERN = NO;
				HEADER_SEARCH_PATHS = (
					/opt/local/include,
					/opt/local/include/opencv,
				);
				INSTALL_PATH = "";
				LIBRARY_STYLE = STATIC;
				OTHER_CPLUSPLUSFLAGS = (
					"-Wall",
					"-pedantic",
					"-pthread",
					"-fprofile-arcs",
					"-ftest-coverage",
					"-DNDEBUG",
					"'-std=gnu++11'",
				);
				OTHER_LIBTOOLFLAGS = " ";
				OTHER_REZFLAGS = "";
				PRODUCT_NAME = image_track;
				SECTORDER_FLAGS = "";
				SYMROOT = /Users/Rozen_mac/code/opencv/project/RaspberryPI_OpenCV/build_mac;
				USE_HEADERMAP = NO;
				WARNING_CFLAGS = (
					"-Wmost",
					"-Wno-four-char-constants",
					"-Wno-unknown-pragmas",
					"$(inherited)",
				);
			};
			name = Release;
		};
		9004A38FB97B46BEBB3F840B /* RelWithDebInfo */ = {
			isa = XCBuildConfiguration;
			buildSettings = {
				COMBINE_HIDPI_IMAGES = YES;
				EXECUTABLE_PREFIX = lib;
				EXECUTABLE_SUFFIX = .a;
				GCC_GENERATE_DEBUGGING_SYMBOLS = YES;
				GCC_INLINES_ARE_PRIVATE_EXTERN = NO;
				GCC_OPTIMIZATION_LEVEL = 2;
				GCC_PREPROCESSOR_DEFINITIONS = "'CMAKE_INTDIR=\"$(CONFIGURATION)$(EFFECTIVE_PLATFORM_NAME)\"'";
				GCC_SYMBOLS_PRIVATE_EXTERN = NO;
				HEADER_SEARCH_PATHS = (
					/opt/local/include,
					/opt/local/include/opencv,
				);
				INSTALL_PATH = "";
				LIBRARY_STYLE = STATIC;
				OTHER_CPLUSPLUSFLAGS = (
					"-Wall",
					"-pedantic",
					"-pthread",
					"-fprofile-arcs",
					"-ftest-coverage",
					"-DNDEBUG",
					"'-std=gnu++11'",
				);
				OTHER_LIBTOOLFLAGS = " ";
				OTHER_REZFLAGS = "";
				PRODUCT_NAME = Process;
				SECTORDER_FLAGS = "";
				SYMROOT = /Users/Rozen_mac/code/opencv/project/RaspberryPI_OpenCV/build_mac;
				USE_HEADERMAP = NO;
				WARNING_CFLAGS = (
					"-Wmost",
					"-Wno-four-char-constants",
					"-Wno-unknown-pragmas",
					"$(inherited)",
				);
			};
			name = RelWithDebInfo;
		};
		9ADD8520501C49E7A2EB8F79 /* Debug */ = {
			isa = XCBuildConfiguration;
			buildSettings = {
				COMBINE_HIDPI_IMAGES = YES;
				EXECUTABLE_PREFIX = lib;
				EXECUTABLE_SUFFIX = .a;
				GCC_GENERATE_DEBUGGING_SYMBOLS = YES;
				GCC_INLINES_ARE_PRIVATE_EXTERN = NO;
				GCC_OPTIMIZATION_LEVEL = 0;
				GCC_PREPROCESSOR_DEFINITIONS = "'CMAKE_INTDIR=\"$(CONFIGURATION)$(EFFECTIVE_PLATFORM_NAME)\"'";
				GCC_SYMBOLS_PRIVATE_EXTERN = NO;
				HEADER_SEARCH_PATHS = (
					/opt/local/include,
					/opt/local/include/opencv,
				);
				INSTALL_PATH = "";
				LIBRARY_STYLE = STATIC;
				OTHER_CPLUSPLUSFLAGS = (
					"-Wall",
					"-pedantic",
					"-pthread",
					"-fprofile-arcs",
					"-ftest-coverage",
					"'-std=gnu++11'",
				);
				OTHER_LIBTOOLFLAGS = " ";
				OTHER_REZFLAGS = "";
				PRODUCT_NAME = trackFilteredObject;
				SECTORDER_FLAGS = "";
				SYMROOT = /Users/Rozen_mac/code/opencv/project/RaspberryPI_OpenCV/build_mac;
				USE_HEADERMAP = NO;
				WARNING_CFLAGS = (
					"-Wmost",
					"-Wno-four-char-constants",
					"-Wno-unknown-pragmas",
					"$(inherited)",
				);
			};
			name = Debug;
		};
		9C052CABD94D4E369D53EF25 /* Release */ = {
			isa = XCBuildConfiguration;
			buildSettings = {
				COMBINE_HIDPI_IMAGES = YES;
				GCC_GENERATE_DEBUGGING_SYMBOLS = YES;
				GCC_INLINES_ARE_PRIVATE_EXTERN = NO;
				GCC_OPTIMIZATION_LEVEL = 0;
				GCC_PREPROCESSOR_DEFINITIONS = "'CMAKE_INTDIR=\"$(CONFIGURATION)$(EFFECTIVE_PLATFORM_NAME)\"'";
				GCC_SYMBOLS_PRIVATE_EXTERN = NO;
				HEADER_SEARCH_PATHS = (
					/opt/local/include,
					/opt/local/include/opencv,
				);
				INSTALL_PATH = "";
				OTHER_LDFLAGS = " ";
				OTHER_REZFLAGS = "";
				PRODUCT_NAME = ZERO_CHECK;
				SECTORDER_FLAGS = "";
				SYMROOT = /Users/Rozen_mac/code/opencv/project/RaspberryPI_OpenCV/build_mac;
				USE_HEADERMAP = NO;
				WARNING_CFLAGS = (
					"-Wmost",
					"-Wno-four-char-constants",
					"-Wno-unknown-pragmas",
					"$(inherited)",
				);
			};
			name = Release;
		};
		9E165FC7469D4E0EBD86C28C /* Release */ = {
			isa = XCBuildConfiguration;
			buildSettings = {
				COMBINE_HIDPI_IMAGES = YES;
				EXECUTABLE_PREFIX = lib;
				EXECUTABLE_SUFFIX = .a;
				GCC_GENERATE_DEBUGGING_SYMBOLS = YES;
				GCC_INLINES_ARE_PRIVATE_EXTERN = NO;
				GCC_OPTIMIZATION_LEVEL = 3;
				GCC_PREPROCESSOR_DEFINITIONS = "'CMAKE_INTDIR=\"$(CONFIGURATION)$(EFFECTIVE_PLATFORM_NAME)\"'";
				GCC_SYMBOLS_PRIVATE_EXTERN = NO;
				HEADER_SEARCH_PATHS = (
					/opt/local/include,
					/opt/local/include/opencv,
				);
				INSTALL_PATH = "";
				LIBRARY_STYLE = STATIC;
				OTHER_CPLUSPLUSFLAGS = (
					"-Wall",
					"-pedantic",
					"-pthread",
					"-fprofile-arcs",
					"-ftest-coverage",
					"-DNDEBUG",
					"'-std=gnu++11'",
				);
				OTHER_LIBTOOLFLAGS = " ";
				OTHER_REZFLAGS = "";
				PRODUCT_NAME = Process;
				SECTORDER_FLAGS = "";
				SYMROOT = /Users/Rozen_mac/code/opencv/project/RaspberryPI_OpenCV/build_mac;
				USE_HEADERMAP = NO;
				WARNING_CFLAGS = (
					"-Wmost",
					"-Wno-four-char-constants",
					"-Wno-unknown-pragmas",
					"$(inherited)",
				);
			};
			name = Release;
		};
		A7BD848051F0462E820D840B /* Debug */ = {
			isa = XCBuildConfiguration;
			buildSettings = {
				COMBINE_HIDPI_IMAGES = YES;
				EXECUTABLE_PREFIX = lib;
				EXECUTABLE_SUFFIX = .a;
				GCC_GENERATE_DEBUGGING_SYMBOLS = YES;
				GCC_INLINES_ARE_PRIVATE_EXTERN = NO;
				GCC_OPTIMIZATION_LEVEL = 0;
				GCC_PREPROCESSOR_DEFINITIONS = "'CMAKE_INTDIR=\"$(CONFIGURATION)$(EFFECTIVE_PLATFORM_NAME)\"'";
				GCC_SYMBOLS_PRIVATE_EXTERN = NO;
				HEADER_SEARCH_PATHS = (
					/opt/local/include,
					/opt/local/include/opencv,
				);
				INSTALL_PATH = "";
				LIBRARY_STYLE = STATIC;
				OTHER_CPLUSPLUSFLAGS = (
					"-Wall",
					"-pedantic",
					"-pthread",
					"-fprofile-arcs",
					"-ftest-coverage",
					"'-std=gnu++11'",
				);
				OTHER_LIBTOOLFLAGS = " ";
				OTHER_REZFLAGS = "";
				PRODUCT_NAME = image_add;
				SECTORDER_FLAGS = "";
				SYMROOT = /Users/Rozen_mac/code/opencv/project/RaspberryPI_OpenCV/build_mac;
				USE_HEADERMAP = NO;
				WARNING_CFLAGS = (
					"-Wmost",
					"-Wno-four-char-constants",
					"-Wno-unknown-pragmas",
					"$(inherited)",
				);
			};
			name = Debug;
		};
		AAEB6C65958740FE9F993BF6 /* RelWithDebInfo */ = {
			isa = XCBuildConfiguration;
			buildSettings = {
				COMBINE_HIDPI_IMAGES = YES;
				EXECUTABLE_PREFIX = lib;
				EXECUTABLE_SUFFIX = .a;
				GCC_GENERATE_DEBUGGING_SYMBOLS = YES;
				GCC_INLINES_ARE_PRIVATE_EXTERN = NO;
				GCC_OPTIMIZATION_LEVEL = 2;
				GCC_PREPROCESSOR_DEFINITIONS = "'CMAKE_INTDIR=\"$(CONFIGURATION)$(EFFECTIVE_PLATFORM_NAME)\"'";
				GCC_SYMBOLS_PRIVATE_EXTERN = NO;
				HEADER_SEARCH_PATHS = (
					/opt/local/include,
					/opt/local/include/opencv,
				);
				INSTALL_PATH = "";
				LIBRARY_STYLE = STATIC;
				OTHER_CPLUSPLUSFLAGS = (
					"-Wall",
					"-pedantic",
					"-pthread",
					"-fprofile-arcs",
					"-ftest-coverage",
					"-DNDEBUG",
					"'-std=gnu++11'",
				);
				OTHER_LIBTOOLFLAGS = " ";
				OTHER_REZFLAGS = "";
				PRODUCT_NAME = trackFilteredObject;
				SECTORDER_FLAGS = "";
				SYMROOT = /Users/Rozen_mac/code/opencv/project/RaspberryPI_OpenCV/build_mac;
				USE_HEADERMAP = NO;
				WARNING_CFLAGS = (
					"-Wmost",
					"-Wno-four-char-constants",
					"-Wno-unknown-pragmas",
					"$(inherited)",
				);
			};
			name = RelWithDebInfo;
		};
		ADE61FEF8BA44D93AAD786AE /* Debug */ = {
			isa = XCBuildConfiguration;
			buildSettings = {
				COMBINE_HIDPI_IMAGES = YES;
				EXECUTABLE_PREFIX = "";
				EXECUTABLE_SUFFIX = "";
				GCC_GENERATE_DEBUGGING_SYMBOLS = YES;
				GCC_INLINES_ARE_PRIVATE_EXTERN = NO;
				GCC_OPTIMIZATION_LEVEL = 0;
				GCC_PREPROCESSOR_DEFINITIONS = "'CMAKE_INTDIR=\"$(CONFIGURATION)$(EFFECTIVE_PLATFORM_NAME)\"'";
				GCC_SYMBOLS_PRIVATE_EXTERN = NO;
				INSTALL_PATH = "";
				LIBRARY_SEARCH_PATHS = "";
				OTHER_CPLUSPLUSFLAGS = (
					"-Wall",
					"-pedantic",
					"-pthread",
					"-fprofile-arcs",
					"-ftest-coverage",
					"'-std=gnu++11'",
				);
				OTHER_LDFLAGS = (
					"-Wl,-search_paths_first",
					"-Wl,-headerpad_max_install_names",
					/opt/local/lib/libopencv_shape.3.2.0.dylib,
					/opt/local/lib/libopencv_stitching.3.2.0.dylib,
					/opt/local/lib/libopencv_superres.3.2.0.dylib,
					/opt/local/lib/libopencv_videostab.3.2.0.dylib,
					/Users/Rozen_mac/code/opencv/project/RaspberryPI_OpenCV/build_mac/Debug/libimage_add.a,
					/Users/Rozen_mac/code/opencv/project/RaspberryPI_OpenCV/build_mac/Debug/libimage_track.a,
					/Users/Rozen_mac/code/opencv/project/RaspberryPI_OpenCV/build_mac/Debug/libtrackFilteredObject.a,
					/Users/Rozen_mac/code/opencv/project/RaspberryPI_OpenCV/build_mac/Debug/libSerial.a,
					/Users/Rozen_mac/code/opencv/project/RaspberryPI_OpenCV/build_mac/Debug/libProcess.a,
					/opt/local/lib/libopencv_objdetect.3.2.0.dylib,
					/opt/local/lib/libopencv_calib3d.3.2.0.dylib,
					/opt/local/lib/libopencv_features2d.3.2.0.dylib,
					/opt/local/lib/libopencv_flann.3.2.0.dylib,
					/opt/local/lib/libopencv_highgui.3.2.0.dylib,
					/opt/local/lib/libopencv_ml.3.2.0.dylib,
					/opt/local/lib/libopencv_photo.3.2.0.dylib,
					/opt/local/lib/libopencv_video.3.2.0.dylib,
					/opt/local/lib/libopencv_videoio.3.2.0.dylib,
					/opt/local/lib/libopencv_imgcodecs.3.2.0.dylib,
					/opt/local/lib/libopencv_imgproc.3.2.0.dylib,
					/opt/local/lib/libopencv_core.3.2.0.dylib,
				);
				OTHER_REZFLAGS = "";
				PRODUCT_NAME = main;
				SECTORDER_FLAGS = "";
				SYMROOT = /Users/Rozen_mac/code/opencv/project/RaspberryPI_OpenCV/build_mac;
				SYSTEM_HEADER_SEARCH_PATHS = "/opt/local/include /opt/local/include/opencv";
				USE_HEADERMAP = NO;
				WARNING_CFLAGS = (
					"-Wmost",
					"-Wno-four-char-constants",
					"-Wno-unknown-pragmas",
					"$(inherited)",
				);
			};
			name = Debug;
		};
		AF63ECF879BB43B09857E1D5 /* MinSizeRel */ = {
			isa = XCBuildConfiguration;
			buildSettings = {
				COMBINE_HIDPI_IMAGES = YES;
				EXECUTABLE_PREFIX = lib;
				EXECUTABLE_SUFFIX = .a;
				GCC_GENERATE_DEBUGGING_SYMBOLS = YES;
				GCC_INLINES_ARE_PRIVATE_EXTERN = NO;
				GCC_OPTIMIZATION_LEVEL = s;
				GCC_PREPROCESSOR_DEFINITIONS = "'CMAKE_INTDIR=\"$(CONFIGURATION)$(EFFECTIVE_PLATFORM_NAME)\"'";
				GCC_SYMBOLS_PRIVATE_EXTERN = NO;
				HEADER_SEARCH_PATHS = (
					/opt/local/include,
					/opt/local/include/opencv,
				);
				INSTALL_PATH = "";
				LIBRARY_STYLE = STATIC;
				OTHER_CPLUSPLUSFLAGS = (
					"-Wall",
					"-pedantic",
					"-pthread",
					"-fprofile-arcs",
					"-ftest-coverage",
					"-DNDEBUG",
					"'-std=gnu++11'",
				);
				OTHER_LIBTOOLFLAGS = " ";
				OTHER_REZFLAGS = "";
				PRODUCT_NAME = image_add;
				SECTORDER_FLAGS = "";
				SYMROOT = /Users/Rozen_mac/code/opencv/project/RaspberryPI_OpenCV/build_mac;
				USE_HEADERMAP = NO;
				WARNING_CFLAGS = (
					"-Wmost",
					"-Wno-four-char-constants",
					"-Wno-unknown-pragmas",
					"$(inherited)",
				);
			};
			name = MinSizeRel;
		};
		BA78B4AAE82E4BCC8FD35B79 /* Debug */ = {
			isa = XCBuildConfiguration;
			buildSettings = {
				COMBINE_HIDPI_IMAGES = YES;
				GCC_GENERATE_DEBUGGING_SYMBOLS = YES;
				GCC_INLINES_ARE_PRIVATE_EXTERN = NO;
				GCC_OPTIMIZATION_LEVEL = 0;
				GCC_PREPROCESSOR_DEFINITIONS = "'CMAKE_INTDIR=\"$(CONFIGURATION)$(EFFECTIVE_PLATFORM_NAME)\"'";
				GCC_SYMBOLS_PRIVATE_EXTERN = NO;
				HEADER_SEARCH_PATHS = (
					/opt/local/include,
					/opt/local/include/opencv,
				);
				INSTALL_PATH = "";
				OTHER_LDFLAGS = " ";
				OTHER_REZFLAGS = "";
				PRODUCT_NAME = ZERO_CHECK;
				SECTORDER_FLAGS = "";
				SYMROOT = /Users/Rozen_mac/code/opencv/project/RaspberryPI_OpenCV/build_mac;
				USE_HEADERMAP = NO;
				WARNING_CFLAGS = (
					"-Wmost",
					"-Wno-four-char-constants",
					"-Wno-unknown-pragmas",
					"$(inherited)",
				);
			};
			name = Debug;
		};
		BB9A4F04E3D44EF481E7E53F /* RelWithDebInfo */ = {
			isa = XCBuildConfiguration;
			buildSettings = {
				GCC_INSTRUMENT_PROGRAM_FLOW_ARCS = YES;
				ONLY_ACTIVE_ARCH = YES;
				SDKROOT = /Applications/Xcode.app/Contents/Developer/Platforms/MacOSX.platform/Developer/SDKs/MacOSX10.12.sdk;
				SYMROOT = /Users/Rozen_mac/code/opencv/project/RaspberryPI_OpenCV/build_mac/build;
			};
			name = RelWithDebInfo;
		};
		BF467D1C9F7244979FB4D041 /* Debug */ = {
			isa = XCBuildConfiguration;
			buildSettings = {
				COMBINE_HIDPI_IMAGES = YES;
				GCC_GENERATE_DEBUGGING_SYMBOLS = YES;
				GCC_INLINES_ARE_PRIVATE_EXTERN = NO;
				GCC_OPTIMIZATION_LEVEL = 0;
				GCC_PREPROCESSOR_DEFINITIONS = "'CMAKE_INTDIR=\"$(CONFIGURATION)$(EFFECTIVE_PLATFORM_NAME)\"'";
				GCC_SYMBOLS_PRIVATE_EXTERN = NO;
				HEADER_SEARCH_PATHS = (
					/opt/local/include,
					/opt/local/include/opencv,
				);
				INSTALL_PATH = "";
				OTHER_LDFLAGS = " ";
				OTHER_REZFLAGS = "";
				PRODUCT_NAME = ALL_BUILD;
				SECTORDER_FLAGS = "";
				SYMROOT = /Users/Rozen_mac/code/opencv/project/RaspberryPI_OpenCV/build_mac;
				USE_HEADERMAP = NO;
				WARNING_CFLAGS = (
					"-Wmost",
					"-Wno-four-char-constants",
					"-Wno-unknown-pragmas",
					"$(inherited)",
				);
			};
			name = Debug;
		};
		D5D4D254FA044F56B05C76AF /* MinSizeRel */ = {
			isa = XCBuildConfiguration;
			buildSettings = {
				COMBINE_HIDPI_IMAGES = YES;
				EXECUTABLE_PREFIX = "";
				EXECUTABLE_SUFFIX = "";
				GCC_GENERATE_DEBUGGING_SYMBOLS = YES;
				GCC_INLINES_ARE_PRIVATE_EXTERN = NO;
				GCC_OPTIMIZATION_LEVEL = s;
				GCC_PREPROCESSOR_DEFINITIONS = "'CMAKE_INTDIR=\"$(CONFIGURATION)$(EFFECTIVE_PLATFORM_NAME)\"'";
				GCC_SYMBOLS_PRIVATE_EXTERN = NO;
				INSTALL_PATH = "";
				LIBRARY_SEARCH_PATHS = "";
				OTHER_CPLUSPLUSFLAGS = (
					"-Wall",
					"-pedantic",
					"-pthread",
					"-fprofile-arcs",
					"-ftest-coverage",
					"-DNDEBUG",
					"'-std=gnu++11'",
				);
				OTHER_LDFLAGS = (
					"-Wl,-search_paths_first",
					"-Wl,-headerpad_max_install_names",
					/opt/local/lib/libopencv_shape.3.2.0.dylib,
					/opt/local/lib/libopencv_stitching.3.2.0.dylib,
					/opt/local/lib/libopencv_superres.3.2.0.dylib,
					/opt/local/lib/libopencv_videostab.3.2.0.dylib,
					/Users/Rozen_mac/code/opencv/project/RaspberryPI_OpenCV/build_mac/MinSizeRel/libimage_add.a,
					/Users/Rozen_mac/code/opencv/project/RaspberryPI_OpenCV/build_mac/MinSizeRel/libimage_track.a,
					/Users/Rozen_mac/code/opencv/project/RaspberryPI_OpenCV/build_mac/MinSizeRel/libtrackFilteredObject.a,
					/Users/Rozen_mac/code/opencv/project/RaspberryPI_OpenCV/build_mac/MinSizeRel/libSerial.a,
					/Users/Rozen_mac/code/opencv/project/RaspberryPI_OpenCV/build_mac/MinSizeRel/libProcess.a,
					/opt/local/lib/libopencv_objdetect.3.2.0.dylib,
					/opt/local/lib/libopencv_calib3d.3.2.0.dylib,
					/opt/local/lib/libopencv_features2d.3.2.0.dylib,
					/opt/local/lib/libopencv_flann.3.2.0.dylib,
					/opt/local/lib/libopencv_highgui.3.2.0.dylib,
					/opt/local/lib/libopencv_ml.3.2.0.dylib,
					/opt/local/lib/libopencv_photo.3.2.0.dylib,
					/opt/local/lib/libopencv_video.3.2.0.dylib,
					/opt/local/lib/libopencv_videoio.3.2.0.dylib,
					/opt/local/lib/libopencv_imgcodecs.3.2.0.dylib,
					/opt/local/lib/libopencv_imgproc.3.2.0.dylib,
					/opt/local/lib/libopencv_core.3.2.0.dylib,
				);
				OTHER_REZFLAGS = "";
				PRODUCT_NAME = main;
				SECTORDER_FLAGS = "";
				SYMROOT = /Users/Rozen_mac/code/opencv/project/RaspberryPI_OpenCV/build_mac;
				SYSTEM_HEADER_SEARCH_PATHS = "/opt/local/include /opt/local/include/opencv";
				USE_HEADERMAP = NO;
				WARNING_CFLAGS = (
					"-Wmost",
					"-Wno-four-char-constants",
					"-Wno-unknown-pragmas",
					"$(inherited)",
				);
			};
			name = MinSizeRel;
		};
		DAEE90A5E2FE4BBDBCFC1D3C /* Release */ = {
			isa = XCBuildConfiguration;
			buildSettings = {
				COMBINE_HIDPI_IMAGES = YES;
				EXECUTABLE_PREFIX = lib;
				EXECUTABLE_SUFFIX = .a;
				GCC_GENERATE_DEBUGGING_SYMBOLS = YES;
				GCC_INLINES_ARE_PRIVATE_EXTERN = NO;
				GCC_OPTIMIZATION_LEVEL = 3;
				GCC_PREPROCESSOR_DEFINITIONS = "'CMAKE_INTDIR=\"$(CONFIGURATION)$(EFFECTIVE_PLATFORM_NAME)\"'";
				GCC_SYMBOLS_PRIVATE_EXTERN = NO;
				HEADER_SEARCH_PATHS = (
					/opt/local/include,
					/opt/local/include/opencv,
				);
				INSTALL_PATH = "";
				LIBRARY_STYLE = STATIC;
				OTHER_CPLUSPLUSFLAGS = (
					"-Wall",
					"-pedantic",
					"-pthread",
					"-fprofile-arcs",
					"-ftest-coverage",
					"-DNDEBUG",
					"'-std=gnu++11'",
				);
				OTHER_LIBTOOLFLAGS = " ";
				OTHER_REZFLAGS = "";
				PRODUCT_NAME = Serial;
				SECTORDER_FLAGS = "";
				SYMROOT = /Users/Rozen_mac/code/opencv/project/RaspberryPI_OpenCV/build_mac;
				USE_HEADERMAP = NO;
				WARNING_CFLAGS = (
					"-Wmost",
					"-Wno-four-char-constants",
					"-Wno-unknown-pragmas",
					"$(inherited)",
				);
			};
			name = Release;
		};
		DC2071B29B754F4699B95940 /* Release */ = {
			isa = XCBuildConfiguration;
			buildSettings = {
				GCC_INSTRUMENT_PROGRAM_FLOW_ARCS = YES;
				ONLY_ACTIVE_ARCH = YES;
				SDKROOT = /Applications/Xcode.app/Contents/Developer/Platforms/MacOSX.platform/Developer/SDKs/MacOSX10.12.sdk;
				SYMROOT = /Users/Rozen_mac/code/opencv/project/RaspberryPI_OpenCV/build_mac/build;
			};
			name = Release;
		};
		EB2DA4E0E98A42959299CFFE /* MinSizeRel */ = {
			isa = XCBuildConfiguration;
			buildSettings = {
				COMBINE_HIDPI_IMAGES = YES;
				EXECUTABLE_PREFIX = lib;
				EXECUTABLE_SUFFIX = .a;
				GCC_GENERATE_DEBUGGING_SYMBOLS = YES;
				GCC_INLINES_ARE_PRIVATE_EXTERN = NO;
				GCC_OPTIMIZATION_LEVEL = s;
				GCC_PREPROCESSOR_DEFINITIONS = "'CMAKE_INTDIR=\"$(CONFIGURATION)$(EFFECTIVE_PLATFORM_NAME)\"'";
				GCC_SYMBOLS_PRIVATE_EXTERN = NO;
				HEADER_SEARCH_PATHS = (
					/opt/local/include,
					/opt/local/include/opencv,
				);
				INSTALL_PATH = "";
				LIBRARY_STYLE = STATIC;
				OTHER_CPLUSPLUSFLAGS = (
					"-Wall",
					"-pedantic",
					"-pthread",
					"-fprofile-arcs",
					"-ftest-coverage",
					"-DNDEBUG",
					"'-std=gnu++11'",
				);
				OTHER_LIBTOOLFLAGS = " ";
				OTHER_REZFLAGS = "";
				PRODUCT_NAME = trackFilteredObject;
				SECTORDER_FLAGS = "";
				SYMROOT = /Users/Rozen_mac/code/opencv/project/RaspberryPI_OpenCV/build_mac;
				USE_HEADERMAP = NO;
				WARNING_CFLAGS = (
					"-Wmost",
					"-Wno-four-char-constants",
					"-Wno-unknown-pragmas",
					"$(inherited)",
				);
			};
			name = MinSizeRel;
		};
		F851C40AE5834713B85BEAD3 /* MinSizeRel */ = {
			isa = XCBuildConfiguration;
			buildSettings = {
				COMBINE_HIDPI_IMAGES = YES;
				GCC_GENERATE_DEBUGGING_SYMBOLS = YES;
				GCC_INLINES_ARE_PRIVATE_EXTERN = NO;
				GCC_OPTIMIZATION_LEVEL = 0;
				GCC_PREPROCESSOR_DEFINITIONS = "'CMAKE_INTDIR=\"$(CONFIGURATION)$(EFFECTIVE_PLATFORM_NAME)\"'";
				GCC_SYMBOLS_PRIVATE_EXTERN = NO;
				HEADER_SEARCH_PATHS = (
					/opt/local/include,
					/opt/local/include/opencv,
				);
				INSTALL_PATH = "";
				OTHER_LDFLAGS = " ";
				OTHER_REZFLAGS = "";
				PRODUCT_NAME = ZERO_CHECK;
				SECTORDER_FLAGS = "";
				SYMROOT = /Users/Rozen_mac/code/opencv/project/RaspberryPI_OpenCV/build_mac;
				USE_HEADERMAP = NO;
				WARNING_CFLAGS = (
					"-Wmost",
					"-Wno-four-char-constants",
					"-Wno-unknown-pragmas",
					"$(inherited)",
				);
			};
			name = MinSizeRel;
		};
		FDE73BCEFC294DA3A1EB4343 /* RelWithDebInfo */ = {
			isa = XCBuildConfiguration;
			buildSettings = {
				COMBINE_HIDPI_IMAGES = YES;
				GCC_GENERATE_DEBUGGING_SYMBOLS = YES;
				GCC_INLINES_ARE_PRIVATE_EXTERN = NO;
				GCC_OPTIMIZATION_LEVEL = 0;
				GCC_PREPROCESSOR_DEFINITIONS = "'CMAKE_INTDIR=\"$(CONFIGURATION)$(EFFECTIVE_PLATFORM_NAME)\"'";
				GCC_SYMBOLS_PRIVATE_EXTERN = NO;
				HEADER_SEARCH_PATHS = (
					/opt/local/include,
					/opt/local/include/opencv,
				);
				INSTALL_PATH = "";
				OTHER_LDFLAGS = " ";
				OTHER_REZFLAGS = "";
				PRODUCT_NAME = ALL_BUILD;
				SECTORDER_FLAGS = "";
				SYMROOT = /Users/Rozen_mac/code/opencv/project/RaspberryPI_OpenCV/build_mac;
				USE_HEADERMAP = NO;
				WARNING_CFLAGS = (
					"-Wmost",
					"-Wno-four-char-constants",
					"-Wno-unknown-pragmas",
					"$(inherited)",
				);
			};
			name = RelWithDebInfo;
		};
		FF56AC04A965443686CB8507 /* MinSizeRel */ = {
			isa = XCBuildConfiguration;
			buildSettings = {
				COMBINE_HIDPI_IMAGES = YES;
				EXECUTABLE_PREFIX = lib;
				EXECUTABLE_SUFFIX = .a;
				GCC_GENERATE_DEBUGGING_SYMBOLS = YES;
				GCC_INLINES_ARE_PRIVATE_EXTERN = NO;
				GCC_OPTIMIZATION_LEVEL = s;
				GCC_PREPROCESSOR_DEFINITIONS = "'CMAKE_INTDIR=\"$(CONFIGURATION)$(EFFECTIVE_PLATFORM_NAME)\"'";
				GCC_SYMBOLS_PRIVATE_EXTERN = NO;
				HEADER_SEARCH_PATHS = (
					/opt/local/include,
					/opt/local/include/opencv,
				);
				INSTALL_PATH = "";
				LIBRARY_STYLE = STATIC;
				OTHER_CPLUSPLUSFLAGS = (
					"-Wall",
					"-pedantic",
					"-pthread",
					"-fprofile-arcs",
					"-ftest-coverage",
					"-DNDEBUG",
					"'-std=gnu++11'",
				);
				OTHER_LIBTOOLFLAGS = " ";
				OTHER_REZFLAGS = "";
				PRODUCT_NAME = image_track;
				SECTORDER_FLAGS = "";
				SYMROOT = /Users/Rozen_mac/code/opencv/project/RaspberryPI_OpenCV/build_mac;
				USE_HEADERMAP = NO;
				WARNING_CFLAGS = (
					"-Wmost",
					"-Wno-four-char-constants",
					"-Wno-unknown-pragmas",
					"$(inherited)",
				);
			};
			name = MinSizeRel;
		};
/* End XCBuildConfiguration section */

/* Begin XCConfigurationList section */
		3254F68335974F0B83BAB433 /* Build configuration list for PBXNativeTarget "Serial" */ = {
			isa = XCConfigurationList;
			buildConfigurations = (
				484F462C9AD242B4AD3C0B63 /* Debug */,
				DAEE90A5E2FE4BBDBCFC1D3C /* Release */,
				041EB87494E940D89747BC19 /* MinSizeRel */,
				31563F103AEF43048D7330EC /* RelWithDebInfo */,
			);
			defaultConfigurationIsVisible = 0;
			defaultConfigurationName = Debug;
		};
		373C3B1CFC284808B80E6399 /* Build configuration list for PBXNativeTarget "image_add" */ = {
			isa = XCConfigurationList;
			buildConfigurations = (
				A7BD848051F0462E820D840B /* Debug */,
				8586053A3C4B4D38A92008E0 /* Release */,
				AF63ECF879BB43B09857E1D5 /* MinSizeRel */,
				26FC2C43933243988144ADAD /* RelWithDebInfo */,
			);
			defaultConfigurationIsVisible = 0;
			defaultConfigurationName = Debug;
		};
		774E19548A6A4C39AF4A4C35 /* Build configuration list for PBXNativeTarget "main" */ = {
			isa = XCConfigurationList;
			buildConfigurations = (
				ADE61FEF8BA44D93AAD786AE /* Debug */,
				3FE0D79ABAEE463C8B1DC5E4 /* Release */,
				D5D4D254FA044F56B05C76AF /* MinSizeRel */,
				022D0AD9E673479EA42B909F /* RelWithDebInfo */,
			);
			defaultConfigurationIsVisible = 0;
			defaultConfigurationName = Debug;
		};
		A4BD7D2E906E449AA05C529A /* Build configuration list for PBXNativeTarget "trackFilteredObject" */ = {
			isa = XCConfigurationList;
			buildConfigurations = (
				9ADD8520501C49E7A2EB8F79 /* Debug */,
				28C3E4374E164C6BA7856131 /* Release */,
				EB2DA4E0E98A42959299CFFE /* MinSizeRel */,
				AAEB6C65958740FE9F993BF6 /* RelWithDebInfo */,
			);
			defaultConfigurationIsVisible = 0;
			defaultConfigurationName = Debug;
		};
		A61AC6DA01AC43E59DFC8B4E /* Build configuration list for PBXNativeTarget "image_track" */ = {
			isa = XCConfigurationList;
			buildConfigurations = (
				78689724AC244B3D82E70F74 /* Debug */,
				87973EBC47D84EEAB2DE53C0 /* Release */,
				FF56AC04A965443686CB8507 /* MinSizeRel */,
				11C34194035B4DC9958EF485 /* RelWithDebInfo */,
			);
			defaultConfigurationIsVisible = 0;
			defaultConfigurationName = Debug;
		};
		C47858C7F12746ADB1686213 /* Build configuration list for PBXAggregateTarget "ALL_BUILD" */ = {
			isa = XCConfigurationList;
			buildConfigurations = (
				BF467D1C9F7244979FB4D041 /* Debug */,
				77F0D030AEC1430A837A1909 /* Release */,
				353089B81C3E43BAB5EC30EA /* MinSizeRel */,
				FDE73BCEFC294DA3A1EB4343 /* RelWithDebInfo */,
			);
			defaultConfigurationIsVisible = 0;
			defaultConfigurationName = Debug;
		};
		DC8C2F17A61440CC915EA565 /* Build configuration list for PBXNativeTarget "Process" */ = {
			isa = XCConfigurationList;
			buildConfigurations = (
				1779536148634C96A1B4E296 /* Debug */,
				9E165FC7469D4E0EBD86C28C /* Release */,
				2DB5AFBD346F4283B7AB592A /* MinSizeRel */,
				9004A38FB97B46BEBB3F840B /* RelWithDebInfo */,
			);
			defaultConfigurationIsVisible = 0;
			defaultConfigurationName = Debug;
		};
		E52798C2349545FC81BE3923 /* Build configuration list for PBXAggregateTarget "ZERO_CHECK" */ = {
			isa = XCConfigurationList;
			buildConfigurations = (
				BA78B4AAE82E4BCC8FD35B79 /* Debug */,
				9C052CABD94D4E369D53EF25 /* Release */,
				F851C40AE5834713B85BEAD3 /* MinSizeRel */,
				3D7C274AE51E40FCB72D406F /* RelWithDebInfo */,
			);
			defaultConfigurationIsVisible = 0;
			defaultConfigurationName = Debug;
		};
		FE620179C31F4E5F9F57BE38 /* Build configuration list for PBXProject "main" */ = {
			isa = XCConfigurationList;
			buildConfigurations = (
				6BBF5E7DC10B46409281126B /* Debug */,
				DC2071B29B754F4699B95940 /* Release */,
				0CF4001D5D334E2EB6D6BD5B /* MinSizeRel */,
				BB9A4F04E3D44EF481E7E53F /* RelWithDebInfo */,
			);
			defaultConfigurationIsVisible = 0;
			defaultConfigurationName = Debug;
		};
/* End XCConfigurationList section */
	};
	rootObject = 73DB3309E3B84E7398313E57 /* Project object */;
}
