// !$*UTF8*$!
{
	archiveVersion = 1;
	classes = {
	};
	objectVersion = 46;
	objects = {

/* Begin PBXBuildFile section */
		59B3197C1F1A532600286C52 /* image_add.cpp in Sources */ = {isa = PBXBuildFile; fileRef = 59B3197A1F1A532600286C52 /* image_add.cpp */; };
		59DE98211F1A1F6400751246 /* main.cpp in Sources */ = {isa = PBXBuildFile; fileRef = 59DE98201F1A1F6400751246 /* main.cpp */; };
/* End PBXBuildFile section */

/* Begin PBXCopyFilesBuildPhase section */
		59DE981B1F1A1F6400751246 /* CopyFiles */ = {
			isa = PBXCopyFilesBuildPhase;
			buildActionMask = 2147483647;
			dstPath = /usr/share/man/man1/;
			dstSubfolderSpec = 0;
			files = (
			);
			runOnlyForDeploymentPostprocessing = 1;
		};
/* End PBXCopyFilesBuildPhase section */

/* Begin PBXFileReference section */
		59B3197A1F1A532600286C52 /* image_add.cpp */ = {isa = PBXFileReference; fileEncoding = 4; lastKnownFileType = sourcecode.cpp.cpp; path = image_add.cpp; sourceTree = "<group>"; };
		59B3197B1F1A532600286C52 /* image_add.hpp */ = {isa = PBXFileReference; fileEncoding = 4; lastKnownFileType = sourcecode.cpp.h; path = image_add.hpp; sourceTree = "<group>"; };
		59DE981D1F1A1F6400751246 /* OpenCV_test */ = {isa = PBXFileReference; explicitFileType = "compiled.mach-o.executable"; includeInIndex = 0; path = OpenCV_test; sourceTree = BUILT_PRODUCTS_DIR; };
		59DE98201F1A1F6400751246 /* main.cpp */ = {isa = PBXFileReference; lastKnownFileType = sourcecode.cpp.cpp; path = main.cpp; sourceTree = "<group>"; };
/* End PBXFileReference section */

/* Begin PBXFrameworksBuildPhase section */
		59DE981A1F1A1F6400751246 /* Frameworks */ = {
			isa = PBXFrameworksBuildPhase;
			buildActionMask = 2147483647;
			files = (
			);
			runOnlyForDeploymentPostprocessing = 0;
		};
/* End PBXFrameworksBuildPhase section */

/* Begin PBXGroup section */
		59B319791F1A22DF00286C52 /* openCV */ = {
			isa = PBXGroup;
			children = (
			);
			name = openCV;
			sourceTree = "<group>";
		};
		59DE98141F1A1F6400751246 = {
			isa = PBXGroup;
			children = (
				59B319791F1A22DF00286C52 /* openCV */,
				59DE981F1F1A1F6400751246 /* OpenCV_test */,
				59DE981E1F1A1F6400751246 /* Products */,
			);
			sourceTree = "<group>";
		};
		59DE981E1F1A1F6400751246 /* Products */ = {
			isa = PBXGroup;
			children = (
				59DE981D1F1A1F6400751246 /* OpenCV_test */,
			);
			name = Products;
			sourceTree = "<group>";
		};
		59DE981F1F1A1F6400751246 /* OpenCV_test */ = {
			isa = PBXGroup;
			children = (
				59DE98201F1A1F6400751246 /* main.cpp */,
				59B3197A1F1A532600286C52 /* image_add.cpp */,
				59B3197B1F1A532600286C52 /* image_add.hpp */,
			);
			path = OpenCV_test;
			sourceTree = "<group>";
		};
/* End PBXGroup section */

/* Begin PBXNativeTarget section */
		59DE981C1F1A1F6400751246 /* OpenCV_test */ = {
			isa = PBXNativeTarget;
			buildConfigurationList = 59DE98241F1A1F6400751246 /* Build configuration list for PBXNativeTarget "OpenCV_test" */;
			buildPhases = (
				59DE98191F1A1F6400751246 /* Sources */,
				59DE981A1F1A1F6400751246 /* Frameworks */,
				59DE981B1F1A1F6400751246 /* CopyFiles */,
			);
			buildRules = (
			);
			dependencies = (
			);
			name = OpenCV_test;
			productName = OpenCV_test;
			productReference = 59DE981D1F1A1F6400751246 /* OpenCV_test */;
			productType = "com.apple.product-type.tool";
		};
/* End PBXNativeTarget section */

/* Begin PBXProject section */
		59DE98151F1A1F6400751246 /* Project object */ = {
			isa = PBXProject;
			attributes = {
				LastUpgradeCheck = 0830;
				ORGANIZATIONNAME = "陳家麒";
				TargetAttributes = {
					59DE981C1F1A1F6400751246 = {
						CreatedOnToolsVersion = 8.3.3;
						DevelopmentTeam = 5E3CG7W5MH;
						ProvisioningStyle = Automatic;
					};
				};
			};
			buildConfigurationList = 59DE98181F1A1F6400751246 /* Build configuration list for PBXProject "OpenCV_test" */;
			compatibilityVersion = "Xcode 3.2";
			developmentRegion = English;
			hasScannedForEncodings = 0;
			knownRegions = (
				en,
			);
			mainGroup = 59DE98141F1A1F6400751246;
			productRefGroup = 59DE981E1F1A1F6400751246 /* Products */;
			projectDirPath = "";
			projectRoot = "";
			targets = (
				59DE981C1F1A1F6400751246 /* OpenCV_test */,
			);
		};
/* End PBXProject section */

/* Begin PBXSourcesBuildPhase section */
		59DE98191F1A1F6400751246 /* Sources */ = {
			isa = PBXSourcesBuildPhase;
			buildActionMask = 2147483647;
			files = (
				59DE98211F1A1F6400751246 /* main.cpp in Sources */,
				59B3197C1F1A532600286C52 /* image_add.cpp in Sources */,
			);
			runOnlyForDeploymentPostprocessing = 0;
		};
/* End PBXSourcesBuildPhase section */

/* Begin XCBuildConfiguration section */
		59DE98221F1A1F6400751246 /* Debug */ = {
			isa = XCBuildConfiguration;
			buildSettings = {
				ALWAYS_SEARCH_USER_PATHS = NO;
				CLANG_ANALYZER_NONNULL = YES;
				CLANG_ANALYZER_NUMBER_OBJECT_CONVERSION = YES_AGGRESSIVE;
				CLANG_CXX_LANGUAGE_STANDARD = "gnu++0x";
				CLANG_CXX_LIBRARY = "libc++";
				CLANG_ENABLE_MODULES = YES;
				CLANG_ENABLE_OBJC_ARC = YES;
				CLANG_WARN_BOOL_CONVERSION = YES;
				CLANG_WARN_CONSTANT_CONVERSION = YES;
				CLANG_WARN_DIRECT_OBJC_ISA_USAGE = YES_ERROR;
				CLANG_WARN_DOCUMENTATION_COMMENTS = YES;
				CLANG_WARN_EMPTY_BODY = YES;
				CLANG_WARN_ENUM_CONVERSION = YES;
				CLANG_WARN_INFINITE_RECURSION = YES;
				CLANG_WARN_INT_CONVERSION = YES;
				CLANG_WARN_OBJC_ROOT_CLASS = YES_ERROR;
				CLANG_WARN_SUSPICIOUS_MOVE = YES;
				CLANG_WARN_UNREACHABLE_CODE = YES;
				CLANG_WARN__DUPLICATE_METHOD_MATCH = YES;
				CODE_SIGN_IDENTITY = "-";
				COPY_PHASE_STRIP = NO;
				DEBUG_INFORMATION_FORMAT = dwarf;
				ENABLE_STRICT_OBJC_MSGSEND = YES;
				ENABLE_TESTABILITY = YES;
				GCC_C_LANGUAGE_STANDARD = gnu99;
				GCC_DYNAMIC_NO_PIC = NO;
				GCC_NO_COMMON_BLOCKS = YES;
				GCC_OPTIMIZATION_LEVEL = 0;
				GCC_PREPROCESSOR_DEFINITIONS = (
					"DEBUG=1",
					"$(inherited)",
				);
				GCC_WARN_64_TO_32_BIT_CONVERSION = YES;
				GCC_WARN_ABOUT_RETURN_TYPE = YES_ERROR;
				GCC_WARN_UNDECLARED_SELECTOR = YES;
				GCC_WARN_UNINITIALIZED_AUTOS = YES_AGGRESSIVE;
				GCC_WARN_UNUSED_FUNCTION = YES;
				GCC_WARN_UNUSED_VARIABLE = YES;
				MACOSX_DEPLOYMENT_TARGET = 10.12;
				MTL_ENABLE_DEBUG_INFO = YES;
				ONLY_ACTIVE_ARCH = YES;
				SDKROOT = macosx;
			};
			name = Debug;
		};
		59DE98231F1A1F6400751246 /* Release */ = {
			isa = XCBuildConfiguration;
			buildSettings = {
				ALWAYS_SEARCH_USER_PATHS = NO;
				CLANG_ANALYZER_NONNULL = YES;
				CLANG_ANALYZER_NUMBER_OBJECT_CONVERSION = YES_AGGRESSIVE;
				CLANG_CXX_LANGUAGE_STANDARD = "gnu++0x";
				CLANG_CXX_LIBRARY = "libc++";
				CLANG_ENABLE_MODULES = YES;
				CLANG_ENABLE_OBJC_ARC = YES;
				CLANG_WARN_BOOL_CONVERSION = YES;
				CLANG_WARN_CONSTANT_CONVERSION = YES;
				CLANG_WARN_DIRECT_OBJC_ISA_USAGE = YES_ERROR;
				CLANG_WARN_DOCUMENTATION_COMMENTS = YES;
				CLANG_WARN_EMPTY_BODY = YES;
				CLANG_WARN_ENUM_CONVERSION = YES;
				CLANG_WARN_INFINITE_RECURSION = YES;
				CLANG_WARN_INT_CONVERSION = YES;
				CLANG_WARN_OBJC_ROOT_CLASS = YES_ERROR;
				CLANG_WARN_SUSPICIOUS_MOVE = YES;
				CLANG_WARN_UNREACHABLE_CODE = YES;
				CLANG_WARN__DUPLICATE_METHOD_MATCH = YES;
				CODE_SIGN_IDENTITY = "-";
				COPY_PHASE_STRIP = NO;
				DEBUG_INFORMATION_FORMAT = "dwarf-with-dsym";
				ENABLE_NS_ASSERTIONS = NO;
				ENABLE_STRICT_OBJC_MSGSEND = YES;
				GCC_C_LANGUAGE_STANDARD = gnu99;
				GCC_NO_COMMON_BLOCKS = YES;
				GCC_WARN_64_TO_32_BIT_CONVERSION = YES;
				GCC_WARN_ABOUT_RETURN_TYPE = YES_ERROR;
				GCC_WARN_UNDECLARED_SELECTOR = YES;
				GCC_WARN_UNINITIALIZED_AUTOS = YES_AGGRESSIVE;
				GCC_WARN_UNUSED_FUNCTION = YES;
				GCC_WARN_UNUSED_VARIABLE = YES;
				MACOSX_DEPLOYMENT_TARGET = 10.12;
				MTL_ENABLE_DEBUG_INFO = NO;
				SDKROOT = macosx;
			};
			name = Release;
		};
		59DE98251F1A1F6400751246 /* Debug */ = {
			isa = XCBuildConfiguration;
			buildSettings = {
				DEVELOPMENT_TEAM = 5E3CG7W5MH;
				HEADER_SEARCH_PATHS = (
					/usr/local/include/opencv,
					/usr/local/include,
				);
				LIBRARY_SEARCH_PATHS = (
					"$(inherited)",
					/usr/local/Cellar/pcre/8.39/lib,
					/usr/local/lib,
				);
				PRODUCT_NAME = "$(TARGET_NAME)";
			};
			name = Debug;
		};
		59DE98261F1A1F6400751246 /* Release */ = {
			isa = XCBuildConfiguration;
			buildSettings = {
				DEVELOPMENT_TEAM = 5E3CG7W5MH;
				HEADER_SEARCH_PATHS = (
					/usr/local/include/opencv,
					/usr/local/include,
				);
				LIBRARY_SEARCH_PATHS = (
					"$(inherited)",
					/usr/local/Cellar/pcre/8.39/lib,
					/usr/local/lib,
				);
				PRODUCT_NAME = "$(TARGET_NAME)";
			};
			name = Release;
		};
/* End XCBuildConfiguration section */

/* Begin XCConfigurationList section */
		59DE98181F1A1F6400751246 /* Build configuration list for PBXProject "OpenCV_test" */ = {
			isa = XCConfigurationList;
			buildConfigurations = (
				59DE98221F1A1F6400751246 /* Debug */,
				59DE98231F1A1F6400751246 /* Release */,
			);
			defaultConfigurationIsVisible = 0;
			defaultConfigurationName = Release;
		};
		59DE98241F1A1F6400751246 /* Build configuration list for PBXNativeTarget "OpenCV_test" */ = {
			isa = XCConfigurationList;
			buildConfigurations = (
				59DE98251F1A1F6400751246 /* Debug */,
				59DE98261F1A1F6400751246 /* Release */,
			);
			defaultConfigurationIsVisible = 0;
			defaultConfigurationName = Release;
		};
/* End XCConfigurationList section */
	};
	rootObject = 59DE98151F1A1F6400751246 /* Project object */;
}
